PODS:
  - Alamofire (4.5.1)
  - AlamofireImage (3.3.0):
    - Alamofire (~> 4.5)
  - Amplitude-iOS (3.8.5)
  - AppsFlyerFramework (4.7.11)
  - Bolts (1.9.0):
    - Bolts/AppLinks (= 1.9.0)
    - Bolts/Tasks (= 1.9.0)
  - Bolts/AppLinks (1.9.0):
    - Bolts/Tasks
  - Bolts/Tasks (1.9.0)
  - Branch (0.12.27):
    - Branch/Core (= 0.12.27)
    - Branch/without-IDFA (= 0.12.27)
  - Branch/Core (0.12.27)
  - Branch/without-IDFA (0.12.27)
  - bumper (1.1.0)
  - CameraManager (4.0.1)
  - CHTCollectionViewWaterfallLayout (0.9.5):
    - CHTCollectionViewWaterfallLayout/ObjC (= 0.9.5)
  - CHTCollectionViewWaterfallLayout/ObjC (0.9.5)
  - CocoaLumberjack/Default (3.3.0)
  - CocoaLumberjack/Swift (3.3.0):
    - CocoaLumberjack/Default
  - Crashlytics (3.8.3):
    - Fabric (~> 1.6.3)
  - DeviceGuru (3.0.1)
  - Fabric (1.6.11)
  - FBSDKCoreKit (4.22.0):
    - Bolts (~> 1.7)
  - FBSDKLoginKit (4.22.0):
    - FBSDKCoreKit
  - FBSDKShareKit (4.22.0):
    - FBSDKCoreKit
  - Firebase/AppIndexing (3.7.1):
    - Firebase/Core
    - FirebaseAppIndexing (= 1.2.0)
  - Firebase/Core (3.7.1):
    - FirebaseAnalytics (= 3.4.4)
    - FirebaseCore (= 3.4.3)
  - FirebaseAnalytics (3.4.4):
    - FirebaseCore (~> 3.4)
    - FirebaseInstanceID (~> 1.0)
    - GoogleInterchangeUtilities (~> 1.2)
    - GoogleSymbolUtilities (~> 1.1)
  - FirebaseAppIndexing (1.2.0)
  - FirebaseCore (3.4.3):
    - GoogleInterchangeUtilities (~> 1.2)
    - GoogleUtilities (~> 1.2)
  - FirebaseInstanceID (1.0.9)
  - FLEX (2.4.0)
  - Google-Mobile-Ads-SDK (7.24.1)
  - Google/Core (3.0.3):
    - FirebaseAnalytics (~> 3.2)
  - Google/SignIn (3.0.3):
    - Google/Core
    - GoogleSignIn (~> 4.0)
  - GoogleIDFASupport (3.14.0)
  - GoogleInterchangeUtilities (1.2.2):
    - GoogleSymbolUtilities (~> 1.1)
  - GoogleSignIn (4.1.1):
    - GoogleToolboxForMac/NSDictionary+URLArguments (~> 2.1)
    - GoogleToolboxForMac/NSString+URLArguments (~> 2.1)
    - GTMOAuth2 (~> 1.0)
    - GTMSessionFetcher/Core (~> 1.1)
  - GoogleSymbolUtilities (1.1.2)
  - GoogleToolboxForMac/DebugUtils (2.1.3):
    - GoogleToolboxForMac/Defines (= 2.1.3)
  - GoogleToolboxForMac/Defines (2.1.3)
  - GoogleToolboxForMac/NSDictionary+URLArguments (2.1.3):
    - GoogleToolboxForMac/DebugUtils (= 2.1.3)
    - GoogleToolboxForMac/Defines (= 2.1.3)
    - GoogleToolboxForMac/NSString+URLArguments (= 2.1.3)
  - GoogleToolboxForMac/NSString+URLArguments (2.1.3)
  - GoogleUtilities (1.3.2):
    - GoogleSymbolUtilities (~> 1.1)
  - GTMOAuth2 (1.1.6):
    - GTMSessionFetcher (~> 1.1)
  - GTMSessionFetcher (1.1.12):
    - GTMSessionFetcher/Full (= 1.1.12)
  - GTMSessionFetcher/Core (1.1.12)
  - GTMSessionFetcher/Full (1.1.12):
    - GTMSessionFetcher/Core (= 1.1.12)
  - JBKenBurnsView (1.0)
  - JSONWebToken (2.2.0)
  - KeychainSwift (10.0.0)
  - KMPlaceholderTextView (1.3.0)
  - Leanplum-iOS-SDK (2.0.4)
  - LGCollapsibleLabel (1.2.0)
  - LGCoreKit (4.1.2):
    - Alamofire (~> 4.5.1)
    - CocoaLumberjack/Swift (~> 3.3.0)
    - DeviceGuru (~> 3.0.1)
    - JSONWebToken (~> 2.2.0)
    - KeychainSwift (~> 10.0.0)
    - ReachabilitySwift (~> 4.1.0)
    - RealmSwift (~> 3.0.0)
    - Result (~> 3.2.4)
    - RxSwift (~> 4.0.0)
    - RxSwiftExt (~> 3.0.0)
    - SocketRocket (= 0.5.1)
  - NewRelicAgent (5.14.2)
  - Nimble (7.0.2)
  - OHHTTPStubs (5.2.3):
    - OHHTTPStubs/Default (= 5.2.3)
  - OHHTTPStubs/Core (5.2.3)
  - OHHTTPStubs/Default (5.2.3):
    - OHHTTPStubs/Core
    - OHHTTPStubs/JSON
    - OHHTTPStubs/NSURLSession
    - OHHTTPStubs/OHPathHelpers
  - OHHTTPStubs/JSON (5.2.3):
    - OHHTTPStubs/Core
  - OHHTTPStubs/NSURLSession (5.2.3):
    - OHHTTPStubs/Core
  - OHHTTPStubs/OHPathHelpers (5.2.3)
  - OHHTTPStubs/Swift (5.2.3):
    - OHHTTPStubs/Core
  - Quick (1.2.0)
  - ReachabilitySwift (4.1.0)
  - Realm (3.0.2):
    - Realm/Headers (= 3.0.2)
  - Realm/Headers (3.0.2)
  - RealmSwift (3.0.2):
    - Realm (= 3.0.2)
  - Result (3.2.4)
  - RxCocoa (4.0.0):
    - RxSwift (~> 4.0)
  - RxSwift (4.0.0)
  - RxSwiftExt (3.0.0):
    - RxSwiftExt/Core (= 3.0.0)
  - RxSwiftExt/Core (3.0.0):
    - RxSwift (~> 4.0)
  - RxTest (4.0.0):
    - RxSwift (~> 4.0)
  - SocketRocket (0.5.1)
  - SwiftyUserDefaults (3.0.1)
  - TwitterCore (2.3.0):
    - Fabric
  - TwitterKit (2.3.0):
    - TwitterCore (= 2.3.0)

DEPENDENCIES:
  - AlamofireImage (= 3.3.0)
  - Amplitude-iOS (= 3.8.5)
  - AppsFlyerFramework (= 4.7.11)
  - Branch (= 0.12.27)
  - bumper (from `git@github.com:letgoapp/bumper.git`, commit `7ec04a070eca2337f058954d7f53c474d616d7b1`)
  - CameraManager (= 4.0.1)
  - CHTCollectionViewWaterfallLayout (= 0.9.5)
  - CocoaLumberjack/Swift (= 3.3.0)
  - Crashlytics (= 3.8.3)
  - DeviceGuru (~> 3.0.1)
  - Fabric (= 1.6.11)
  - FBSDKCoreKit (= 4.22.0)
  - FBSDKLoginKit (= 4.22.0)
  - FBSDKShareKit (= 4.22.0)
  - Firebase/AppIndexing (= 3.7.1)
  - FLEX (= 2.4.0)
  - Google-Mobile-Ads-SDK (= 7.24.1)
  - Google/SignIn (= 3.0.3)
  - GoogleIDFASupport (= 3.14.0)
  - JBKenBurnsView (from `https://github.com/letgoapp/JBKenBurns`, commit `56419f79cb763f8d2ee3a75e4eca51ebc1deab6a`)
  - KeychainSwift (= 10.0.0)
  - KMPlaceholderTextView (from `https://github.com/letgoapp/KMPlaceholderTextView`, commit `426117c98e8da8fc7d64a7d3c2f0f45c48d595e6`)
  - Leanplum-iOS-SDK (= 2.0.4)
  - LGCollapsibleLabel (= 1.2.0)
  - LGCoreKit (= 4.1.2)
  - NewRelicAgent (= 5.14.2)
  - Nimble (= 7.0.2)
  - OHHTTPStubs (= 5.2.3)
  - OHHTTPStubs/Swift
  - Quick (= 1.2.0)
  - RxCocoa (= 4.0.0)
  - RxSwift (= 4.0.0)
  - RxSwiftExt (= 3.0.0)
  - RxTest (= 4.0.0)
  - SwiftyUserDefaults (from `https://github.com/Dschee/SwiftyUserDefaults`, commit `dd3d8ddc5bf95db09b66185182b5a555ac59efd5`)
  - TwitterKit (= 2.3.0)

EXTERNAL SOURCES:
  bumper:
    :commit: 7ec04a070eca2337f058954d7f53c474d616d7b1
    :git: git@github.com:letgoapp/bumper.git
  JBKenBurnsView:
    :commit: 56419f79cb763f8d2ee3a75e4eca51ebc1deab6a
    :git: https://github.com/letgoapp/JBKenBurns
  KMPlaceholderTextView:
    :commit: 426117c98e8da8fc7d64a7d3c2f0f45c48d595e6
    :git: https://github.com/letgoapp/KMPlaceholderTextView
  SwiftyUserDefaults:
    :commit: dd3d8ddc5bf95db09b66185182b5a555ac59efd5
    :git: https://github.com/Dschee/SwiftyUserDefaults

CHECKOUT OPTIONS:
  bumper:
    :commit: 7ec04a070eca2337f058954d7f53c474d616d7b1
    :git: git@github.com:letgoapp/bumper.git
  JBKenBurnsView:
    :commit: 56419f79cb763f8d2ee3a75e4eca51ebc1deab6a
    :git: https://github.com/letgoapp/JBKenBurns
  KMPlaceholderTextView:
    :commit: 426117c98e8da8fc7d64a7d3c2f0f45c48d595e6
    :git: https://github.com/letgoapp/KMPlaceholderTextView
  SwiftyUserDefaults:
    :commit: dd3d8ddc5bf95db09b66185182b5a555ac59efd5
    :git: https://github.com/Dschee/SwiftyUserDefaults

SPEC CHECKSUMS:
  Alamofire: 2d95912bf4c34f164fdfc335872e8c312acaea4a
  AlamofireImage: 2e784dc5d00f04903a52c1d169181469c805c3df
  Amplitude-iOS: de7cfde0c791d05fb0e0f82bd34cbd3585ccd63f
  AppsFlyerFramework: ece902d4233177d4e9db1429c7a5df5fad8e9f07
  Bolts: ac6567323eac61e203f6a9763667d0f711be34c8
  Branch: 41404cc6de82e84368a26961f66d657b0662ca02
  bumper: 8d5499e9774aa148763ab9a1eebcaf5e0ed7beff
  CameraManager: 56b3516e8e22cfbf56f3f0401291561e1ad9b3d0
  CHTCollectionViewWaterfallLayout: 775ff73f48cfc13859b62d8bceb96e772e4a0318
  CocoaLumberjack: 3c8c74683302f9012bb168e1c4b7ae3c0b558431
  Crashlytics: 2b6dbe138a42395577cfa73dfa1aa7248cadf39e
  DeviceGuru: 648c34deb10c6ef59b013ea2922c04c18d8973f0
  Fabric: 5911403591946b8228ab1c51d98f1d7137e863c6
  FBSDKCoreKit: c693bad19feb225469eeff14452ba364522ee48b
  FBSDKLoginKit: 1fa529fc622d7b32ebeaffbecd377180833c6d30
  FBSDKShareKit: 21ab3c8d173f4fa20c47c1061f3a9fac5950b5fa
  Firebase: be473484f0d515e72ffd04acf22f981773c23e58
  FirebaseAnalytics: 0533a00b681e08fd0b2cd0444b7ddf0ef9fd7a1a
  FirebaseAppIndexing: adf2f3b14b6828f1d4c539fc72434962cf29ea2c
  FirebaseCore: 5a885548bbc5f0c410b04f8e9ac9d73ff1221907
  FirebaseInstanceID: 2d0518b1378fe9d685ef40cbdd63d2fdc1125339
  FLEX: bd1a39e55b56bb413b6f1b34b3c10a0dc44ef079
  Google: cd92fab98f800f509da88c1e0c570275713bc9d5
  Google-Mobile-Ads-SDK: ed8004a7265b424568dc84f3d2bbe3ea3fff958f
  GoogleIDFASupport: aaf8c10bd429abb1c15349d5252244f5eda8ead1
  GoogleInterchangeUtilities: d5bc4d88d5b661ab72f9d70c58d02ca8c27ad1f7
  GoogleSignIn: 3fdaa34a2ba04dbd7a25d7db39aecb0da98d5bdc
  GoogleSymbolUtilities: 631ee17048aa5e9ab133470d768ea997a5ef9b96
  GoogleToolboxForMac: 2501e2ad72a52eb3dfe7bd9aee7dad11b858bd20
  GoogleUtilities: 8bbc733218aad26306f9d4a253823986110e3358
  GTMOAuth2: c77fe325e4acd453837e72d91e3b5f13116857b2
  GTMSessionFetcher: ebaa1f79a5366922c1735f1566901f50beba23b7
  JBKenBurnsView: e40d10fcd4fbeb652c29fa431d4748780a4672ff
  JSONWebToken: 6fae32489632658d563dd6952a5c34020ea813e4
  KeychainSwift: f9f7910449a0c0fd2cabc889121530dd2c477c33
  KMPlaceholderTextView: 2bbcd19a273648a80a61e1e48f9743a24d8930e3
  Leanplum-iOS-SDK: 09db04ac2c741d43a2d3b4781e3a25bf1166466e
  LGCollapsibleLabel: 2a5ebb0ff0ff3e1d7ab0c295a17c923db000f557
  LGCoreKit: a3209eead82feb8c5d02ac409c27c399c12d6858
  NewRelicAgent: 28645401ac7531eeeabde64410c9d5efd49e083f
  Nimble: bfe1f814edabba69ff145cb1283e04ed636a67f2
  OHHTTPStubs: e238cd5b66d8efa51c861db45895de8fe079f4a7
  Quick: 58d203b1c5e27fff7229c4c1ae445ad7069a7a08
  ReachabilitySwift: 6849231cd4e06559f3b9ef4a97a0a0f96d41e09f
  Realm: 6f23fd1f178a09342eac21bfa7c2bf4312a7a180
  RealmSwift: 695393add1b8f9d5fa75dd16e6355cf3935f71e2
  Result: d2d07204ce72856f1fd9130bbe42c35a7b0fea10
  RxCocoa: d62846ca96495d862fa4c59ea7d87e5031d7340e
  RxSwift: fd680d75283beb5e2559486f3c0ff852f0d35334
  RxSwiftExt: b06c47dff66cd33ca7683bba1e74b0c5c8e3592e
  RxTest: 0041e792cede35e53e4749f378d21482af0e9d12
  SocketRocket: d57c7159b83c3c6655745cd15302aa24b6bae531
  SwiftyUserDefaults: 38267a30d58b7c8570995cd5defd354e43f056c6
  TwitterCore: 817eae3e291fa4125b47789e26a4f6f024115c1f
  TwitterKit: 8a383da8d9c21b0423716381ea8bbfce20622d91

PODFILE CHECKSUM: 235a5233edafc0adbd85e29dcf58906c6c4a4458

COCOAPODS: 1.3.1
