PODS:
  - Alamofire (4.7.3)
  - AlamofireImage (3.3.1):
    - Alamofire (~> 4.5)
  - Amplitude-iOS (4.0.4)
  - AppsFlyerFramework (4.8.4)
  - Bolts (1.9.0):
    - Bolts/AppLinks (= 1.9.0)
    - Bolts/Tasks (= 1.9.0)
  - Bolts/AppLinks (1.9.0):
    - Bolts/Tasks
  - Bolts/Tasks (1.9.0)
  - Branch (0.22.5):
    - Branch/Core (= 0.22.5)
  - Branch/Core (0.22.5)
  - bumper (1.3.1):
    - bumper/Core (= 1.3.1)
  - bumper/Core (1.3.1):
    - RxCocoa (~> 4.0.0)
    - RxSwift (~> 4.0.0)
  - CHTCollectionViewWaterfallLayout (0.9.7):
    - CHTCollectionViewWaterfallLayout/ObjC (= 0.9.7)
  - CHTCollectionViewWaterfallLayout/ObjC (0.9.7)
  - CocoaLumberjack/Default (3.3.0)
  - CocoaLumberjack/Swift (3.3.0):
    - CocoaLumberjack/Default
  - Crashlytics (3.9.3):
    - Fabric (~> 1.7.2)
  - DeviceGuru (3.0.1)
  - Differentiator (3.1.0)
  - Fabric (1.7.2)
  - FBSDKCoreKit (4.29.0):
    - Bolts (~> 1.7)
  - FBSDKLoginKit (4.29.0):
    - FBSDKCoreKit
  - FBSDKShareKit (4.29.0):
    - FBSDKCoreKit
  - FLEX (2.4.0)
  - Google-Mobile-Ads-SDK (7.31.0)
  - GoogleIDFASupport (3.14.0)
  - GoogleSignIn (4.1.1):
    - "GoogleToolboxForMac/NSDictionary+URLArguments (~> 2.1)"
    - "GoogleToolboxForMac/NSString+URLArguments (~> 2.1)"
    - GTMOAuth2 (~> 1.0)
    - GTMSessionFetcher/Core (~> 1.1)
  - GoogleToolboxForMac/DebugUtils (2.1.4):
    - GoogleToolboxForMac/Defines (= 2.1.4)
  - GoogleToolboxForMac/Defines (2.1.4)
  - "GoogleToolboxForMac/NSDictionary+URLArguments (2.1.4)":
    - GoogleToolboxForMac/DebugUtils (= 2.1.4)
    - GoogleToolboxForMac/Defines (= 2.1.4)
    - "GoogleToolboxForMac/NSString+URLArguments (= 2.1.4)"
  - "GoogleToolboxForMac/NSString+URLArguments (2.1.4)"
  - GTMOAuth2 (1.1.6):
    - GTMSessionFetcher (~> 1.1)
  - GTMSessionFetcher (1.2.0):
    - GTMSessionFetcher/Full (= 1.2.0)
  - GTMSessionFetcher/Core (1.2.0)
  - GTMSessionFetcher/Full (1.2.0):
    - GTMSessionFetcher/Core (= 1.2.0)
  - IGListKit (3.4.0):
    - IGListKit/Default (= 3.4.0)
  - IGListKit/Default (3.4.0):
    - IGListKit/Diffing
  - IGListKit/Diffing (3.4.0)
  - JSONWebToken (2.2.0)
  - KeychainSwift (11.0.0)
  - KMPlaceholderTextView (1.3.0)
  - Leanplum-iOS-SDK (2.0.5)
  - LGCollapsibleLabel (1.2.0)
  - LGComponents (1.0.0):
    - LGComponents/LGAnalytics (= 1.0.0)
    - LGComponents/LGResources (= 1.0.0)
    - LGComponents/LGShared (= 1.0.0)
  - LGComponents/LGAnalytics (1.0.0)
  - LGComponents/LGResources (1.0.0)
  - LGComponents/LGShared (1.0.0):
    - AlamofireImage (= 3.3.1)
    - CocoaLumberjack/Swift (= 3.3.0)
    - LGCoreKit
    - RxCocoa (= 4.0.0)
  - LGCoreKit (4.85.0):
    - Alamofire (~> 4.7.3)
    - CocoaLumberjack/Swift (~> 3.3.0)
    - DeviceGuru (~> 3.0.1)
    - JSONWebToken (~> 2.2.0)
    - KeychainSwift (~> 11.0.0)
    - ReachabilitySwift (~> 4.1.0)
    - RealmSwift (~> 3.0.0)
    - Result (~> 3.2.4)
    - RxSwift (~> 4.0.0)
    - RxSwiftExt (~> 3.0.0)
    - SocketRocket (= 0.5.1)
  - lottie-ios (2.5.0)
  - mopub-ios-sdk (4.20.0):
    - mopub-ios-sdk/MoPubSDK (= 4.20.0)
  - mopub-ios-sdk/Avid (4.20.0):
    - mopub-ios-sdk/Core
  - mopub-ios-sdk/Core (4.20.0)
  - mopub-ios-sdk/Moat (4.20.0):
    - mopub-ios-sdk/Core
  - mopub-ios-sdk/MoPubSDK (4.20.0):
    - mopub-ios-sdk/Avid
    - mopub-ios-sdk/Core
    - mopub-ios-sdk/Moat
  - NewRelicAgent (6.1.1)
  - Nimble (7.0.2)
  - OHHTTPStubs (5.2.3):
    - OHHTTPStubs/Default (= 5.2.3)
  - OHHTTPStubs/Core (5.2.3)
  - OHHTTPStubs/Default (5.2.3):
    - OHHTTPStubs/Core
    - OHHTTPStubs/JSON
    - OHHTTPStubs/NSURLSession
    - OHHTTPStubs/OHPathHelpers
  - OHHTTPStubs/JSON (5.2.3):
    - OHHTTPStubs/Core
  - OHHTTPStubs/NSURLSession (5.2.3):
    - OHHTTPStubs/Core
  - OHHTTPStubs/OHPathHelpers (5.2.3)
  - OHHTTPStubs/Swift (5.2.3):
    - OHHTTPStubs/Core
  - Quick (1.2.0)
  - ReachabilitySwift (4.1.0)
  - Realm (3.0.2):
    - Realm/Headers (= 3.0.2)
  - Realm/Headers (3.0.2)
  - RealmSwift (3.0.2):
    - Realm (= 3.0.2)
  - Result (3.2.4)
  - RxCocoa (4.0.0):
    - RxSwift (~> 4.0)
  - RxDataSources (3.0.2):
    - Differentiator (~> 3.0)
    - RxCocoa (~> 4.0)
    - RxSwift (~> 4.0)
  - RxMKMapView (4.0.0):
    - RxCocoa (~> 4.0)
    - RxSwift (~> 4.0)
  - RxSwift (4.0.0)
  - RxSwiftExt (3.0.0):
    - RxSwiftExt/Core (= 3.0.0)
  - RxSwiftExt/Core (3.0.0):
    - RxSwift (~> 4.0)
  - RxTest (4.0.0):
    - RxSwift (~> 4.0)
  - SocketRocket (0.5.1)
  - Stripe (13.0.3)
  - SwiftyGif (4.1.0)
  - SwiftyUserDefaults (3.0.1)

DEPENDENCIES:
  - AlamofireImage (= 3.3.1)
  - Amplitude-iOS (= 4.0.4)
  - AppsFlyerFramework (= 4.8.4)
  - Branch (= 0.22.5)
  - bumper (= 1.3.1)
  - CHTCollectionViewWaterfallLayout (= 0.9.7)
  - CocoaLumberjack/Swift (= 3.3.0)
  - Crashlytics (= 3.9.3)
  - DeviceGuru (~> 3.0.1)
  - Fabric (= 1.7.2)
  - FBSDKCoreKit (= 4.29.0)
  - FBSDKLoginKit (= 4.29.0)
  - FBSDKShareKit (= 4.29.0)
  - FLEX (= 2.4.0)
  - Google-Mobile-Ads-SDK (= 7.31.0)
  - GoogleIDFASupport (= 3.14.0)
  - GoogleSignIn (= 4.1.1)
  - IGListKit (= 3.4.0)
  - KeychainSwift (= 11.0.0)
  - KMPlaceholderTextView (from `https://github.com/letgoapp/KMPlaceholderTextView`, commit `426117c98e8da8fc7d64a7d3c2f0f45c48d595e6`)
  - Leanplum-iOS-SDK (= 2.0.5)
  - LGCollapsibleLabel (= 1.2.0)
  - LGComponents (from `components`)
  - LGCoreKit (= 4.85.0)
  - lottie-ios (= 2.5.0)
  - mopub-ios-sdk (= 4.20.0)
  - NewRelicAgent (= 6.1.1)
  - Nimble (= 7.0.2)
  - OHHTTPStubs (= 5.2.3)
  - OHHTTPStubs/Swift
  - Quick (= 1.2.0)
  - RxCocoa (= 4.0.0)
  - RxDataSources (= 3.0.2)
  - RxMKMapView (= 4.0.0)
  - RxSwift (= 4.0.0)
  - RxSwiftExt (= 3.0.0)
  - RxTest (= 4.0.0)
  - Stripe (= 13.0.3)
  - SwiftyGif (= 4.1.0)
  - SwiftyUserDefaults (= 3.0.1)

SPEC REPOS:
  "git@github.com:letgoapp/letgo-ios-specs.git":
    - bumper
    - LGCollapsibleLabel
    - LGCoreKit
  https://github.com/cocoapods/specs.git:
    - Alamofire
    - AlamofireImage
    - Amplitude-iOS
    - AppsFlyerFramework
    - Bolts
    - Branch
    - CHTCollectionViewWaterfallLayout
    - CocoaLumberjack
    - Crashlytics
    - DeviceGuru
    - Differentiator
    - Fabric
    - FBSDKCoreKit
    - FBSDKLoginKit
    - FBSDKShareKit
    - FLEX
    - Google-Mobile-Ads-SDK
    - GoogleIDFASupport
    - GoogleSignIn
    - GoogleToolboxForMac
    - GTMOAuth2
    - GTMSessionFetcher
    - IGListKit
    - JSONWebToken
    - KeychainSwift
    - Leanplum-iOS-SDK
    - lottie-ios
    - mopub-ios-sdk
    - NewRelicAgent
    - Nimble
    - OHHTTPStubs
    - Quick
    - ReachabilitySwift
    - Realm
    - RealmSwift
    - Result
    - RxCocoa
    - RxDataSources
    - RxMKMapView
    - RxSwift
    - RxSwiftExt
    - RxTest
    - SocketRocket
    - Stripe
    - SwiftyGif
    - SwiftyUserDefaults

EXTERNAL SOURCES:
  KMPlaceholderTextView:
    :commit: 426117c98e8da8fc7d64a7d3c2f0f45c48d595e6
    :git: https://github.com/letgoapp/KMPlaceholderTextView
  LGComponents:
    :path: components

CHECKOUT OPTIONS:
  KMPlaceholderTextView:
    :commit: 426117c98e8da8fc7d64a7d3c2f0f45c48d595e6
    :git: https://github.com/letgoapp/KMPlaceholderTextView

SPEC CHECKSUMS:
  Alamofire: c7287b6e5d7da964a70935e5db17046b7fde6568
  AlamofireImage: 3b35b586853abaf94ca1250f4e94cff3c21a4c0d
  Amplitude-iOS: 2ad4d7270c99186236c1272a3a9425463b1ae1a7
  AppsFlyerFramework: c45bbd289a6f9e9a19976ee270b44edea646aab6
  Bolts: ac6567323eac61e203f6a9763667d0f711be34c8
  Branch: 4f0482418d99e77d15b0e6065ef216c10e24797b
  bumper: f8d19f02bca78a960374877f07ce4072d5a35f17
  CHTCollectionViewWaterfallLayout: 9d11068fafecac106695bb5a5d6d0f738483b598
  CocoaLumberjack: 3c8c74683302f9012bb168e1c4b7ae3c0b558431
  Crashlytics: dbb07d01876c171c5ccbdf7826410380189e452c
  DeviceGuru: 648c34deb10c6ef59b013ea2922c04c18d8973f0
  Differentiator: be49ca3408f0ecfc761e4c7763d20c62be01b9ad
  Fabric: 9cd6a848efcf1b8b07497e0b6a2e7d336353ba15
  FBSDKCoreKit: 6f139173dc63a1deaff4430a55f2fe5bb222d2af
  FBSDKLoginKit: 56a057ca6822535ea0faa25f57a7c41edb697fd4
  FBSDKShareKit: 18a2cd118aef11dd657fe7e8b64bae5c719088b2
  FLEX: bd1a39e55b56bb413b6f1b34b3c10a0dc44ef079
  Google-Mobile-Ads-SDK: 6e529e748b45507a2ca904e0b5a52669ba3920c4
  GoogleIDFASupport: aaf8c10bd429abb1c15349d5252244f5eda8ead1
  GoogleSignIn: 3fdaa34a2ba04dbd7a25d7db39aecb0da98d5bdc
  GoogleToolboxForMac: 91c824d21e85b31c2aae9bb011c5027c9b4e738f
  GTMOAuth2: c77fe325e4acd453837e72d91e3b5f13116857b2
  GTMSessionFetcher: 0c4baf0a73acd0041bf9f71ea018deedab5ea84e
  IGListKit: 7a5d788e9fb746bcd402baa8e8b24bc3bd2a5a07
  JSONWebToken: 6fae32489632658d563dd6952a5c34020ea813e4
  KeychainSwift: bea6bd9f98af7b8d7ca4aa79fe105c00fab532db
  KMPlaceholderTextView: 2bbcd19a273648a80a61e1e48f9743a24d8930e3
  Leanplum-iOS-SDK: d7d387b7f3688e697f2893978bfe67092df5b7ca
  LGCollapsibleLabel: 2a5ebb0ff0ff3e1d7ab0c295a17c923db000f557
  LGComponents: 255d70667fcfcd558c8baa14f81484e2b628dc5c
  LGCoreKit: 3cc435663c048c3380a071016c98d4d23b1e71c2
  lottie-ios: d699fdee68d7b63e721d949388b015fef1aaa4ac
  mopub-ios-sdk: 89c6ac9ca01d3b36e9fba16a6cfe31d3c290d354
  NewRelicAgent: 652434a627201e3745cd5849228feeb10afe1879
  Nimble: bfe1f814edabba69ff145cb1283e04ed636a67f2
  OHHTTPStubs: e238cd5b66d8efa51c861db45895de8fe079f4a7
  Quick: 58d203b1c5e27fff7229c4c1ae445ad7069a7a08
  ReachabilitySwift: 6849231cd4e06559f3b9ef4a97a0a0f96d41e09f
  Realm: 6f23fd1f178a09342eac21bfa7c2bf4312a7a180
  RealmSwift: 695393add1b8f9d5fa75dd16e6355cf3935f71e2
  Result: d2d07204ce72856f1fd9130bbe42c35a7b0fea10
  RxCocoa: d62846ca96495d862fa4c59ea7d87e5031d7340e
  RxDataSources: cb7c31e652a87ebb919da45f716bbb87b3765f6b
  RxMKMapView: 5cd47305a35e6dbf8bceb7713280060950203188
  RxSwift: fd680d75283beb5e2559486f3c0ff852f0d35334
  RxSwiftExt: b06c47dff66cd33ca7683bba1e74b0c5c8e3592e
  RxTest: 0041e792cede35e53e4749f378d21482af0e9d12
  SocketRocket: d57c7159b83c3c6655745cd15302aa24b6bae531
  Stripe: 76c203e21555089b708e6cbe972a3e3baf1ab4d8
  SwiftyGif: d36c6dfb52e2ca1e48fe349d225f50ec4123ec85
  SwiftyUserDefaults: 3d273b1739b68ada3145dc754a70ec775bc5c8be

PODFILE CHECKSUM: a100a017fa4465dd865ed90ad1263b9695dbaad8

COCOAPODS: 1.5.3
