// !$*UTF8*$!
{
	archiveVersion = 1;
	classes = {
	};
	objectVersion = 48;
	objects = {

/* Begin PBXBuildFile section */
		192F6FC528C5B65226721A80 /* Pods_Data.framework in Frameworks */ = {isa = PBXBuildFile; fileRef = E94BF8AB55B0FEBA67B9E8BB /* Pods_Data.framework */; };
		1C30D7182009658D00E0A501 /* GameDataSource.swift in Sources */ = {isa = PBXBuildFile; fileRef = 1C30D7172009658D00E0A501 /* GameDataSource.swift */; };
		1C30D71C2009686400E0A501 /* GameRepository.swift in Sources */ = {isa = PBXBuildFile; fileRef = 1C30D71B2009686400E0A501 /* GameRepository.swift */; };
		1C40D8B01FFD354B006D5BE4 /* UserDataSource.swift in Sources */ = {isa = PBXBuildFile; fileRef = 1C40D8AF1FFD354B006D5BE4 /* UserDataSource.swift */; };
		1C40D8B81FFD369B006D5BE4 /* EmptyResponse.swift in Sources */ = {isa = PBXBuildFile; fileRef = 1C40D8B71FFD369B006D5BE4 /* EmptyResponse.swift */; };
		1C40D8BA1FFD38CA006D5BE4 /* Assembly+Moya.swift in Sources */ = {isa = PBXBuildFile; fileRef = 1C40D8B91FFD38CA006D5BE4 /* Assembly+Moya.swift */; };
		1C40D8BC1FFD3940006D5BE4 /* UserRepository.swift in Sources */ = {isa = PBXBuildFile; fileRef = 1C40D8BB1FFD3940006D5BE4 /* UserRepository.swift */; };
		1C89D6FE1FF3CFBF00B3FA98 /* AuthToken.swift in Sources */ = {isa = PBXBuildFile; fileRef = 1C89D6FD1FF3CFBF00B3FA98 /* AuthToken.swift */; };
		1C9139FF1FF0607600646884 /* Data.framework in Frameworks */ = {isa = PBXBuildFile; fileRef = 1C9139F51FF0607600646884 /* Data.framework */; };
		1C913A061FF0607600646884 /* Data.h in Headers */ = {isa = PBXBuildFile; fileRef = 1C9139F81FF0607600646884 /* Data.h */; settings = {ATTRIBUTES = (Public, ); }; };
		1C913A291FF0670300646884 /* AuthRepository.swift in Sources */ = {isa = PBXBuildFile; fileRef = 1C913A281FF0670300646884 /* AuthRepository.swift */; };
		1C913A2F1FF2B2D400646884 /* AuthDataSource.swift in Sources */ = {isa = PBXBuildFile; fileRef = 1C913A2E1FF2B2D400646884 /* AuthDataSource.swift */; };
		1C913A351FF2B65300646884 /* Endpoint.swift in Sources */ = {isa = PBXBuildFile; fileRef = 1C913A341FF2B65300646884 /* Endpoint.swift */; };
		1C913A3B1FF2BA8B00646884 /* TargetType+Default.swift in Sources */ = {isa = PBXBuildFile; fileRef = 1C913A3A1FF2BA8B00646884 /* TargetType+Default.swift */; };
		1CACCE7A1FF2D6320001B321 /* ErrorAdapter.swift in Sources */ = {isa = PBXBuildFile; fileRef = 1CACCE791FF2D6320001B321 /* ErrorAdapter.swift */; };
		1CC209B61FF2C2F500EE0B5B /* Assembly+Repository.swift in Sources */ = {isa = PBXBuildFile; fileRef = 1CC209B51FF2C2F500EE0B5B /* Assembly+Repository.swift */; };
		1CE92E9F1FF31E5600F762E5 /* Fixture.swift in Sources */ = {isa = PBXBuildFile; fileRef = 1CE92E9E1FF31E5600F762E5 /* Fixture.swift */; };
		2E11C1A02135C40F003F98D4 /* ProductDraftDataSource.swift in Sources */ = {isa = PBXBuildFile; fileRef = 2E11C19F2135C40F003F98D4 /* ProductDraftDataSource.swift */; };
		2E11C1A32135C4C7003F98D4 /* ProductDraftInMemoryDataSource.swift in Sources */ = {isa = PBXBuildFile; fileRef = 2E11C1A22135C4C7003F98D4 /* ProductDraftInMemoryDataSource.swift */; };
		2E11C1A52135C80D003F98D4 /* ProductDraftRepository.swift in Sources */ = {isa = PBXBuildFile; fileRef = 2E11C1A42135C80D003F98D4 /* ProductDraftRepository.swift */; };
		2E2F7AB62129D23800CDED0F /* DataModule.swift in Sources */ = {isa = PBXBuildFile; fileRef = 2E2F7AB52129D23800CDED0F /* DataModule.swift */; };
		2E2F7AB92129F46100CDED0F /* Auth+Rx.swift in Sources */ = {isa = PBXBuildFile; fileRef = 2E2F7AB82129F46100CDED0F /* Auth+Rx.swift */; };
		2E2F7AC12129FA1B00CDED0F /* Assembly+User.swift in Sources */ = {isa = PBXBuildFile; fileRef = 2E2F7AC02129FA1B00CDED0F /* Assembly+User.swift */; };
		2E61BD682160CB3C00FB87C0 /* UserService.swift in Sources */ = {isa = PBXBuildFile; fileRef = 2E61BD672160CB3C00FB87C0 /* UserService.swift */; };
		2E61BD6B2160D76800FB87C0 /* RegisterUserEndpoint.swift in Sources */ = {isa = PBXBuildFile; fileRef = 2E61BD6A2160D76800FB87C0 /* RegisterUserEndpoint.swift */; };
		2E61BD6E2160D7FF00FB87C0 /* UserApiDataSource.swift in Sources */ = {isa = PBXBuildFile; fileRef = 2E61BD6D2160D7FF00FB87C0 /* UserApiDataSource.swift */; };
		2E61BD712160D86700FB87C0 /* RegisterUserErrorAdapter.swift in Sources */ = {isa = PBXBuildFile; fileRef = 2E61BD702160D86700FB87C0 /* RegisterUserErrorAdapter.swift */; };
		2E61BD732160DA6400FB87C0 /* Moya+CustomError.swift in Sources */ = {isa = PBXBuildFile; fileRef = 2E61BD722160DA6400FB87C0 /* Moya+CustomError.swift */; };
		2E61BD762160DB4800FB87C0 /* RegisterUserAction.swift in Sources */ = {isa = PBXBuildFile; fileRef = 2E61BD752160DB4800FB87C0 /* RegisterUserAction.swift */; };
		2E61BD7A21611CAA00FB87C0 /* AuthTokenPlugin.swift in Sources */ = {isa = PBXBuildFile; fileRef = 2E61BD7921611CAA00FB87C0 /* AuthTokenPlugin.swift */; };
		2E67DEDB21652B75006D705E /* AuthService.swift in Sources */ = {isa = PBXBuildFile; fileRef = 2E67DEDA21652B75006D705E /* AuthService.swift */; };
		2E67DEDE21652BB9006D705E /* SignInEndpoint.swift in Sources */ = {isa = PBXBuildFile; fileRef = 2E67DEDD21652BB9006D705E /* SignInEndpoint.swift */; };
		2E71A8E22131523F009D24A9 /* ProductDataSource.swift in Sources */ = {isa = PBXBuildFile; fileRef = 2E71A8E12131523F009D24A9 /* ProductDataSource.swift */; };
		2E71A8E5213156A6009D24A9 /* ProductAlgoliaDataSource.swift in Sources */ = {isa = PBXBuildFile; fileRef = 2E71A8E4213156A6009D24A9 /* ProductAlgoliaDataSource.swift */; };
		2E71A8E82131572E009D24A9 /* GetProductExtrasAlgoliaAction.swift in Sources */ = {isa = PBXBuildFile; fileRef = 2E71A8E72131572E009D24A9 /* GetProductExtrasAlgoliaAction.swift */; };
		2E71A8EB213157D6009D24A9 /* ProductExtraMapper.swift in Sources */ = {isa = PBXBuildFile; fileRef = 2E71A8EA213157D6009D24A9 /* ProductExtraMapper.swift */; };
		2E71A8ED21315C2D009D24A9 /* ProductRepository.swift in Sources */ = {isa = PBXBuildFile; fileRef = 2E71A8EC21315C2D009D24A9 /* ProductRepository.swift */; };
		2E7CD0AA2163EC7C00148C89 /* AuthTokenKeychainStorage.swift in Sources */ = {isa = PBXBuildFile; fileRef = 2E7CD0A92163EC7C00148C89 /* AuthTokenKeychainStorage.swift */; };
		2E859AB62165314200DB8920 /* AuthTokenPluginSpec.swift in Sources */ = {isa = PBXBuildFile; fileRef = 2E859AB52165314200DB8920 /* AuthTokenPluginSpec.swift */; };
		2E859ABA216531B800DB8920 /* Keychaneable.swift in Sources */ = {isa = PBXBuildFile; fileRef = 2E859AB9216531B800DB8920 /* Keychaneable.swift */; };
		2E859ABC2165323200DB8920 /* Keychain.swift in Sources */ = {isa = PBXBuildFile; fileRef = 2E859ABB2165323200DB8920 /* Keychain.swift */; };
		2E859ABF2165332400DB8920 /* KeychainMock.swift in Sources */ = {isa = PBXBuildFile; fileRef = 2E859ABE2165332400DB8920 /* KeychainMock.swift */; };
		2E859AC12165341A00DB8920 /* AuthTokenStorage.swift in Sources */ = {isa = PBXBuildFile; fileRef = 2E859AC02165341A00DB8920 /* AuthTokenStorage.swift */; };
		2E859AC42165348000DB8920 /* AuthTokenStorageMock.swift in Sources */ = {isa = PBXBuildFile; fileRef = 2E859AC32165348000DB8920 /* AuthTokenStorageMock.swift */; };
		2E859AC8216536FF00DB8920 /* DummyTargetType.swift in Sources */ = {isa = PBXBuildFile; fileRef = 2E859AC6216536A400DB8920 /* DummyTargetType.swift */; };
		2E9D41CE214E97AB00AFDB4C /* ProductService.swift in Sources */ = {isa = PBXBuildFile; fileRef = 2E9D41CD214E97AB00AFDB4C /* ProductService.swift */; };
		2E9D41D1214E982900AFDB4C /* PublishProductEndpoint.swift in Sources */ = {isa = PBXBuildFile; fileRef = 2E9D41D0214E982900AFDB4C /* PublishProductEndpoint.swift */; };
		2E9D41D4214EB82E00AFDB4C /* ProductApiDataSource.swift in Sources */ = {isa = PBXBuildFile; fileRef = 2E9D41D3214EB82E00AFDB4C /* ProductApiDataSource.swift */; };
		2EB2B144212B2EF500705ACA /* AuthApiDataSource.swift in Sources */ = {isa = PBXBuildFile; fileRef = 2EB2B143212B2EF500705ACA /* AuthApiDataSource.swift */; };
		2EB2B147212B2F5700705ACA /* SignInUserAction.swift in Sources */ = {isa = PBXBuildFile; fileRef = 2EB2B146212B2F5700705ACA /* SignInUserAction.swift */; };
		2EB2B14A212B2F8900705ACA /* SignInUserErrorAdapter.swift in Sources */ = {isa = PBXBuildFile; fileRef = 2EB2B149212B2F8900705ACA /* SignInUserErrorAdapter.swift */; };
		2EB2B14C212B305000705ACA /* Assembly+Auth.swift in Sources */ = {isa = PBXBuildFile; fileRef = 2EB2B14B212B305000705ACA /* Assembly+Auth.swift */; };
		2ECA1F1A21285542001A3167 /* Domain.framework in Frameworks */ = {isa = PBXBuildFile; fileRef = 2ECA1F1921285542001A3167 /* Domain.framework */; };
		2ED3F5FB214C534500A715E0 /* ImageUploadService.swift in Sources */ = {isa = PBXBuildFile; fileRef = 2ED3F5FA214C534500A715E0 /* ImageUploadService.swift */; };
		2ED3F5FD214C555300A715E0 /* Storage+Rx.swift in Sources */ = {isa = PBXBuildFile; fileRef = 2ED3F5FC214C555300A715E0 /* Storage+Rx.swift */; };
		2ED3F5FF214DA12000A715E0 /* Assembly+Service.swift in Sources */ = {isa = PBXBuildFile; fileRef = 2ED3F5FE214DA12000A715E0 /* Assembly+Service.swift */; };
		2EE4A3B5212C9D0F00380467 /* Algolia.swift in Sources */ = {isa = PBXBuildFile; fileRef = 2EE4A3B4212C9D0F00380467 /* Algolia.swift */; };
		2EE4A3B8212CA55800380467 /* GameAlgoliaDataSource.swift in Sources */ = {isa = PBXBuildFile; fileRef = 2EE4A3B7212CA55800380467 /* GameAlgoliaDataSource.swift */; };
		2EE4A3BB212CA63C00380467 /* Algolia+Rx.swift in Sources */ = {isa = PBXBuildFile; fileRef = 2EE4A3BA212CA63C00380467 /* Algolia+Rx.swift */; };
		2EE4A3BE212CABEE00380467 /* GameSuggestionMapper.swift in Sources */ = {isa = PBXBuildFile; fileRef = 2EE4A3BD212CABEE00380467 /* GameSuggestionMapper.swift */; };
		430647202EE41318B9F92C5C /* Pods_DataTests.framework in Frameworks */ = {isa = PBXBuildFile; fileRef = D1B3E09790D66C786E359C58 /* Pods_DataTests.framework */; };
/* End PBXBuildFile section */

/* Begin PBXContainerItemProxy section */
		1C913A001FF0607600646884 /* PBXContainerItemProxy */ = {
			isa = PBXContainerItemProxy;
			containerPortal = 1C9139EC1FF0607600646884 /* Project object */;
			proxyType = 1;
			remoteGlobalIDString = 1C9139F41FF0607600646884;
			remoteInfo = Data;
		};
/* End PBXContainerItemProxy section */

/* Begin PBXFileReference section */
		16CBAE653F2B31515B54C6F9 /* Pods-DataTests.debug.xcconfig */ = {isa = PBXFileReference; includeInIndex = 1; lastKnownFileType = text.xcconfig; name = "Pods-DataTests.debug.xcconfig"; path = "../../../Pods/Target Support Files/Pods-DataTests/Pods-DataTests.debug.xcconfig"; sourceTree = "<group>"; };
		1C30D7172009658D00E0A501 /* GameDataSource.swift */ = {isa = PBXFileReference; lastKnownFileType = sourcecode.swift; path = GameDataSource.swift; sourceTree = "<group>"; };
		1C30D71B2009686400E0A501 /* GameRepository.swift */ = {isa = PBXFileReference; lastKnownFileType = sourcecode.swift; path = GameRepository.swift; sourceTree = "<group>"; };
		1C40D8AF1FFD354B006D5BE4 /* UserDataSource.swift */ = {isa = PBXFileReference; lastKnownFileType = sourcecode.swift; path = UserDataSource.swift; sourceTree = "<group>"; };
		1C40D8B71FFD369B006D5BE4 /* EmptyResponse.swift */ = {isa = PBXFileReference; lastKnownFileType = sourcecode.swift; path = EmptyResponse.swift; sourceTree = "<group>"; };
		1C40D8B91FFD38CA006D5BE4 /* Assembly+Moya.swift */ = {isa = PBXFileReference; lastKnownFileType = sourcecode.swift; path = "Assembly+Moya.swift"; sourceTree = "<group>"; };
		1C40D8BB1FFD3940006D5BE4 /* UserRepository.swift */ = {isa = PBXFileReference; lastKnownFileType = sourcecode.swift; path = UserRepository.swift; sourceTree = "<group>"; };
		1C89D6FD1FF3CFBF00B3FA98 /* AuthToken.swift */ = {isa = PBXFileReference; fileEncoding = 4; lastKnownFileType = sourcecode.swift; path = AuthToken.swift; sourceTree = "<group>"; };
		1C9139F51FF0607600646884 /* Data.framework */ = {isa = PBXFileReference; explicitFileType = wrapper.framework; includeInIndex = 0; path = Data.framework; sourceTree = BUILT_PRODUCTS_DIR; };
		1C9139F81FF0607600646884 /* Data.h */ = {isa = PBXFileReference; lastKnownFileType = sourcecode.c.h; path = Data.h; sourceTree = "<group>"; };
		1C9139F91FF0607600646884 /* Info.plist */ = {isa = PBXFileReference; lastKnownFileType = text.plist.xml; path = Info.plist; sourceTree = "<group>"; };
		1C9139FE1FF0607600646884 /* DataTests.xctest */ = {isa = PBXFileReference; explicitFileType = wrapper.cfbundle; includeInIndex = 0; path = DataTests.xctest; sourceTree = BUILT_PRODUCTS_DIR; };
		1C913A051FF0607600646884 /* Info.plist */ = {isa = PBXFileReference; lastKnownFileType = text.plist.xml; path = Info.plist; sourceTree = "<group>"; };
		1C913A281FF0670300646884 /* AuthRepository.swift */ = {isa = PBXFileReference; lastKnownFileType = sourcecode.swift; path = AuthRepository.swift; sourceTree = "<group>"; };
		1C913A2E1FF2B2D400646884 /* AuthDataSource.swift */ = {isa = PBXFileReference; lastKnownFileType = sourcecode.swift; path = AuthDataSource.swift; sourceTree = "<group>"; };
		1C913A341FF2B65300646884 /* Endpoint.swift */ = {isa = PBXFileReference; lastKnownFileType = sourcecode.swift; path = Endpoint.swift; sourceTree = "<group>"; };
		1C913A3A1FF2BA8B00646884 /* TargetType+Default.swift */ = {isa = PBXFileReference; lastKnownFileType = sourcecode.swift; path = "TargetType+Default.swift"; sourceTree = "<group>"; };
		1CACCE791FF2D6320001B321 /* ErrorAdapter.swift */ = {isa = PBXFileReference; lastKnownFileType = sourcecode.swift; path = ErrorAdapter.swift; sourceTree = "<group>"; };
		1CC209B51FF2C2F500EE0B5B /* Assembly+Repository.swift */ = {isa = PBXFileReference; lastKnownFileType = sourcecode.swift; path = "Assembly+Repository.swift"; sourceTree = "<group>"; };
		1CE92E9E1FF31E5600F762E5 /* Fixture.swift */ = {isa = PBXFileReference; lastKnownFileType = sourcecode.swift; path = Fixture.swift; sourceTree = "<group>"; };
		2E11C19F2135C40F003F98D4 /* ProductDraftDataSource.swift */ = {isa = PBXFileReference; lastKnownFileType = sourcecode.swift; path = ProductDraftDataSource.swift; sourceTree = "<group>"; };
		2E11C1A22135C4C7003F98D4 /* ProductDraftInMemoryDataSource.swift */ = {isa = PBXFileReference; lastKnownFileType = sourcecode.swift; path = ProductDraftInMemoryDataSource.swift; sourceTree = "<group>"; };
		2E11C1A42135C80D003F98D4 /* ProductDraftRepository.swift */ = {isa = PBXFileReference; lastKnownFileType = sourcecode.swift; path = ProductDraftRepository.swift; sourceTree = "<group>"; };
		2E2F7AB52129D23800CDED0F /* DataModule.swift */ = {isa = PBXFileReference; lastKnownFileType = sourcecode.swift; path = DataModule.swift; sourceTree = "<group>"; };
		2E2F7AB82129F46100CDED0F /* Auth+Rx.swift */ = {isa = PBXFileReference; lastKnownFileType = sourcecode.swift; path = "Auth+Rx.swift"; sourceTree = "<group>"; };
		2E2F7AC02129FA1B00CDED0F /* Assembly+User.swift */ = {isa = PBXFileReference; lastKnownFileType = sourcecode.swift; path = "Assembly+User.swift"; sourceTree = "<group>"; };
		2E61BD672160CB3C00FB87C0 /* UserService.swift */ = {isa = PBXFileReference; lastKnownFileType = sourcecode.swift; path = UserService.swift; sourceTree = "<group>"; };
		2E61BD6A2160D76800FB87C0 /* RegisterUserEndpoint.swift */ = {isa = PBXFileReference; lastKnownFileType = sourcecode.swift; path = RegisterUserEndpoint.swift; sourceTree = "<group>"; };
		2E61BD6D2160D7FF00FB87C0 /* UserApiDataSource.swift */ = {isa = PBXFileReference; lastKnownFileType = sourcecode.swift; path = UserApiDataSource.swift; sourceTree = "<group>"; };
		2E61BD702160D86700FB87C0 /* RegisterUserErrorAdapter.swift */ = {isa = PBXFileReference; lastKnownFileType = sourcecode.swift; path = RegisterUserErrorAdapter.swift; sourceTree = "<group>"; };
		2E61BD722160DA6400FB87C0 /* Moya+CustomError.swift */ = {isa = PBXFileReference; lastKnownFileType = sourcecode.swift; path = "Moya+CustomError.swift"; sourceTree = "<group>"; };
		2E61BD752160DB4800FB87C0 /* RegisterUserAction.swift */ = {isa = PBXFileReference; lastKnownFileType = sourcecode.swift; path = RegisterUserAction.swift; sourceTree = "<group>"; };
		2E61BD7921611CAA00FB87C0 /* AuthTokenPlugin.swift */ = {isa = PBXFileReference; lastKnownFileType = sourcecode.swift; path = AuthTokenPlugin.swift; sourceTree = "<group>"; };
		2E67DEDA21652B75006D705E /* AuthService.swift */ = {isa = PBXFileReference; lastKnownFileType = sourcecode.swift; path = AuthService.swift; sourceTree = "<group>"; };
		2E67DEDD21652BB9006D705E /* SignInEndpoint.swift */ = {isa = PBXFileReference; lastKnownFileType = sourcecode.swift; path = SignInEndpoint.swift; sourceTree = "<group>"; };
		2E71A8E12131523F009D24A9 /* ProductDataSource.swift */ = {isa = PBXFileReference; lastKnownFileType = sourcecode.swift; path = ProductDataSource.swift; sourceTree = "<group>"; };
		2E71A8E4213156A6009D24A9 /* ProductAlgoliaDataSource.swift */ = {isa = PBXFileReference; lastKnownFileType = sourcecode.swift; path = ProductAlgoliaDataSource.swift; sourceTree = "<group>"; };
		2E71A8E72131572E009D24A9 /* GetProductExtrasAlgoliaAction.swift */ = {isa = PBXFileReference; lastKnownFileType = sourcecode.swift; path = GetProductExtrasAlgoliaAction.swift; sourceTree = "<group>"; };
		2E71A8EA213157D6009D24A9 /* ProductExtraMapper.swift */ = {isa = PBXFileReference; lastKnownFileType = sourcecode.swift; path = ProductExtraMapper.swift; sourceTree = "<group>"; };
		2E71A8EC21315C2D009D24A9 /* ProductRepository.swift */ = {isa = PBXFileReference; lastKnownFileType = sourcecode.swift; path = ProductRepository.swift; sourceTree = "<group>"; };
		2E7CD0A92163EC7C00148C89 /* AuthTokenKeychainStorage.swift */ = {isa = PBXFileReference; fileEncoding = 4; lastKnownFileType = sourcecode.swift; path = AuthTokenKeychainStorage.swift; sourceTree = "<group>"; };
		2E859AB52165314200DB8920 /* AuthTokenPluginSpec.swift */ = {isa = PBXFileReference; lastKnownFileType = sourcecode.swift; path = AuthTokenPluginSpec.swift; sourceTree = "<group>"; };
		2E859AB9216531B800DB8920 /* Keychaneable.swift */ = {isa = PBXFileReference; lastKnownFileType = sourcecode.swift; path = Keychaneable.swift; sourceTree = "<group>"; };
		2E859ABB2165323200DB8920 /* Keychain.swift */ = {isa = PBXFileReference; lastKnownFileType = sourcecode.swift; path = Keychain.swift; sourceTree = "<group>"; };
		2E859ABE2165332400DB8920 /* KeychainMock.swift */ = {isa = PBXFileReference; lastKnownFileType = sourcecode.swift; path = KeychainMock.swift; sourceTree = "<group>"; };
		2E859AC02165341A00DB8920 /* AuthTokenStorage.swift */ = {isa = PBXFileReference; lastKnownFileType = sourcecode.swift; path = AuthTokenStorage.swift; sourceTree = "<group>"; };
		2E859AC32165348000DB8920 /* AuthTokenStorageMock.swift */ = {isa = PBXFileReference; lastKnownFileType = sourcecode.swift; path = AuthTokenStorageMock.swift; sourceTree = "<group>"; };
		2E859AC6216536A400DB8920 /* DummyTargetType.swift */ = {isa = PBXFileReference; lastKnownFileType = sourcecode.swift; path = DummyTargetType.swift; sourceTree = "<group>"; };
		2E9D41CD214E97AB00AFDB4C /* ProductService.swift */ = {isa = PBXFileReference; lastKnownFileType = sourcecode.swift; path = ProductService.swift; sourceTree = "<group>"; };
		2E9D41D0214E982900AFDB4C /* PublishProductEndpoint.swift */ = {isa = PBXFileReference; lastKnownFileType = sourcecode.swift; path = PublishProductEndpoint.swift; sourceTree = "<group>"; };
		2E9D41D3214EB82E00AFDB4C /* ProductApiDataSource.swift */ = {isa = PBXFileReference; lastKnownFileType = sourcecode.swift; path = ProductApiDataSource.swift; sourceTree = "<group>"; };
		2EB2B143212B2EF500705ACA /* AuthApiDataSource.swift */ = {isa = PBXFileReference; lastKnownFileType = sourcecode.swift; path = AuthApiDataSource.swift; sourceTree = "<group>"; };
		2EB2B146212B2F5700705ACA /* SignInUserAction.swift */ = {isa = PBXFileReference; lastKnownFileType = sourcecode.swift; path = SignInUserAction.swift; sourceTree = "<group>"; };
		2EB2B149212B2F8900705ACA /* SignInUserErrorAdapter.swift */ = {isa = PBXFileReference; lastKnownFileType = sourcecode.swift; path = SignInUserErrorAdapter.swift; sourceTree = "<group>"; };
		2EB2B14B212B305000705ACA /* Assembly+Auth.swift */ = {isa = PBXFileReference; lastKnownFileType = sourcecode.swift; path = "Assembly+Auth.swift"; sourceTree = "<group>"; };
		2ECA1F1921285542001A3167 /* Domain.framework */ = {isa = PBXFileReference; explicitFileType = wrapper.framework; path = Domain.framework; sourceTree = BUILT_PRODUCTS_DIR; };
		2ED3F5FA214C534500A715E0 /* ImageUploadService.swift */ = {isa = PBXFileReference; lastKnownFileType = sourcecode.swift; path = ImageUploadService.swift; sourceTree = "<group>"; };
		2ED3F5FC214C555300A715E0 /* Storage+Rx.swift */ = {isa = PBXFileReference; lastKnownFileType = sourcecode.swift; path = "Storage+Rx.swift"; sourceTree = "<group>"; };
		2ED3F5FE214DA12000A715E0 /* Assembly+Service.swift */ = {isa = PBXFileReference; lastKnownFileType = sourcecode.swift; path = "Assembly+Service.swift"; sourceTree = "<group>"; };
		2EE4A3B4212C9D0F00380467 /* Algolia.swift */ = {isa = PBXFileReference; lastKnownFileType = sourcecode.swift; path = Algolia.swift; sourceTree = "<group>"; };
		2EE4A3B7212CA55800380467 /* GameAlgoliaDataSource.swift */ = {isa = PBXFileReference; lastKnownFileType = sourcecode.swift; path = GameAlgoliaDataSource.swift; sourceTree = "<group>"; };
		2EE4A3BA212CA63C00380467 /* Algolia+Rx.swift */ = {isa = PBXFileReference; lastKnownFileType = sourcecode.swift; path = "Algolia+Rx.swift"; sourceTree = "<group>"; };
		2EE4A3BD212CABEE00380467 /* GameSuggestionMapper.swift */ = {isa = PBXFileReference; lastKnownFileType = sourcecode.swift; path = GameSuggestionMapper.swift; sourceTree = "<group>"; };
		D1B3E09790D66C786E359C58 /* Pods_DataTests.framework */ = {isa = PBXFileReference; explicitFileType = wrapper.framework; includeInIndex = 0; path = Pods_DataTests.framework; sourceTree = BUILT_PRODUCTS_DIR; };
		E94BF8AB55B0FEBA67B9E8BB /* Pods_Data.framework */ = {isa = PBXFileReference; explicitFileType = wrapper.framework; includeInIndex = 0; path = Pods_Data.framework; sourceTree = BUILT_PRODUCTS_DIR; };
		ED19D6395F3123B537246E7F /* Pods-Data.release.xcconfig */ = {isa = PBXFileReference; includeInIndex = 1; lastKnownFileType = text.xcconfig; name = "Pods-Data.release.xcconfig"; path = "../../../Pods/Target Support Files/Pods-Data/Pods-Data.release.xcconfig"; sourceTree = "<group>"; };
		FC88FD02DC6BC15A5C6BADB9 /* Pods-Data.debug.xcconfig */ = {isa = PBXFileReference; includeInIndex = 1; lastKnownFileType = text.xcconfig; name = "Pods-Data.debug.xcconfig"; path = "../../../Pods/Target Support Files/Pods-Data/Pods-Data.debug.xcconfig"; sourceTree = "<group>"; };
		FD5EABC82955D0185689DF89 /* Pods-DataTests.release.xcconfig */ = {isa = PBXFileReference; includeInIndex = 1; lastKnownFileType = text.xcconfig; name = "Pods-DataTests.release.xcconfig"; path = "../../../Pods/Target Support Files/Pods-DataTests/Pods-DataTests.release.xcconfig"; sourceTree = "<group>"; };
/* End PBXFileReference section */

/* Begin PBXFrameworksBuildPhase section */
		1C9139F11FF0607600646884 /* Frameworks */ = {
			isa = PBXFrameworksBuildPhase;
			buildActionMask = 2147483647;
			files = (
				2ECA1F1A21285542001A3167 /* Domain.framework in Frameworks */,
				192F6FC528C5B65226721A80 /* Pods_Data.framework in Frameworks */,
			);
			runOnlyForDeploymentPostprocessing = 0;
		};
		1C9139FB1FF0607600646884 /* Frameworks */ = {
			isa = PBXFrameworksBuildPhase;
			buildActionMask = 2147483647;
			files = (
				1C9139FF1FF0607600646884 /* Data.framework in Frameworks */,
				430647202EE41318B9F92C5C /* Pods_DataTests.framework in Frameworks */,
			);
			runOnlyForDeploymentPostprocessing = 0;
		};
/* End PBXFrameworksBuildPhase section */

/* Begin PBXGroup section */
		1C30D7122009656400E0A501 /* Game */ = {
			isa = PBXGroup;
			children = (
				1C30D71B2009686400E0A501 /* GameRepository.swift */,
				1C30D7152009658500E0A501 /* Data Source */,
			);
			path = Game;
			sourceTree = "<group>";
		};
		1C30D7152009658500E0A501 /* Data Source */ = {
			isa = PBXGroup;
			children = (
				1C30D7172009658D00E0A501 /* GameDataSource.swift */,
				2EE4A3B6212CA54700380467 /* Algolia */,
			);
			path = "Data Source";
			sourceTree = "<group>";
		};
		1C40D8AB1FFD34FB006D5BE4 /* Auth */ = {
			isa = PBXGroup;
			children = (
				1C913A281FF0670300646884 /* AuthRepository.swift */,
				1C913A2D1FF2B24E00646884 /* Data Source */,
			);
			path = Auth;
			sourceTree = "<group>";
		};
		1C40D8AC1FFD351D006D5BE4 /* User */ = {
			isa = PBXGroup;
			children = (
				1C40D8BB1FFD3940006D5BE4 /* UserRepository.swift */,
				1C40D8AD1FFD353D006D5BE4 /* Data Source */,
			);
			path = User;
			sourceTree = "<group>";
		};
		1C40D8AD1FFD353D006D5BE4 /* Data Source */ = {
			isa = PBXGroup;
			children = (
				1C40D8AF1FFD354B006D5BE4 /* UserDataSource.swift */,
				2E61BD6C2160D7F500FB87C0 /* Api */,
			);
			path = "Data Source";
			sourceTree = "<group>";
		};
		1C40D8B61FFD3692006D5BE4 /* Response */ = {
			isa = PBXGroup;
			children = (
				1C40D8B71FFD369B006D5BE4 /* EmptyResponse.swift */,
			);
			path = Response;
			sourceTree = "<group>";
		};
		1C89D6FA1FF3CF9F00B3FA98 /* Domain */ = {
			isa = PBXGroup;
			children = (
				1C89D6FB1FF3CF9F00B3FA98 /* Model */,
			);
			path = Domain;
			sourceTree = "<group>";
		};
		1C89D6FB1FF3CF9F00B3FA98 /* Model */ = {
			isa = PBXGroup;
			children = (
				1C89D6FC1FF3CFAA00B3FA98 /* Auth */,
				1C40D8B61FFD3692006D5BE4 /* Response */,
			);
			path = Model;
			sourceTree = "<group>";
		};
		1C89D6FC1FF3CFAA00B3FA98 /* Auth */ = {
			isa = PBXGroup;
			children = (
				1C89D6FD1FF3CFBF00B3FA98 /* AuthToken.swift */,
			);
			path = Auth;
			sourceTree = "<group>";
		};
		1C9139EB1FF0607600646884 = {
			isa = PBXGroup;
			children = (
				1C9139F71FF0607600646884 /* Data */,
				1C913A021FF0607600646884 /* DataTests */,
				1C9139F61FF0607600646884 /* Products */,
				1C913A0F1FF060FB00646884 /* Frameworks */,
				A68C8B87A51153B07520E2DC /* Pods */,
			);
			sourceTree = "<group>";
		};
		1C9139F61FF0607600646884 /* Products */ = {
			isa = PBXGroup;
			children = (
				1C9139F51FF0607600646884 /* Data.framework */,
				1C9139FE1FF0607600646884 /* DataTests.xctest */,
			);
			name = Products;
			sourceTree = "<group>";
		};
		1C9139F71FF0607600646884 /* Data */ = {
			isa = PBXGroup;
			children = (
				2E2F7AB52129D23800CDED0F /* DataModule.swift */,
				1C89D6FA1FF3CF9F00B3FA98 /* Domain */,
				1C913A1C1FF065AF00646884 /* Infrastructure */,
				1C913A151FF064C700646884 /* Resources */,
			);
			path = Data;
			sourceTree = "<group>";
		};
		1C913A021FF0607600646884 /* DataTests */ = {
			isa = PBXGroup;
			children = (
				2E859AB02165310600DB8920 /* Infrastructure */,
				1CE92E9C1FF31E4900F762E5 /* Utils */,
				1C913A051FF0607600646884 /* Info.plist */,
			);
			path = DataTests;
			sourceTree = "<group>";
		};
		1C913A0F1FF060FB00646884 /* Frameworks */ = {
			isa = PBXGroup;
			children = (
				2ECA1F1921285542001A3167 /* Domain.framework */,
				E94BF8AB55B0FEBA67B9E8BB /* Pods_Data.framework */,
				D1B3E09790D66C786E359C58 /* Pods_DataTests.framework */,
			);
			name = Frameworks;
			sourceTree = "<group>";
		};
		1C913A151FF064C700646884 /* Resources */ = {
			isa = PBXGroup;
			children = (
				1C9139F81FF0607600646884 /* Data.h */,
				1C9139F91FF0607600646884 /* Info.plist */,
			);
			path = Resources;
			sourceTree = "<group>";
		};
		1C913A161FF064EB00646884 /* Service */ = {
			isa = PBXGroup;
			children = (
				2ED3F5F9214C533000A715E0 /* Firebase */,
				2EE4A3B3212C9D0300380467 /* Algolia */,
				1C913A171FF0650600646884 /* Network */,
			);
			path = Service;
			sourceTree = "<group>";
		};
		1C913A171FF0650600646884 /* Network */ = {
			isa = PBXGroup;
			children = (
				2E67DED921652B6D006D705E /* Auth */,
				2E61BD662160CB2C00FB87C0 /* User */,
				2E9D41CC214E979D00AFDB4C /* Product */,
				2E61BD7721611C8E00FB87C0 /* Plugin */,
				1CACCE8B1FF30A380001B321 /* Protocol */,
			);
			path = Network;
			sourceTree = "<group>";
		};
		1C913A1C1FF065AF00646884 /* Infrastructure */ = {
			isa = PBXGroup;
			children = (
				1CC209B41FF2C2D100EE0B5B /* Assembly */,
				1C913A241FF0666100646884 /* Repository */,
				1C913A161FF064EB00646884 /* Service */,
				1C913A381FF2BA7700646884 /* Extension */,
				2E859AB72165319F00DB8920 /* Utils */,
			);
			path = Infrastructure;
			sourceTree = "<group>";
		};
		1C913A241FF0666100646884 /* Repository */ = {
			isa = PBXGroup;
			children = (
				1C40D8AB1FFD34FB006D5BE4 /* Auth */,
				1C40D8AC1FFD351D006D5BE4 /* User */,
				2E71A8DF213151EC009D24A9 /* Product */,
				2E11C19D2135C3DF003F98D4 /* Product Draft */,
				1C30D7122009656400E0A501 /* Game */,
			);
			path = Repository;
			sourceTree = "<group>";
		};
		1C913A2D1FF2B24E00646884 /* Data Source */ = {
			isa = PBXGroup;
			children = (
				1C913A2E1FF2B2D400646884 /* AuthDataSource.swift */,
				2EB2B142212B2EE500705ACA /* Api */,
			);
			path = "Data Source";
			sourceTree = "<group>";
		};
		1C913A331FF2B64600646884 /* Endpoint */ = {
			isa = PBXGroup;
			children = (
				1C913A341FF2B65300646884 /* Endpoint.swift */,
			);
			path = Endpoint;
			sourceTree = "<group>";
		};
		1C913A381FF2BA7700646884 /* Extension */ = {
			isa = PBXGroup;
			children = (
				2E2F7AB72129F3A500CDED0F /* Firebase */,
				2EE4A3B9212CA63000380467 /* Algolia */,
				1C913A391FF2BA7700646884 /* Moya */,
			);
			path = Extension;
			sourceTree = "<group>";
		};
		1C913A391FF2BA7700646884 /* Moya */ = {
			isa = PBXGroup;
			children = (
				1C913A3A1FF2BA8B00646884 /* TargetType+Default.swift */,
				2E61BD722160DA6400FB87C0 /* Moya+CustomError.swift */,
			);
			path = Moya;
			sourceTree = "<group>";
		};
		1CACCE781FF2D61D0001B321 /* Error */ = {
			isa = PBXGroup;
			children = (
				1CACCE791FF2D6320001B321 /* ErrorAdapter.swift */,
			);
			path = Error;
			sourceTree = "<group>";
		};
		1CACCE8B1FF30A380001B321 /* Protocol */ = {
			isa = PBXGroup;
			children = (
				1CACCE781FF2D61D0001B321 /* Error */,
				1C913A331FF2B64600646884 /* Endpoint */,
			);
			path = Protocol;
			sourceTree = "<group>";
		};
		1CC209B41FF2C2D100EE0B5B /* Assembly */ = {
			isa = PBXGroup;
			children = (
				1CC209B51FF2C2F500EE0B5B /* Assembly+Repository.swift */,
				2EB2B14B212B305000705ACA /* Assembly+Auth.swift */,
				2E2F7AC02129FA1B00CDED0F /* Assembly+User.swift */,
				1C40D8B91FFD38CA006D5BE4 /* Assembly+Moya.swift */,
				2ED3F5FE214DA12000A715E0 /* Assembly+Service.swift */,
			);
			path = Assembly;
			sourceTree = "<group>";
		};
		1CE92E9C1FF31E4900F762E5 /* Utils */ = {
			isa = PBXGroup;
			children = (
				2E859ABD2165331800DB8920 /* Keychain */,
				1CE92E9D1FF31E4900F762E5 /* Fixture */,
			);
			path = Utils;
			sourceTree = "<group>";
		};
		1CE92E9D1FF31E4900F762E5 /* Fixture */ = {
			isa = PBXGroup;
			children = (
				1CE92E9E1FF31E5600F762E5 /* Fixture.swift */,
			);
			path = Fixture;
			sourceTree = "<group>";
		};
		2E11C19D2135C3DF003F98D4 /* Product Draft */ = {
			isa = PBXGroup;
			children = (
				2E11C1A42135C80D003F98D4 /* ProductDraftRepository.swift */,
				2E11C19E2135C403003F98D4 /* Data Source */,
			);
			path = "Product Draft";
			sourceTree = "<group>";
		};
		2E11C19E2135C403003F98D4 /* Data Source */ = {
			isa = PBXGroup;
			children = (
				2E11C19F2135C40F003F98D4 /* ProductDraftDataSource.swift */,
				2E11C1A12135C4B9003F98D4 /* InMemory */,
			);
			path = "Data Source";
			sourceTree = "<group>";
		};
		2E11C1A12135C4B9003F98D4 /* InMemory */ = {
			isa = PBXGroup;
			children = (
				2E11C1A22135C4C7003F98D4 /* ProductDraftInMemoryDataSource.swift */,
			);
			path = InMemory;
			sourceTree = "<group>";
		};
		2E2F7AB72129F3A500CDED0F /* Firebase */ = {
			isa = PBXGroup;
			children = (
				2E2F7AB82129F46100CDED0F /* Auth+Rx.swift */,
				2ED3F5FC214C555300A715E0 /* Storage+Rx.swift */,
			);
			path = Firebase;
			sourceTree = "<group>";
		};
		2E61BD662160CB2C00FB87C0 /* User */ = {
			isa = PBXGroup;
			children = (
				2E61BD672160CB3C00FB87C0 /* UserService.swift */,
				2E61BD692160D75F00FB87C0 /* Endpoint */,
			);
			path = User;
			sourceTree = "<group>";
		};
		2E61BD692160D75F00FB87C0 /* Endpoint */ = {
			isa = PBXGroup;
			children = (
				2E61BD6A2160D76800FB87C0 /* RegisterUserEndpoint.swift */,
			);
			path = Endpoint;
			sourceTree = "<group>";
		};
		2E61BD6C2160D7F500FB87C0 /* Api */ = {
			isa = PBXGroup;
			children = (
				2E61BD6D2160D7FF00FB87C0 /* UserApiDataSource.swift */,
				2E61BD742160DB3D00FB87C0 /* Action */,
				2E61BD6F2160D85B00FB87C0 /* Error */,
			);
			path = Api;
			sourceTree = "<group>";
		};
		2E61BD6F2160D85B00FB87C0 /* Error */ = {
			isa = PBXGroup;
			children = (
				2E61BD702160D86700FB87C0 /* RegisterUserErrorAdapter.swift */,
			);
			path = Error;
			sourceTree = "<group>";
		};
		2E61BD742160DB3D00FB87C0 /* Action */ = {
			isa = PBXGroup;
			children = (
				2E61BD752160DB4800FB87C0 /* RegisterUserAction.swift */,
			);
			path = Action;
			sourceTree = "<group>";
		};
		2E61BD7721611C8E00FB87C0 /* Plugin */ = {
			isa = PBXGroup;
			children = (
				2E61BD7821611C9F00FB87C0 /* Auth */,
			);
			path = Plugin;
			sourceTree = "<group>";
		};
		2E61BD7821611C9F00FB87C0 /* Auth */ = {
			isa = PBXGroup;
			children = (
				2E859AC02165341A00DB8920 /* AuthTokenStorage.swift */,
				2E7CD0A92163EC7C00148C89 /* AuthTokenKeychainStorage.swift */,
				2E61BD7921611CAA00FB87C0 /* AuthTokenPlugin.swift */,
			);
			path = Auth;
			sourceTree = "<group>";
		};
		2E67DED921652B6D006D705E /* Auth */ = {
			isa = PBXGroup;
			children = (
				2E67DEDA21652B75006D705E /* AuthService.swift */,
				2E67DEDC21652BB1006D705E /* Endpoint */,
			);
			path = Auth;
			sourceTree = "<group>";
		};
		2E67DEDC21652BB1006D705E /* Endpoint */ = {
			isa = PBXGroup;
			children = (
				2E67DEDD21652BB9006D705E /* SignInEndpoint.swift */,
			);
			path = Endpoint;
			sourceTree = "<group>";
		};
		2E71A8DF213151EC009D24A9 /* Product */ = {
			isa = PBXGroup;
			children = (
				2E71A8E021315203009D24A9 /* Data Source */,
				2E71A8EC21315C2D009D24A9 /* ProductRepository.swift */,
			);
			path = Product;
			sourceTree = "<group>";
		};
		2E71A8E021315203009D24A9 /* Data Source */ = {
			isa = PBXGroup;
			children = (
				2E71A8E12131523F009D24A9 /* ProductDataSource.swift */,
				2E9D41D2214EB82300AFDB4C /* Api */,
				2E71A8E321315695009D24A9 /* Algolia */,
			);
			path = "Data Source";
			sourceTree = "<group>";
		};
		2E71A8E321315695009D24A9 /* Algolia */ = {
			isa = PBXGroup;
			children = (
				2E71A8E4213156A6009D24A9 /* ProductAlgoliaDataSource.swift */,
				2E71A8E62131571D009D24A9 /* Action */,
				2E71A8E9213157BD009D24A9 /* Mapper */,
			);
			path = Algolia;
			sourceTree = "<group>";
		};
		2E71A8E62131571D009D24A9 /* Action */ = {
			isa = PBXGroup;
			children = (
				2E71A8E72131572E009D24A9 /* GetProductExtrasAlgoliaAction.swift */,
			);
			path = Action;
			sourceTree = "<group>";
		};
		2E71A8E9213157BD009D24A9 /* Mapper */ = {
			isa = PBXGroup;
			children = (
				2E71A8EA213157D6009D24A9 /* ProductExtraMapper.swift */,
			);
			path = Mapper;
			sourceTree = "<group>";
		};
		2E859AB02165310600DB8920 /* Infrastructure */ = {
			isa = PBXGroup;
			children = (
				2E859AB12165311700DB8920 /* Service */,
			);
			path = Infrastructure;
			sourceTree = "<group>";
		};
		2E859AB12165311700DB8920 /* Service */ = {
			isa = PBXGroup;
			children = (
				2E859AB22165312200DB8920 /* Network */,
			);
			path = Service;
			sourceTree = "<group>";
		};
		2E859AB22165312200DB8920 /* Network */ = {
			isa = PBXGroup;
			children = (
				2E859AB32165312A00DB8920 /* Plugin */,
			);
			path = Network;
			sourceTree = "<group>";
		};
		2E859AB32165312A00DB8920 /* Plugin */ = {
			isa = PBXGroup;
			children = (
				2E859AB42165313400DB8920 /* Auth */,
			);
			path = Plugin;
			sourceTree = "<group>";
		};
		2E859AB42165313400DB8920 /* Auth */ = {
			isa = PBXGroup;
			children = (
				2E859AB52165314200DB8920 /* AuthTokenPluginSpec.swift */,
				2E859AC22165347100DB8920 /* Test Doubles */,
			);
			path = Auth;
			sourceTree = "<group>";
		};
		2E859AB72165319F00DB8920 /* Utils */ = {
			isa = PBXGroup;
			children = (
				2E859AC52165369600DB8920 /* Moya */,
				2E859AB8216531AC00DB8920 /* Keychain */,
			);
			path = Utils;
			sourceTree = "<group>";
		};
		2E859AB8216531AC00DB8920 /* Keychain */ = {
			isa = PBXGroup;
			children = (
				2E859AB9216531B800DB8920 /* Keychaneable.swift */,
				2E859ABB2165323200DB8920 /* Keychain.swift */,
			);
			path = Keychain;
			sourceTree = "<group>";
		};
		2E859ABD2165331800DB8920 /* Keychain */ = {
			isa = PBXGroup;
			children = (
				2E859ABE2165332400DB8920 /* KeychainMock.swift */,
			);
			path = Keychain;
			sourceTree = "<group>";
		};
		2E859AC22165347100DB8920 /* Test Doubles */ = {
			isa = PBXGroup;
			children = (
				2E859AC32165348000DB8920 /* AuthTokenStorageMock.swift */,
			);
			path = "Test Doubles";
			sourceTree = "<group>";
		};
		2E859AC52165369600DB8920 /* Moya */ = {
			isa = PBXGroup;
			children = (
				2E859AC6216536A400DB8920 /* DummyTargetType.swift */,
			);
			path = Moya;
			sourceTree = "<group>";
		};
		2E9D41CC214E979D00AFDB4C /* Product */ = {
			isa = PBXGroup;
			children = (
				2E9D41CD214E97AB00AFDB4C /* ProductService.swift */,
				2E9D41CF214E981700AFDB4C /* Endpoint */,
			);
			path = Product;
			sourceTree = "<group>";
		};
		2E9D41CF214E981700AFDB4C /* Endpoint */ = {
			isa = PBXGroup;
			children = (
				2E9D41D0214E982900AFDB4C /* PublishProductEndpoint.swift */,
			);
			path = Endpoint;
			sourceTree = "<group>";
		};
		2E9D41D2214EB82300AFDB4C /* Api */ = {
			isa = PBXGroup;
			children = (
				2E9D41D3214EB82E00AFDB4C /* ProductApiDataSource.swift */,
			);
			path = Api;
			sourceTree = "<group>";
		};
		2EB2B142212B2EE500705ACA /* Api */ = {
			isa = PBXGroup;
			children = (
				2EB2B143212B2EF500705ACA /* AuthApiDataSource.swift */,
				2EB2B145212B2F4000705ACA /* Action */,
				2EB2B148212B2F7300705ACA /* Error */,
			);
			path = Api;
			sourceTree = "<group>";
		};
		2EB2B145212B2F4000705ACA /* Action */ = {
			isa = PBXGroup;
			children = (
				2EB2B146212B2F5700705ACA /* SignInUserAction.swift */,
			);
			path = Action;
			sourceTree = "<group>";
		};
		2EB2B148212B2F7300705ACA /* Error */ = {
			isa = PBXGroup;
			children = (
				2EB2B149212B2F8900705ACA /* SignInUserErrorAdapter.swift */,
			);
			path = Error;
			sourceTree = "<group>";
		};
		2ED3F5F9214C533000A715E0 /* Firebase */ = {
			isa = PBXGroup;
			children = (
				2ED3F5FA214C534500A715E0 /* ImageUploadService.swift */,
			);
			path = Firebase;
			sourceTree = "<group>";
		};
		2EE4A3B3212C9D0300380467 /* Algolia */ = {
			isa = PBXGroup;
			children = (
				2EE4A3B4212C9D0F00380467 /* Algolia.swift */,
			);
			path = Algolia;
			sourceTree = "<group>";
		};
		2EE4A3B6212CA54700380467 /* Algolia */ = {
			isa = PBXGroup;
			children = (
				2EE4A3B7212CA55800380467 /* GameAlgoliaDataSource.swift */,
				2EE4A3BC212CABD900380467 /* Mapper */,
			);
			path = Algolia;
			sourceTree = "<group>";
		};
		2EE4A3B9212CA63000380467 /* Algolia */ = {
			isa = PBXGroup;
			children = (
				2EE4A3BA212CA63C00380467 /* Algolia+Rx.swift */,
			);
			path = Algolia;
			sourceTree = "<group>";
		};
		2EE4A3BC212CABD900380467 /* Mapper */ = {
			isa = PBXGroup;
			children = (
				2EE4A3BD212CABEE00380467 /* GameSuggestionMapper.swift */,
			);
			path = Mapper;
			sourceTree = "<group>";
		};
		A68C8B87A51153B07520E2DC /* Pods */ = {
			isa = PBXGroup;
			children = (
				FC88FD02DC6BC15A5C6BADB9 /* Pods-Data.debug.xcconfig */,
				ED19D6395F3123B537246E7F /* Pods-Data.release.xcconfig */,
				16CBAE653F2B31515B54C6F9 /* Pods-DataTests.debug.xcconfig */,
				FD5EABC82955D0185689DF89 /* Pods-DataTests.release.xcconfig */,
			);
			name = Pods;
			sourceTree = "<group>";
		};
/* End PBXGroup section */

/* Begin PBXHeadersBuildPhase section */
		1C9139F21FF0607600646884 /* Headers */ = {
			isa = PBXHeadersBuildPhase;
			buildActionMask = 2147483647;
			files = (
				1C913A061FF0607600646884 /* Data.h in Headers */,
			);
			runOnlyForDeploymentPostprocessing = 0;
		};
/* End PBXHeadersBuildPhase section */

/* Begin PBXNativeTarget section */
		1C9139F41FF0607600646884 /* Data */ = {
			isa = PBXNativeTarget;
			buildConfigurationList = 1C913A091FF0607600646884 /* Build configuration list for PBXNativeTarget "Data" */;
			buildPhases = (
				4E70F89C9DA7FC68D45C3672 /* [CP] Check Pods Manifest.lock */,
				1C9139F01FF0607600646884 /* Sources */,
				1C9139F11FF0607600646884 /* Frameworks */,
				1C9139F21FF0607600646884 /* Headers */,
				1C9139F31FF0607600646884 /* Resources */,
			);
			buildRules = (
			);
			dependencies = (
			);
			name = Data;
			productName = Data;
			productReference = 1C9139F51FF0607600646884 /* Data.framework */;
			productType = "com.apple.product-type.framework";
		};
		1C9139FD1FF0607600646884 /* DataTests */ = {
			isa = PBXNativeTarget;
			buildConfigurationList = 1C913A0C1FF0607600646884 /* Build configuration list for PBXNativeTarget "DataTests" */;
			buildPhases = (
				D3D8AC23E64D7BFF2F9CFB6F /* [CP] Check Pods Manifest.lock */,
				1C9139FA1FF0607600646884 /* Sources */,
				1C9139FB1FF0607600646884 /* Frameworks */,
				1C9139FC1FF0607600646884 /* Resources */,
				2E859AC9216537F200DB8920 /* [Carthage] - Copy frameworks */,
				31C53B3B7BBA78C860E857EE /* [CP] Embed Pods Frameworks */,
			);
			buildRules = (
			);
			dependencies = (
				1C913A011FF0607600646884 /* PBXTargetDependency */,
			);
			name = DataTests;
			productName = DataTests;
			productReference = 1C9139FE1FF0607600646884 /* DataTests.xctest */;
			productType = "com.apple.product-type.bundle.unit-test";
		};
/* End PBXNativeTarget section */

/* Begin PBXProject section */
		1C9139EC1FF0607600646884 /* Project object */ = {
			isa = PBXProject;
			attributes = {
				LastSwiftUpdateCheck = 0920;
				LastUpgradeCheck = 0940;
				ORGANIZATIONNAME = Skydev;
				TargetAttributes = {
					1C9139F41FF0607600646884 = {
						CreatedOnToolsVersion = 9.2;
						LastSwiftMigration = 1000;
						ProvisioningStyle = Automatic;
					};
					1C9139FD1FF0607600646884 = {
						CreatedOnToolsVersion = 9.2;
						LastSwiftMigration = 0920;
						ProvisioningStyle = Automatic;
					};
				};
			};
			buildConfigurationList = 1C9139EF1FF0607600646884 /* Build configuration list for PBXProject "Data" */;
			compatibilityVersion = "Xcode 8.0";
			developmentRegion = en;
			hasScannedForEncodings = 0;
			knownRegions = (
				en,
			);
			mainGroup = 1C9139EB1FF0607600646884;
			productRefGroup = 1C9139F61FF0607600646884 /* Products */;
			projectDirPath = "";
			projectRoot = "";
			targets = (
				1C9139F41FF0607600646884 /* Data */,
				1C9139FD1FF0607600646884 /* DataTests */,
			);
		};
/* End PBXProject section */

/* Begin PBXResourcesBuildPhase section */
		1C9139F31FF0607600646884 /* Resources */ = {
			isa = PBXResourcesBuildPhase;
			buildActionMask = 2147483647;
			files = (
			);
			runOnlyForDeploymentPostprocessing = 0;
		};
		1C9139FC1FF0607600646884 /* Resources */ = {
			isa = PBXResourcesBuildPhase;
			buildActionMask = 2147483647;
			files = (
			);
			runOnlyForDeploymentPostprocessing = 0;
		};
/* End PBXResourcesBuildPhase section */

/* Begin PBXShellScriptBuildPhase section */
		2E859AC9216537F200DB8920 /* [Carthage] - Copy frameworks */ = {
			isa = PBXShellScriptBuildPhase;
			buildActionMask = 2147483647;
			files = (
			);
			inputFileListPaths = (
			);
			inputPaths = (
				"$(SRCROOT)/../../../../Carthage/Build/iOS/Moya.framework",
				"$(SRCROOT)/../../../../Carthage/Build/iOS/Alamofire.framework",
				"$(SRCROOT)/../../../../Carthage/Build/iOS/InstantSearchClient.framework",
				"$(SRCROOT)/../../../../Carthage/Build/iOS/KeychainAccess.framework",
				"$(SRCROOT)/../../../../Carthage/Build/iOS/RxMoya.framework",
				"$(SRCROOT)/../../../../Carthage/Build/iOS/RxSwift.framework",
				"$(SRCROOT)/../../../../Carthage/Build/iOS/Result.framework",
			);
			name = "[Carthage] - Copy frameworks";
			outputFileListPaths = (
			);
			outputPaths = (
			);
			runOnlyForDeploymentPostprocessing = 0;
			shellPath = /bin/sh;
			shellScript = "/usr/local/bin/carthage copy-frameworks\n";
		};
		31C53B3B7BBA78C860E857EE /* [CP] Embed Pods Frameworks */ = {
			isa = PBXShellScriptBuildPhase;
			buildActionMask = 2147483647;
			files = (
			);
			inputFileListPaths = (
			);
			inputPaths = (
				"${SRCROOT}/../../../Pods/Target Support Files/Pods-DataTests/Pods-DataTests-frameworks.sh",
				"${BUILT_PRODUCTS_DIR}/GTMSessionFetcher/GTMSessionFetcher.framework",
				"${BUILT_PRODUCTS_DIR}/GoogleUtilities/GoogleUtilities.framework",
				"${BUILT_PRODUCTS_DIR}/nanopb/nanopb.framework",
			);
			name = "[CP] Embed Pods Frameworks";
			outputFileListPaths = (
			);
			outputPaths = (
				"${TARGET_BUILD_DIR}/${FRAMEWORKS_FOLDER_PATH}/GTMSessionFetcher.framework",
				"${TARGET_BUILD_DIR}/${FRAMEWORKS_FOLDER_PATH}/GoogleUtilities.framework",
				"${TARGET_BUILD_DIR}/${FRAMEWORKS_FOLDER_PATH}/nanopb.framework",
			);
			runOnlyForDeploymentPostprocessing = 0;
			shellPath = /bin/sh;
			shellScript = "\"${SRCROOT}/../../../Pods/Target Support Files/Pods-DataTests/Pods-DataTests-frameworks.sh\"\n";
			showEnvVarsInLog = 0;
		};
		4E70F89C9DA7FC68D45C3672 /* [CP] Check Pods Manifest.lock */ = {
			isa = PBXShellScriptBuildPhase;
			buildActionMask = 2147483647;
			files = (
			);
			inputPaths = (
				"${PODS_PODFILE_DIR_PATH}/Podfile.lock",
				"${PODS_ROOT}/Manifest.lock",
			);
			name = "[CP] Check Pods Manifest.lock";
			outputPaths = (
				"$(DERIVED_FILE_DIR)/Pods-Data-checkManifestLockResult.txt",
			);
			runOnlyForDeploymentPostprocessing = 0;
			shellPath = /bin/sh;
			shellScript = "diff \"${PODS_PODFILE_DIR_PATH}/Podfile.lock\" \"${PODS_ROOT}/Manifest.lock\" > /dev/null\nif [ $? != 0 ] ; then\n    # print error to STDERR\n    echo \"error: The sandbox is not in sync with the Podfile.lock. Run 'pod install' or update your CocoaPods installation.\" >&2\n    exit 1\nfi\n# This output is used by Xcode 'outputs' to avoid re-running this script phase.\necho \"SUCCESS\" > \"${SCRIPT_OUTPUT_FILE_0}\"\n";
			showEnvVarsInLog = 0;
		};
		D3D8AC23E64D7BFF2F9CFB6F /* [CP] Check Pods Manifest.lock */ = {
			isa = PBXShellScriptBuildPhase;
			buildActionMask = 2147483647;
			files = (
			);
			inputFileListPaths = (
			);
			inputPaths = (
				"${PODS_PODFILE_DIR_PATH}/Podfile.lock",
				"${PODS_ROOT}/Manifest.lock",
			);
			name = "[CP] Check Pods Manifest.lock";
			outputFileListPaths = (
			);
			outputPaths = (
				"$(DERIVED_FILE_DIR)/Pods-DataTests-checkManifestLockResult.txt",
			);
			runOnlyForDeploymentPostprocessing = 0;
			shellPath = /bin/sh;
			shellScript = "diff \"${PODS_PODFILE_DIR_PATH}/Podfile.lock\" \"${PODS_ROOT}/Manifest.lock\" > /dev/null\nif [ $? != 0 ] ; then\n    # print error to STDERR\n    echo \"error: The sandbox is not in sync with the Podfile.lock. Run 'pod install' or update your CocoaPods installation.\" >&2\n    exit 1\nfi\n# This output is used by Xcode 'outputs' to avoid re-running this script phase.\necho \"SUCCESS\" > \"${SCRIPT_OUTPUT_FILE_0}\"\n";
			showEnvVarsInLog = 0;
		};
/* End PBXShellScriptBuildPhase section */

/* Begin PBXSourcesBuildPhase section */
		1C9139F01FF0607600646884 /* Sources */ = {
			isa = PBXSourcesBuildPhase;
			buildActionMask = 2147483647;
			files = (
				2E9D41D1214E982900AFDB4C /* PublishProductEndpoint.swift in Sources */,
				2E61BD6E2160D7FF00FB87C0 /* UserApiDataSource.swift in Sources */,
				1C913A2F1FF2B2D400646884 /* AuthDataSource.swift in Sources */,
				1CC209B61FF2C2F500EE0B5B /* Assembly+Repository.swift in Sources */,
				2E2F7AB92129F46100CDED0F /* Auth+Rx.swift in Sources */,
				2ED3F5FB214C534500A715E0 /* ImageUploadService.swift in Sources */,
				1C30D71C2009686400E0A501 /* GameRepository.swift in Sources */,
				2E2F7AB62129D23800CDED0F /* DataModule.swift in Sources */,
				2E71A8ED21315C2D009D24A9 /* ProductRepository.swift in Sources */,
				1C89D6FE1FF3CFBF00B3FA98 /* AuthToken.swift in Sources */,
				2E859AC12165341A00DB8920 /* AuthTokenStorage.swift in Sources */,
				2E71A8EB213157D6009D24A9 /* ProductExtraMapper.swift in Sources */,
				2EB2B14A212B2F8900705ACA /* SignInUserErrorAdapter.swift in Sources */,
				1C40D8B01FFD354B006D5BE4 /* UserDataSource.swift in Sources */,
				2E61BD682160CB3C00FB87C0 /* UserService.swift in Sources */,
				2E61BD7A21611CAA00FB87C0 /* AuthTokenPlugin.swift in Sources */,
				1C30D7182009658D00E0A501 /* GameDataSource.swift in Sources */,
				2EE4A3BE212CABEE00380467 /* GameSuggestionMapper.swift in Sources */,
				2ED3F5FF214DA12000A715E0 /* Assembly+Service.swift in Sources */,
				2E67DEDB21652B75006D705E /* AuthService.swift in Sources */,
				2E859ABC2165323200DB8920 /* Keychain.swift in Sources */,
				2E859ABA216531B800DB8920 /* Keychaneable.swift in Sources */,
				1C913A351FF2B65300646884 /* Endpoint.swift in Sources */,
				2E71A8E82131572E009D24A9 /* GetProductExtrasAlgoliaAction.swift in Sources */,
				2EE4A3BB212CA63C00380467 /* Algolia+Rx.swift in Sources */,
				2E9D41CE214E97AB00AFDB4C /* ProductService.swift in Sources */,
				1C40D8B81FFD369B006D5BE4 /* EmptyResponse.swift in Sources */,
				2E67DEDE21652BB9006D705E /* SignInEndpoint.swift in Sources */,
				2E61BD6B2160D76800FB87C0 /* RegisterUserEndpoint.swift in Sources */,
				2E9D41D4214EB82E00AFDB4C /* ProductApiDataSource.swift in Sources */,
				1C40D8BA1FFD38CA006D5BE4 /* Assembly+Moya.swift in Sources */,
				2EE4A3B8212CA55800380467 /* GameAlgoliaDataSource.swift in Sources */,
				1C913A291FF0670300646884 /* AuthRepository.swift in Sources */,
				2ED3F5FD214C555300A715E0 /* Storage+Rx.swift in Sources */,
				2EE4A3B5212C9D0F00380467 /* Algolia.swift in Sources */,
				2EB2B144212B2EF500705ACA /* AuthApiDataSource.swift in Sources */,
				1C913A3B1FF2BA8B00646884 /* TargetType+Default.swift in Sources */,
				2E2F7AC12129FA1B00CDED0F /* Assembly+User.swift in Sources */,
				1C40D8BC1FFD3940006D5BE4 /* UserRepository.swift in Sources */,
				2E11C1A32135C4C7003F98D4 /* ProductDraftInMemoryDataSource.swift in Sources */,
				2E11C1A52135C80D003F98D4 /* ProductDraftRepository.swift in Sources */,
				2E71A8E22131523F009D24A9 /* ProductDataSource.swift in Sources */,
				2E71A8E5213156A6009D24A9 /* ProductAlgoliaDataSource.swift in Sources */,
				2E11C1A02135C40F003F98D4 /* ProductDraftDataSource.swift in Sources */,
				2E61BD732160DA6400FB87C0 /* Moya+CustomError.swift in Sources */,
				2E61BD712160D86700FB87C0 /* RegisterUserErrorAdapter.swift in Sources */,
				1CACCE7A1FF2D6320001B321 /* ErrorAdapter.swift in Sources */,
				2EB2B147212B2F5700705ACA /* SignInUserAction.swift in Sources */,
				2E61BD762160DB4800FB87C0 /* RegisterUserAction.swift in Sources */,
				2EB2B14C212B305000705ACA /* Assembly+Auth.swift in Sources */,
				2E7CD0AA2163EC7C00148C89 /* AuthTokenKeychainStorage.swift in Sources */,
			);
			runOnlyForDeploymentPostprocessing = 0;
		};
		1C9139FA1FF0607600646884 /* Sources */ = {
			isa = PBXSourcesBuildPhase;
			buildActionMask = 2147483647;
			files = (
				2E859AC8216536FF00DB8920 /* DummyTargetType.swift in Sources */,
				1CE92E9F1FF31E5600F762E5 /* Fixture.swift in Sources */,
				2E859AB62165314200DB8920 /* AuthTokenPluginSpec.swift in Sources */,
				2E859ABF2165332400DB8920 /* KeychainMock.swift in Sources */,
				2E859AC42165348000DB8920 /* AuthTokenStorageMock.swift in Sources */,
			);
			runOnlyForDeploymentPostprocessing = 0;
		};
/* End PBXSourcesBuildPhase section */

/* Begin PBXTargetDependency section */
		1C913A011FF0607600646884 /* PBXTargetDependency */ = {
			isa = PBXTargetDependency;
			target = 1C9139F41FF0607600646884 /* Data */;
			targetProxy = 1C913A001FF0607600646884 /* PBXContainerItemProxy */;
		};
/* End PBXTargetDependency section */

/* Begin XCBuildConfiguration section */
		1C913A071FF0607600646884 /* Debug */ = {
			isa = XCBuildConfiguration;
			buildSettings = {
				ALWAYS_SEARCH_USER_PATHS = NO;
				CLANG_ANALYZER_NONNULL = YES;
				CLANG_ANALYZER_NUMBER_OBJECT_CONVERSION = YES_AGGRESSIVE;
				CLANG_CXX_LANGUAGE_STANDARD = "gnu++14";
				CLANG_CXX_LIBRARY = "libc++";
				CLANG_ENABLE_MODULES = YES;
				CLANG_ENABLE_OBJC_ARC = YES;
				CLANG_WARN_BLOCK_CAPTURE_AUTORELEASING = YES;
				CLANG_WARN_BOOL_CONVERSION = YES;
				CLANG_WARN_COMMA = YES;
				CLANG_WARN_CONSTANT_CONVERSION = YES;
				CLANG_WARN_DEPRECATED_OBJC_IMPLEMENTATIONS = YES;
				CLANG_WARN_DIRECT_OBJC_ISA_USAGE = YES_ERROR;
				CLANG_WARN_DOCUMENTATION_COMMENTS = YES;
				CLANG_WARN_EMPTY_BODY = YES;
				CLANG_WARN_ENUM_CONVERSION = YES;
				CLANG_WARN_INFINITE_RECURSION = YES;
				CLANG_WARN_INT_CONVERSION = YES;
				CLANG_WARN_NON_LITERAL_NULL_CONVERSION = YES;
				CLANG_WARN_OBJC_IMPLICIT_RETAIN_SELF = YES;
				CLANG_WARN_OBJC_LITERAL_CONVERSION = YES;
				CLANG_WARN_OBJC_ROOT_CLASS = YES_ERROR;
				CLANG_WARN_RANGE_LOOP_ANALYSIS = YES;
				CLANG_WARN_STRICT_PROTOTYPES = YES;
				CLANG_WARN_SUSPICIOUS_MOVE = YES;
				CLANG_WARN_UNGUARDED_AVAILABILITY = YES_AGGRESSIVE;
				CLANG_WARN_UNREACHABLE_CODE = YES;
				CLANG_WARN__DUPLICATE_METHOD_MATCH = YES;
				CODE_SIGN_IDENTITY = "iPhone Developer";
				COPY_PHASE_STRIP = NO;
				CURRENT_PROJECT_VERSION = 1;
				DEBUG_INFORMATION_FORMAT = dwarf;
				ENABLE_STRICT_OBJC_MSGSEND = YES;
				ENABLE_TESTABILITY = YES;
				FRAMEWORK_SEARCH_PATHS = "";
				GCC_C_LANGUAGE_STANDARD = gnu11;
				GCC_DYNAMIC_NO_PIC = NO;
				GCC_NO_COMMON_BLOCKS = YES;
				GCC_OPTIMIZATION_LEVEL = 0;
				GCC_PREPROCESSOR_DEFINITIONS = (
					"DEBUG=1",
					"$(inherited)",
				);
				GCC_WARN_64_TO_32_BIT_CONVERSION = YES;
				GCC_WARN_ABOUT_RETURN_TYPE = YES_ERROR;
				GCC_WARN_UNDECLARED_SELECTOR = YES;
				GCC_WARN_UNINITIALIZED_AUTOS = YES_AGGRESSIVE;
				GCC_WARN_UNUSED_FUNCTION = YES;
				GCC_WARN_UNUSED_VARIABLE = YES;
				IPHONEOS_DEPLOYMENT_TARGET = 11.0;
				MTL_ENABLE_DEBUG_INFO = YES;
				ONLY_ACTIVE_ARCH = YES;
				SDKROOT = iphoneos;
				SWIFT_ACTIVE_COMPILATION_CONDITIONS = DEBUG;
				SWIFT_OPTIMIZATION_LEVEL = "-Onone";
				VERSIONING_SYSTEM = "apple-generic";
				VERSION_INFO_PREFIX = "";
			};
			name = Debug;
		};
		1C913A081FF0607600646884 /* Release */ = {
			isa = XCBuildConfiguration;
			buildSettings = {
				ALWAYS_SEARCH_USER_PATHS = NO;
				CLANG_ANALYZER_NONNULL = YES;
				CLANG_ANALYZER_NUMBER_OBJECT_CONVERSION = YES_AGGRESSIVE;
				CLANG_CXX_LANGUAGE_STANDARD = "gnu++14";
				CLANG_CXX_LIBRARY = "libc++";
				CLANG_ENABLE_MODULES = YES;
				CLANG_ENABLE_OBJC_ARC = YES;
				CLANG_WARN_BLOCK_CAPTURE_AUTORELEASING = YES;
				CLANG_WARN_BOOL_CONVERSION = YES;
				CLANG_WARN_COMMA = YES;
				CLANG_WARN_CONSTANT_CONVERSION = YES;
				CLANG_WARN_DEPRECATED_OBJC_IMPLEMENTATIONS = YES;
				CLANG_WARN_DIRECT_OBJC_ISA_USAGE = YES_ERROR;
				CLANG_WARN_DOCUMENTATION_COMMENTS = YES;
				CLANG_WARN_EMPTY_BODY = YES;
				CLANG_WARN_ENUM_CONVERSION = YES;
				CLANG_WARN_INFINITE_RECURSION = YES;
				CLANG_WARN_INT_CONVERSION = YES;
				CLANG_WARN_NON_LITERAL_NULL_CONVERSION = YES;
				CLANG_WARN_OBJC_IMPLICIT_RETAIN_SELF = YES;
				CLANG_WARN_OBJC_LITERAL_CONVERSION = YES;
				CLANG_WARN_OBJC_ROOT_CLASS = YES_ERROR;
				CLANG_WARN_RANGE_LOOP_ANALYSIS = YES;
				CLANG_WARN_STRICT_PROTOTYPES = YES;
				CLANG_WARN_SUSPICIOUS_MOVE = YES;
				CLANG_WARN_UNGUARDED_AVAILABILITY = YES_AGGRESSIVE;
				CLANG_WARN_UNREACHABLE_CODE = YES;
				CLANG_WARN__DUPLICATE_METHOD_MATCH = YES;
				CODE_SIGN_IDENTITY = "iPhone Developer";
				COPY_PHASE_STRIP = NO;
				CURRENT_PROJECT_VERSION = 1;
				DEBUG_INFORMATION_FORMAT = "dwarf-with-dsym";
				ENABLE_NS_ASSERTIONS = NO;
				ENABLE_STRICT_OBJC_MSGSEND = YES;
				FRAMEWORK_SEARCH_PATHS = "";
				GCC_C_LANGUAGE_STANDARD = gnu11;
				GCC_NO_COMMON_BLOCKS = YES;
				GCC_WARN_64_TO_32_BIT_CONVERSION = YES;
				GCC_WARN_ABOUT_RETURN_TYPE = YES_ERROR;
				GCC_WARN_UNDECLARED_SELECTOR = YES;
				GCC_WARN_UNINITIALIZED_AUTOS = YES_AGGRESSIVE;
				GCC_WARN_UNUSED_FUNCTION = YES;
				GCC_WARN_UNUSED_VARIABLE = YES;
				IPHONEOS_DEPLOYMENT_TARGET = 11.0;
				MTL_ENABLE_DEBUG_INFO = NO;
				SDKROOT = iphoneos;
				SWIFT_OPTIMIZATION_LEVEL = "-Owholemodule";
				VALIDATE_PRODUCT = YES;
				VERSIONING_SYSTEM = "apple-generic";
				VERSION_INFO_PREFIX = "";
			};
			name = Release;
		};
		1C913A0A1FF0607600646884 /* Debug */ = {
			isa = XCBuildConfiguration;
			baseConfigurationReference = FC88FD02DC6BC15A5C6BADB9 /* Pods-Data.debug.xcconfig */;
			buildSettings = {
				CLANG_ENABLE_MODULES = YES;
				CODE_SIGN_IDENTITY = "";
				CODE_SIGN_STYLE = Automatic;
				DEFINES_MODULE = YES;
				DEVELOPMENT_TEAM = 3ZGLM2XX3U;
				DYLIB_COMPATIBILITY_VERSION = 1;
				DYLIB_CURRENT_VERSION = 1;
				DYLIB_INSTALL_NAME_BASE = "@rpath";
				FRAMEWORK_SEARCH_PATHS = (
					"$(inherited)",
					"\"$(SRCROOT)/../../../../Carthage/Build/iOS\"",
				);
				INFOPLIST_FILE = Data/Resources/Info.plist;
				INSTALL_PATH = "$(LOCAL_LIBRARY_DIR)/Frameworks";
				IPHONEOS_DEPLOYMENT_TARGET = 11.0;
				LD_RUNPATH_SEARCH_PATHS = "$(inherited) @executable_path/Frameworks @loader_path/Frameworks";
				PRODUCT_BUNDLE_IDENTIFIER = in.skydev.Data;
				PRODUCT_NAME = "$(TARGET_NAME:c99extidentifier)";
				SKIP_INSTALL = YES;
				SWIFT_OPTIMIZATION_LEVEL = "-Onone";
				SWIFT_VERSION = 4.2;
				TARGETED_DEVICE_FAMILY = 1;
			};
			name = Debug;
		};
		1C913A0B1FF0607600646884 /* Release */ = {
			isa = XCBuildConfiguration;
			baseConfigurationReference = ED19D6395F3123B537246E7F /* Pods-Data.release.xcconfig */;
			buildSettings = {
				CLANG_ENABLE_MODULES = YES;
				CODE_SIGN_IDENTITY = "";
				CODE_SIGN_STYLE = Automatic;
				DEFINES_MODULE = YES;
				DEVELOPMENT_TEAM = 3ZGLM2XX3U;
				DYLIB_COMPATIBILITY_VERSION = 1;
				DYLIB_CURRENT_VERSION = 1;
				DYLIB_INSTALL_NAME_BASE = "@rpath";
				FRAMEWORK_SEARCH_PATHS = (
					"$(inherited)",
					"\"$(SRCROOT)/../../../../Carthage/Build/iOS\"",
				);
				INFOPLIST_FILE = Data/Resources/Info.plist;
				INSTALL_PATH = "$(LOCAL_LIBRARY_DIR)/Frameworks";
				IPHONEOS_DEPLOYMENT_TARGET = 11.0;
				LD_RUNPATH_SEARCH_PATHS = "$(inherited) @executable_path/Frameworks @loader_path/Frameworks";
				PRODUCT_BUNDLE_IDENTIFIER = in.skydev.Data;
				PRODUCT_NAME = "$(TARGET_NAME:c99extidentifier)";
				SKIP_INSTALL = YES;
				SWIFT_VERSION = 4.2;
				TARGETED_DEVICE_FAMILY = 1;
			};
			name = Release;
		};
		1C913A0D1FF0607600646884 /* Debug */ = {
			isa = XCBuildConfiguration;
			baseConfigurationReference = 16CBAE653F2B31515B54C6F9 /* Pods-DataTests.debug.xcconfig */;
			buildSettings = {
				ALWAYS_EMBED_SWIFT_STANDARD_LIBRARIES = YES;
				CLANG_ENABLE_MODULES = YES;
				CODE_SIGN_STYLE = Automatic;
				DEVELOPMENT_TEAM = 3ZGLM2XX3U;
				FRAMEWORK_SEARCH_PATHS = (
					"$(inherited)",
					"\"$(SRCROOT)/../../../../Carthage/Build/iOS\"",
				);
				INFOPLIST_FILE = DataTests/Info.plist;
				LD_RUNPATH_SEARCH_PATHS = "$(inherited) @executable_path/Frameworks @loader_path/Frameworks";
				PRODUCT_BUNDLE_IDENTIFIER = in.skydev.DataTests;
				PRODUCT_NAME = "$(TARGET_NAME)";
				SWIFT_OPTIMIZATION_LEVEL = "-Onone";
				SWIFT_VERSION = 4.0;
				TARGETED_DEVICE_FAMILY = "1,2";
			};
			name = Debug;
		};
		1C913A0E1FF0607600646884 /* Release */ = {
			isa = XCBuildConfiguration;
			baseConfigurationReference = FD5EABC82955D0185689DF89 /* Pods-DataTests.release.xcconfig */;
			buildSettings = {
				ALWAYS_EMBED_SWIFT_STANDARD_LIBRARIES = YES;
				CLANG_ENABLE_MODULES = YES;
				CODE_SIGN_STYLE = Automatic;
				DEVELOPMENT_TEAM = 3ZGLM2XX3U;
				FRAMEWORK_SEARCH_PATHS = (
					"$(inherited)",
					"\"$(SRCROOT)/../../../../Carthage/Build/iOS\"",
				);
				INFOPLIST_FILE = DataTests/Info.plist;
				LD_RUNPATH_SEARCH_PATHS = "$(inherited) @executable_path/Frameworks @loader_path/Frameworks";
				PRODUCT_BUNDLE_IDENTIFIER = in.skydev.DataTests;
				PRODUCT_NAME = "$(TARGET_NAME)";
				SWIFT_VERSION = 4.0;
				TARGETED_DEVICE_FAMILY = "1,2";
			};
			name = Release;
		};
/* End XCBuildConfiguration section */

/* Begin XCConfigurationList section */
		1C9139EF1FF0607600646884 /* Build configuration list for PBXProject "Data" */ = {
			isa = XCConfigurationList;
			buildConfigurations = (
				1C913A071FF0607600646884 /* Debug */,
				1C913A081FF0607600646884 /* Release */,
			);
			defaultConfigurationIsVisible = 0;
			defaultConfigurationName = Release;
		};
		1C913A091FF0607600646884 /* Build configuration list for PBXNativeTarget "Data" */ = {
			isa = XCConfigurationList;
			buildConfigurations = (
				1C913A0A1FF0607600646884 /* Debug */,
				1C913A0B1FF0607600646884 /* Release */,
			);
			defaultConfigurationIsVisible = 0;
			defaultConfigurationName = Release;
		};
		1C913A0C1FF0607600646884 /* Build configuration list for PBXNativeTarget "DataTests" */ = {
			isa = XCConfigurationList;
			buildConfigurations = (
				1C913A0D1FF0607600646884 /* Debug */,
				1C913A0E1FF0607600646884 /* Release */,
			);
			defaultConfigurationIsVisible = 0;
			defaultConfigurationName = Release;
		};
/* End XCConfigurationList section */
	};
	rootObject = 1C9139EC1FF0607600646884 /* Project object */;
}
