// !$*UTF8*$!
{
	archiveVersion = 1;
	classes = {
	};
	objectVersion = 46;
	objects = {

/* Begin PBXBuildFile section */
		6601BFC11A8E5A8500A2C60B /* SettingsViewController.swift in Sources */ = {isa = PBXBuildFile; fileRef = 6601BFC01A8E5A8500A2C60B /* SettingsViewController.swift */; };
		6608E03C1A820FBD005895ED /* AppDelegate.swift in Sources */ = {isa = PBXBuildFile; fileRef = 6608E03B1A820FBD005895ED /* AppDelegate.swift */; };
		6608E03E1A820FBD005895ED /* LoginViewController.swift in Sources */ = {isa = PBXBuildFile; fileRef = 6608E03D1A820FBD005895ED /* LoginViewController.swift */; };
		6608E0411A820FBD005895ED /* Main.storyboard in Resources */ = {isa = PBXBuildFile; fileRef = 6608E03F1A820FBD005895ED /* Main.storyboard */; };
		6608E0431A820FBD005895ED /* Icons-Launchers.xcassets in Resources */ = {isa = PBXBuildFile; fileRef = 6608E0421A820FBD005895ED /* Icons-Launchers.xcassets */; };
		6608E0461A820FBD005895ED /* LaunchScreen.xib in Resources */ = {isa = PBXBuildFile; fileRef = 6608E0441A820FBD005895ED /* LaunchScreen.xib */; };
		6622AD961A9F471A00C357DE /* ChatManager.swift in Sources */ = {isa = PBXBuildFile; fileRef = 6622AD951A9F471A00C357DE /* ChatManager.swift */; };
		66349B511AACAD2200AE0FDF /* DLHamburguerViewController.swift in Sources */ = {isa = PBXBuildFile; fileRef = 66349B4E1AACAD2200AE0FDF /* DLHamburguerViewController.swift */; };
		66349B521AACAD2200AE0FDF /* DLHamburguerContainerViewController.swift in Sources */ = {isa = PBXBuildFile; fileRef = 66349B4F1AACAD2200AE0FDF /* DLHamburguerContainerViewController.swift */; };
		66349B531AACAD2200AE0FDF /* DLHamburguerNavigationController.swift in Sources */ = {isa = PBXBuildFile; fileRef = 66349B501AACAD2200AE0FDF /* DLHamburguerNavigationController.swift */; };
		66362F541A8B4DE500EC145E /* ShowProductViewController.swift in Sources */ = {isa = PBXBuildFile; fileRef = 66362F531A8B4DE500EC145E /* ShowProductViewController.swift */; };
		66362F561A8B7C6300EC145E /* NSDate+RelativeTime.swift in Sources */ = {isa = PBXBuildFile; fileRef = 66362F551A8B7C6300EC145E /* NSDate+RelativeTime.swift */; };
		66362F581A8C9CC700EC145E /* MKMapView+ProductPin.swift in Sources */ = {isa = PBXBuildFile; fileRef = 66362F571A8C9CC700EC145E /* MKMapView+ProductPin.swift */; };
		6649D1701A822232000F6966 /* ProductListViewController.swift in Sources */ = {isa = PBXBuildFile; fileRef = 6649D16F1A822232000F6966 /* ProductListViewController.swift */; };
		665713E91AADF15800B4721C /* DLImageResizing.swift in Sources */ = {isa = PBXBuildFile; fileRef = 665713E81AADF15800B4721C /* DLImageResizing.swift */; };
		665BAB511A97D7B5005A8E19 /* MakeAnOfferViewController.swift in Sources */ = {isa = PBXBuildFile; fileRef = 665BAB501A97D7B5005A8E19 /* MakeAnOfferViewController.swift */; };
		6667972E1A9E321100D8E831 /* CryptoUtils.swift in Sources */ = {isa = PBXBuildFile; fileRef = 6667972D1A9E321100D8E831 /* CryptoUtils.swift */; };
		6674FF7F1A9CA217006321C2 /* CurrencyManager.swift in Sources */ = {isa = PBXBuildFile; fileRef = 6674FF7E1A9CA217006321C2 /* CurrencyManager.swift */; };
		6674FF8A1A9DF706006321C2 /* UIImage+Gradients.swift in Sources */ = {isa = PBXBuildFile; fileRef = 6674FF891A9DF706006321C2 /* UIImage+Gradients.swift */; };
		667562AF1A96380E00039151 /* ImageManager.swift in Sources */ = {isa = PBXBuildFile; fileRef = 667562AE1A96380E00039151 /* ImageManager.swift */; };
		667562B11A9749AE00039151 /* ChatListViewController.swift in Sources */ = {isa = PBXBuildFile; fileRef = 667562B01A9749AE00039151 /* ChatListViewController.swift */; };
		66911D8E1A84B95C006CFBE1 /* LocationManager.swift in Sources */ = {isa = PBXBuildFile; fileRef = 66911D8D1A84B95C006CFBE1 /* LocationManager.swift */; };
		66911D901A84BE72006CFBE1 /* CustomUtils.swift in Sources */ = {isa = PBXBuildFile; fileRef = 66911D8F1A84BE72006CFBE1 /* CustomUtils.swift */; };
		66911D931A853A46006CFBE1 /* IndicateLocationViewController.swift in Sources */ = {isa = PBXBuildFile; fileRef = 66911D921A853A46006CFBE1 /* IndicateLocationViewController.swift */; };
		66911D971A8677E5006CFBE1 /* Backgrounds-and-Images.xcassets in Resources */ = {isa = PBXBuildFile; fileRef = 66911D961A8677E5006CFBE1 /* Backgrounds-and-Images.xcassets */; };
		669A0FAB1A8CC1F000B96EC8 /* PhotosInDetailViewController.swift in Sources */ = {isa = PBXBuildFile; fileRef = 669A0FAA1A8CC1F000B96EC8 /* PhotosInDetailViewController.swift */; };
		669A0FAD1A8D0CF000B96EC8 /* CommonDataTypes.swift in Sources */ = {isa = PBXBuildFile; fileRef = 669A0FAC1A8D0CF000B96EC8 /* CommonDataTypes.swift */; };
		66A0CFB31A82548C00FAADF0 /* RootViewController.swift in Sources */ = {isa = PBXBuildFile; fileRef = 66A0CFB21A82548C00FAADF0 /* RootViewController.swift */; };
		66A0CFB51A8262BB00FAADF0 /* MenuViewController.swift in Sources */ = {isa = PBXBuildFile; fileRef = 66A0CFB41A8262BB00FAADF0 /* MenuViewController.swift */; };
		66A0CFD01A83612500FAADF0 /* AudioToolbox.framework in Frameworks */ = {isa = PBXBuildFile; fileRef = 66A0CFC51A83612500FAADF0 /* AudioToolbox.framework */; };
		66A0CFD11A83612500FAADF0 /* CFNetwork.framework in Frameworks */ = {isa = PBXBuildFile; fileRef = 66A0CFC61A83612500FAADF0 /* CFNetwork.framework */; };
		66A0CFD21A83612500FAADF0 /* CoreGraphics.framework in Frameworks */ = {isa = PBXBuildFile; fileRef = 66A0CFC71A83612500FAADF0 /* CoreGraphics.framework */; };
		66A0CFD31A83612500FAADF0 /* CoreLocation.framework in Frameworks */ = {isa = PBXBuildFile; fileRef = 66A0CFC81A83612500FAADF0 /* CoreLocation.framework */; };
		66A0CFD41A83612500FAADF0 /* libsqlite3.dylib in Frameworks */ = {isa = PBXBuildFile; fileRef = 66A0CFC91A83612500FAADF0 /* libsqlite3.dylib */; };
		66A0CFD51A83612500FAADF0 /* libz.dylib in Frameworks */ = {isa = PBXBuildFile; fileRef = 66A0CFCA1A83612500FAADF0 /* libz.dylib */; };
		66A0CFD61A83612500FAADF0 /* MobileCoreServices.framework in Frameworks */ = {isa = PBXBuildFile; fileRef = 66A0CFCB1A83612500FAADF0 /* MobileCoreServices.framework */; };
		66A0CFD71A83612500FAADF0 /* QuartzCore.framework in Frameworks */ = {isa = PBXBuildFile; fileRef = 66A0CFCC1A83612500FAADF0 /* QuartzCore.framework */; };
		66A0CFD81A83612500FAADF0 /* Security.framework in Frameworks */ = {isa = PBXBuildFile; fileRef = 66A0CFCD1A83612500FAADF0 /* Security.framework */; };
		66A0CFDA1A83612500FAADF0 /* SystemConfiguration.framework in Frameworks */ = {isa = PBXBuildFile; fileRef = 66A0CFCF1A83612500FAADF0 /* SystemConfiguration.framework */; };
		66A0CFE31A8373F800FAADF0 /* EditProfileViewController.swift in Sources */ = {isa = PBXBuildFile; fileRef = 66A0CFE21A8373F800FAADF0 /* EditProfileViewController.swift */; };
		66A0CFE51A83740D00FAADF0 /* ChatViewController.swift in Sources */ = {isa = PBXBuildFile; fileRef = 66A0CFE41A83740D00FAADF0 /* ChatViewController.swift */; };
		66A0CFE81A83742900FAADF0 /* CategoriesViewController.swift in Sources */ = {isa = PBXBuildFile; fileRef = 66A0CFE71A83742900FAADF0 /* CategoriesViewController.swift */; };
		66A0CFEA1A8386A800FAADF0 /* ConfigurationManager.swift in Sources */ = {isa = PBXBuildFile; fileRef = 66A0CFE91A8386A800FAADF0 /* ConfigurationManager.swift */; };
		66A509D71A947CAA001EECE9 /* Localizable.strings in Resources */ = {isa = PBXBuildFile; fileRef = 66A509D91A947CAA001EECE9 /* Localizable.strings */; };
		66C056D71A97900800F7EEA8 /* PlaceholderTextView.swift in Sources */ = {isa = PBXBuildFile; fileRef = 66C056D61A97900800F7EEA8 /* PlaceholderTextView.swift */; };
		66C0D0041AA5E9BB0070F311 /* CustomBadge.swift in Sources */ = {isa = PBXBuildFile; fileRef = 66C0D0031AA5E9BB0070F311 /* CustomBadge.swift */; };
		66E3D0A91A89073B00BC283C /* UIViewController+LetGo.swift in Sources */ = {isa = PBXBuildFile; fileRef = 66E3D0A81A89073B00BC283C /* UIViewController+LetGo.swift */; };
		66EF4AD11A8A046000D6F4D2 /* SellProductViewController.swift in Sources */ = {isa = PBXBuildFile; fileRef = 66EF4AD01A8A046000D6F4D2 /* SellProductViewController.swift */; };
		66FC91171A921C700008AFAD /* LoginByEmailViewController.swift in Sources */ = {isa = PBXBuildFile; fileRef = 66FC91161A921C700008AFAD /* LoginByEmailViewController.swift */; };
		66FC91191A921C970008AFAD /* SignUpViewController.swift in Sources */ = {isa = PBXBuildFile; fileRef = 66FC91181A921C970008AFAD /* SignUpViewController.swift */; };
		66FC911B1A9238770008AFAD /* Icons-Buttons.xcassets in Resources */ = {isa = PBXBuildFile; fileRef = 66FC911A1A9238770008AFAD /* Icons-Buttons.xcassets */; };
		66FF4D771A95DC3F0095CBD6 /* ChangePasswordViewController.swift in Sources */ = {isa = PBXBuildFile; fileRef = 66FF4D761A95DC3F0095CBD6 /* ChangePasswordViewController.swift */; };
		B21B3B6956F8367C5A52D277 /* libPods-Ambatana.a in Frameworks */ = {isa = PBXBuildFile; fileRef = 75A467CF339A7C8897FFFDCD /* libPods-Ambatana.a */; };
		D43FF0251AB0737400757EED /* ProductLocationViewController.swift in Sources */ = {isa = PBXBuildFile; fileRef = D43FF0241AB0737400757EED /* ProductLocationViewController.swift */; };
		D48183F71AB2FEBE00229DBF /* ProductCell.swift in Sources */ = {isa = PBXBuildFile; fileRef = D48183F51AB2FEBE00229DBF /* ProductCell.swift */; };
		D48183F81AB2FEBE00229DBF /* ProductCell.xib in Resources */ = {isa = PBXBuildFile; fileRef = D48183F61AB2FEBE00229DBF /* ProductCell.xib */; };
/* End PBXBuildFile section */

/* Begin PBXFileReference section */
		2173E0C00DC4F94CD048F8E6 /* Pods-Ambatana.debug.xcconfig */ = {isa = PBXFileReference; includeInIndex = 1; lastKnownFileType = text.xcconfig; name = "Pods-Ambatana.debug.xcconfig"; path = "Pods/Target Support Files/Pods-Ambatana/Pods-Ambatana.debug.xcconfig"; sourceTree = "<group>"; };
		6601BFC01A8E5A8500A2C60B /* SettingsViewController.swift */ = {isa = PBXFileReference; fileEncoding = 4; lastKnownFileType = sourcecode.swift; path = SettingsViewController.swift; sourceTree = "<group>"; };
		6608E0361A820FBD005895ED /* Ambatana.app */ = {isa = PBXFileReference; explicitFileType = wrapper.application; includeInIndex = 0; path = Ambatana.app; sourceTree = BUILT_PRODUCTS_DIR; };
		6608E03A1A820FBD005895ED /* Info.plist */ = {isa = PBXFileReference; lastKnownFileType = text.plist.xml; path = Info.plist; sourceTree = "<group>"; };
		6608E03B1A820FBD005895ED /* AppDelegate.swift */ = {isa = PBXFileReference; lastKnownFileType = sourcecode.swift; path = AppDelegate.swift; sourceTree = "<group>"; };
		6608E03D1A820FBD005895ED /* LoginViewController.swift */ = {isa = PBXFileReference; lastKnownFileType = sourcecode.swift; path = LoginViewController.swift; sourceTree = "<group>"; };
		6608E0401A820FBD005895ED /* Base */ = {isa = PBXFileReference; lastKnownFileType = file.storyboard; name = Base; path = Base.lproj/Main.storyboard; sourceTree = "<group>"; };
		6608E0421A820FBD005895ED /* Icons-Launchers.xcassets */ = {isa = PBXFileReference; lastKnownFileType = folder.assetcatalog; path = "Icons-Launchers.xcassets"; sourceTree = "<group>"; };
		6608E0451A820FBD005895ED /* Base */ = {isa = PBXFileReference; lastKnownFileType = file.xib; name = Base; path = Base.lproj/LaunchScreen.xib; sourceTree = "<group>"; };
		6622AD951A9F471A00C357DE /* ChatManager.swift */ = {isa = PBXFileReference; fileEncoding = 4; lastKnownFileType = sourcecode.swift; path = ChatManager.swift; sourceTree = "<group>"; };
		66349B4E1AACAD2200AE0FDF /* DLHamburguerViewController.swift */ = {isa = PBXFileReference; fileEncoding = 4; lastKnownFileType = sourcecode.swift; path = DLHamburguerViewController.swift; sourceTree = "<group>"; };
		66349B4F1AACAD2200AE0FDF /* DLHamburguerContainerViewController.swift */ = {isa = PBXFileReference; fileEncoding = 4; lastKnownFileType = sourcecode.swift; path = DLHamburguerContainerViewController.swift; sourceTree = "<group>"; };
		66349B501AACAD2200AE0FDF /* DLHamburguerNavigationController.swift */ = {isa = PBXFileReference; fileEncoding = 4; lastKnownFileType = sourcecode.swift; path = DLHamburguerNavigationController.swift; sourceTree = "<group>"; };
		66362F531A8B4DE500EC145E /* ShowProductViewController.swift */ = {isa = PBXFileReference; fileEncoding = 4; lastKnownFileType = sourcecode.swift; path = ShowProductViewController.swift; sourceTree = "<group>"; };
		66362F551A8B7C6300EC145E /* NSDate+RelativeTime.swift */ = {isa = PBXFileReference; fileEncoding = 4; lastKnownFileType = sourcecode.swift; path = "NSDate+RelativeTime.swift"; sourceTree = "<group>"; };
		66362F571A8C9CC700EC145E /* MKMapView+ProductPin.swift */ = {isa = PBXFileReference; fileEncoding = 4; lastKnownFileType = sourcecode.swift; path = "MKMapView+ProductPin.swift"; sourceTree = "<group>"; };
		6649D16F1A822232000F6966 /* ProductListViewController.swift */ = {isa = PBXFileReference; fileEncoding = 4; lastKnownFileType = sourcecode.swift; path = ProductListViewController.swift; sourceTree = "<group>"; };
		665713E81AADF15800B4721C /* DLImageResizing.swift */ = {isa = PBXFileReference; fileEncoding = 4; lastKnownFileType = sourcecode.swift; path = DLImageResizing.swift; sourceTree = "<group>"; };
		665BAB501A97D7B5005A8E19 /* MakeAnOfferViewController.swift */ = {isa = PBXFileReference; fileEncoding = 4; lastKnownFileType = sourcecode.swift; path = MakeAnOfferViewController.swift; sourceTree = "<group>"; };
		6667972D1A9E321100D8E831 /* CryptoUtils.swift */ = {isa = PBXFileReference; fileEncoding = 4; lastKnownFileType = sourcecode.swift; path = CryptoUtils.swift; sourceTree = "<group>"; };
		6674FF7E1A9CA217006321C2 /* CurrencyManager.swift */ = {isa = PBXFileReference; fileEncoding = 4; lastKnownFileType = sourcecode.swift; path = CurrencyManager.swift; sourceTree = "<group>"; };
		6674FF891A9DF706006321C2 /* UIImage+Gradients.swift */ = {isa = PBXFileReference; fileEncoding = 4; lastKnownFileType = sourcecode.swift; path = "UIImage+Gradients.swift"; sourceTree = "<group>"; };
		667562AE1A96380E00039151 /* ImageManager.swift */ = {isa = PBXFileReference; fileEncoding = 4; lastKnownFileType = sourcecode.swift; path = ImageManager.swift; sourceTree = "<group>"; };
		667562B01A9749AE00039151 /* ChatListViewController.swift */ = {isa = PBXFileReference; fileEncoding = 4; lastKnownFileType = sourcecode.swift; path = ChatListViewController.swift; sourceTree = "<group>"; };
		66911D8D1A84B95C006CFBE1 /* LocationManager.swift */ = {isa = PBXFileReference; fileEncoding = 4; lastKnownFileType = sourcecode.swift; path = LocationManager.swift; sourceTree = "<group>"; };
		66911D8F1A84BE72006CFBE1 /* CustomUtils.swift */ = {isa = PBXFileReference; fileEncoding = 4; lastKnownFileType = sourcecode.swift; path = CustomUtils.swift; sourceTree = "<group>"; };
		66911D921A853A46006CFBE1 /* IndicateLocationViewController.swift */ = {isa = PBXFileReference; fileEncoding = 4; lastKnownFileType = sourcecode.swift; path = IndicateLocationViewController.swift; sourceTree = "<group>"; };
		66911D961A8677E5006CFBE1 /* Backgrounds-and-Images.xcassets */ = {isa = PBXFileReference; lastKnownFileType = folder.assetcatalog; path = "Backgrounds-and-Images.xcassets"; sourceTree = "<group>"; };
		669A0FAA1A8CC1F000B96EC8 /* PhotosInDetailViewController.swift */ = {isa = PBXFileReference; fileEncoding = 4; lastKnownFileType = sourcecode.swift; path = PhotosInDetailViewController.swift; sourceTree = "<group>"; };
		669A0FAC1A8D0CF000B96EC8 /* CommonDataTypes.swift */ = {isa = PBXFileReference; fileEncoding = 4; lastKnownFileType = sourcecode.swift; path = CommonDataTypes.swift; sourceTree = "<group>"; };
		66A0CF9F1A82533500FAADF0 /* Ambatana-Bridging-Header.h */ = {isa = PBXFileReference; lastKnownFileType = sourcecode.c.h; path = "Ambatana-Bridging-Header.h"; sourceTree = "<group>"; };
		66A0CFB21A82548C00FAADF0 /* RootViewController.swift */ = {isa = PBXFileReference; fileEncoding = 4; lastKnownFileType = sourcecode.swift; path = RootViewController.swift; sourceTree = "<group>"; };
		66A0CFB41A8262BB00FAADF0 /* MenuViewController.swift */ = {isa = PBXFileReference; fileEncoding = 4; lastKnownFileType = sourcecode.swift; path = MenuViewController.swift; sourceTree = "<group>"; };
		66A0CFC51A83612500FAADF0 /* AudioToolbox.framework */ = {isa = PBXFileReference; lastKnownFileType = wrapper.framework; name = AudioToolbox.framework; path = System/Library/Frameworks/AudioToolbox.framework; sourceTree = SDKROOT; };
		66A0CFC61A83612500FAADF0 /* CFNetwork.framework */ = {isa = PBXFileReference; lastKnownFileType = wrapper.framework; name = CFNetwork.framework; path = System/Library/Frameworks/CFNetwork.framework; sourceTree = SDKROOT; };
		66A0CFC71A83612500FAADF0 /* CoreGraphics.framework */ = {isa = PBXFileReference; lastKnownFileType = wrapper.framework; name = CoreGraphics.framework; path = System/Library/Frameworks/CoreGraphics.framework; sourceTree = SDKROOT; };
		66A0CFC81A83612500FAADF0 /* CoreLocation.framework */ = {isa = PBXFileReference; lastKnownFileType = wrapper.framework; name = CoreLocation.framework; path = System/Library/Frameworks/CoreLocation.framework; sourceTree = SDKROOT; };
		66A0CFC91A83612500FAADF0 /* libsqlite3.dylib */ = {isa = PBXFileReference; lastKnownFileType = "compiled.mach-o.dylib"; name = libsqlite3.dylib; path = usr/lib/libsqlite3.dylib; sourceTree = SDKROOT; };
		66A0CFCA1A83612500FAADF0 /* libz.dylib */ = {isa = PBXFileReference; lastKnownFileType = "compiled.mach-o.dylib"; name = libz.dylib; path = usr/lib/libz.dylib; sourceTree = SDKROOT; };
		66A0CFCB1A83612500FAADF0 /* MobileCoreServices.framework */ = {isa = PBXFileReference; lastKnownFileType = wrapper.framework; name = MobileCoreServices.framework; path = System/Library/Frameworks/MobileCoreServices.framework; sourceTree = SDKROOT; };
		66A0CFCC1A83612500FAADF0 /* QuartzCore.framework */ = {isa = PBXFileReference; lastKnownFileType = wrapper.framework; name = QuartzCore.framework; path = System/Library/Frameworks/QuartzCore.framework; sourceTree = SDKROOT; };
		66A0CFCD1A83612500FAADF0 /* Security.framework */ = {isa = PBXFileReference; lastKnownFileType = wrapper.framework; name = Security.framework; path = System/Library/Frameworks/Security.framework; sourceTree = SDKROOT; };
		66A0CFCF1A83612500FAADF0 /* SystemConfiguration.framework */ = {isa = PBXFileReference; lastKnownFileType = wrapper.framework; name = SystemConfiguration.framework; path = System/Library/Frameworks/SystemConfiguration.framework; sourceTree = SDKROOT; };
		66A0CFE21A8373F800FAADF0 /* EditProfileViewController.swift */ = {isa = PBXFileReference; fileEncoding = 4; lastKnownFileType = sourcecode.swift; path = EditProfileViewController.swift; sourceTree = "<group>"; };
		66A0CFE41A83740D00FAADF0 /* ChatViewController.swift */ = {isa = PBXFileReference; fileEncoding = 4; lastKnownFileType = sourcecode.swift; path = ChatViewController.swift; sourceTree = "<group>"; };
		66A0CFE71A83742900FAADF0 /* CategoriesViewController.swift */ = {isa = PBXFileReference; fileEncoding = 4; lastKnownFileType = sourcecode.swift; path = CategoriesViewController.swift; sourceTree = "<group>"; };
		66A0CFE91A8386A800FAADF0 /* ConfigurationManager.swift */ = {isa = PBXFileReference; fileEncoding = 4; lastKnownFileType = sourcecode.swift; path = ConfigurationManager.swift; sourceTree = "<group>"; };
		66A509DB1A947CC9001EECE9 /* en */ = {isa = PBXFileReference; lastKnownFileType = text.plist.strings; name = en; path = en.lproj/Localizable.strings; sourceTree = "<group>"; };
		66A509DC1A947CDD001EECE9 /* es */ = {isa = PBXFileReference; lastKnownFileType = text.plist.strings; name = es; path = es.lproj/Localizable.strings; sourceTree = "<group>"; };
		66C056D61A97900800F7EEA8 /* PlaceholderTextView.swift */ = {isa = PBXFileReference; fileEncoding = 4; lastKnownFileType = sourcecode.swift; path = PlaceholderTextView.swift; sourceTree = "<group>"; };
		66C0D0031AA5E9BB0070F311 /* CustomBadge.swift */ = {isa = PBXFileReference; fileEncoding = 4; lastKnownFileType = sourcecode.swift; path = CustomBadge.swift; sourceTree = "<group>"; };
		66E3D0A81A89073B00BC283C /* UIViewController+LetGo.swift */ = {isa = PBXFileReference; fileEncoding = 4; lastKnownFileType = sourcecode.swift; path = "UIViewController+LetGo.swift"; sourceTree = "<group>"; };
		66EF4AD01A8A046000D6F4D2 /* SellProductViewController.swift */ = {isa = PBXFileReference; fileEncoding = 4; lastKnownFileType = sourcecode.swift; path = SellProductViewController.swift; sourceTree = "<group>"; };
		66FC91161A921C700008AFAD /* LoginByEmailViewController.swift */ = {isa = PBXFileReference; fileEncoding = 4; lastKnownFileType = sourcecode.swift; path = LoginByEmailViewController.swift; sourceTree = "<group>"; };
		66FC91181A921C970008AFAD /* SignUpViewController.swift */ = {isa = PBXFileReference; fileEncoding = 4; lastKnownFileType = sourcecode.swift; path = SignUpViewController.swift; sourceTree = "<group>"; };
		66FC911A1A9238770008AFAD /* Icons-Buttons.xcassets */ = {isa = PBXFileReference; lastKnownFileType = folder.assetcatalog; path = "Icons-Buttons.xcassets"; sourceTree = "<group>"; };
		66FF4D761A95DC3F0095CBD6 /* ChangePasswordViewController.swift */ = {isa = PBXFileReference; fileEncoding = 4; lastKnownFileType = sourcecode.swift; path = ChangePasswordViewController.swift; sourceTree = "<group>"; };
		75A467CF339A7C8897FFFDCD /* libPods-Ambatana.a */ = {isa = PBXFileReference; explicitFileType = archive.ar; includeInIndex = 0; path = "libPods-Ambatana.a"; sourceTree = BUILT_PRODUCTS_DIR; };
		D43FF0241AB0737400757EED /* ProductLocationViewController.swift */ = {isa = PBXFileReference; fileEncoding = 4; lastKnownFileType = sourcecode.swift; path = ProductLocationViewController.swift; sourceTree = "<group>"; };
		D48183F51AB2FEBE00229DBF /* ProductCell.swift */ = {isa = PBXFileReference; fileEncoding = 4; lastKnownFileType = sourcecode.swift; path = ProductCell.swift; sourceTree = "<group>"; };
		D48183F61AB2FEBE00229DBF /* ProductCell.xib */ = {isa = PBXFileReference; fileEncoding = 4; lastKnownFileType = file.xib; path = ProductCell.xib; sourceTree = "<group>"; };
		DCE9C67541895BFFB3F852AD /* Pods-Ambatana.release.xcconfig */ = {isa = PBXFileReference; includeInIndex = 1; lastKnownFileType = text.xcconfig; name = "Pods-Ambatana.release.xcconfig"; path = "Pods/Target Support Files/Pods-Ambatana/Pods-Ambatana.release.xcconfig"; sourceTree = "<group>"; };
/* End PBXFileReference section */

/* Begin PBXFrameworksBuildPhase section */
		6608E0331A820FBD005895ED /* Frameworks */ = {
			isa = PBXFrameworksBuildPhase;
			buildActionMask = 2147483647;
			files = (
				66A0CFD01A83612500FAADF0 /* AudioToolbox.framework in Frameworks */,
				66A0CFD11A83612500FAADF0 /* CFNetwork.framework in Frameworks */,
				66A0CFD21A83612500FAADF0 /* CoreGraphics.framework in Frameworks */,
				66A0CFD31A83612500FAADF0 /* CoreLocation.framework in Frameworks */,
				66A0CFD41A83612500FAADF0 /* libsqlite3.dylib in Frameworks */,
				66A0CFD51A83612500FAADF0 /* libz.dylib in Frameworks */,
				66A0CFD61A83612500FAADF0 /* MobileCoreServices.framework in Frameworks */,
				66A0CFD71A83612500FAADF0 /* QuartzCore.framework in Frameworks */,
				66A0CFD81A83612500FAADF0 /* Security.framework in Frameworks */,
				66A0CFDA1A83612500FAADF0 /* SystemConfiguration.framework in Frameworks */,
				B21B3B6956F8367C5A52D277 /* libPods-Ambatana.a in Frameworks */,
			);
			runOnlyForDeploymentPostprocessing = 0;
		};
/* End PBXFrameworksBuildPhase section */

/* Begin PBXGroup section */
		64C1081049FDC4ED543B1297 /* Pods */ = {
			isa = PBXGroup;
			children = (
				2173E0C00DC4F94CD048F8E6 /* Pods-Ambatana.debug.xcconfig */,
				DCE9C67541895BFFB3F852AD /* Pods-Ambatana.release.xcconfig */,
			);
			name = Pods;
			sourceTree = "<group>";
		};
		6601BFBF1A8E5A7400A2C60B /* Settings */ = {
			isa = PBXGroup;
			children = (
				6601BFC01A8E5A8500A2C60B /* SettingsViewController.swift */,
				66FF4D761A95DC3F0095CBD6 /* ChangePasswordViewController.swift */,
			);
			name = Settings;
			sourceTree = "<group>";
		};
		6608E02D1A820FBD005895ED = {
			isa = PBXGroup;
			children = (
				6608E0381A820FBD005895ED /* LetGo */,
				6608E0371A820FBD005895ED /* Products */,
				64C1081049FDC4ED543B1297 /* Pods */,
				ABA47C14BB52140048297810 /* Frameworks */,
			);
			sourceTree = "<group>";
		};
		6608E0371A820FBD005895ED /* Products */ = {
			isa = PBXGroup;
			children = (
				6608E0361A820FBD005895ED /* Ambatana.app */,
			);
			name = Products;
			sourceTree = "<group>";
		};
		6608E0381A820FBD005895ED /* LetGo */ = {
			isa = PBXGroup;
			children = (
				6649D1661A8210AD000F6966 /* 3rd Party */,
				6649D1651A8210A6000F6966 /* Application */,
				6649D1671A8210B4000F6966 /* Assets & Resources */,
				66A0CF991A8244D100FAADF0 /* Extensions */,
				6649D16A1A8210D9000F6966 /* Model */,
				6649D1681A8210C9000F6966 /* Views & Controllers */,
				6608E0441A820FBD005895ED /* LaunchScreen.xib */,
				6608E0391A820FBD005895ED /* Supporting Files */,
			);
			name = LetGo;
			path = Ambatana;
			sourceTree = "<group>";
		};
		6608E0391A820FBD005895ED /* Supporting Files */ = {
			isa = PBXGroup;
			children = (
				6608E03A1A820FBD005895ED /* Info.plist */,
				66A509D91A947CAA001EECE9 /* Localizable.strings */,
			);
			name = "Supporting Files";
			sourceTree = "<group>";
		};
		66349B4D1AACAD0D00AE0FDF /* DLHamburguer */ = {
			isa = PBXGroup;
			children = (
				66349B4E1AACAD2200AE0FDF /* DLHamburguerViewController.swift */,
				66349B4F1AACAD2200AE0FDF /* DLHamburguerContainerViewController.swift */,
				66349B501AACAD2200AE0FDF /* DLHamburguerNavigationController.swift */,
			);
			name = DLHamburguer;
			sourceTree = "<group>";
		};
		6649D1651A8210A6000F6966 /* Application */ = {
			isa = PBXGroup;
			children = (
				66A0CF9F1A82533500FAADF0 /* Ambatana-Bridging-Header.h */,
				6608E03B1A820FBD005895ED /* AppDelegate.swift */,
			);
			name = Application;
			sourceTree = "<group>";
		};
		6649D1661A8210AD000F6966 /* 3rd Party */ = {
			isa = PBXGroup;
			children = (
				665713E71AADF14100B4721C /* DLImageResize */,
				66349B4D1AACAD0D00AE0FDF /* DLHamburguer */,
				66C0D0021AA5E9990070F311 /* Custom Badge */,
				66A0CFDB1A83616100FAADF0 /* Frameworks */,
			);
			name = "3rd Party";
			sourceTree = "<group>";
		};
		6649D1671A8210B4000F6966 /* Assets & Resources */ = {
			isa = PBXGroup;
			children = (
				6608E0421A820FBD005895ED /* Icons-Launchers.xcassets */,
				66911D961A8677E5006CFBE1 /* Backgrounds-and-Images.xcassets */,
				66FC911A1A9238770008AFAD /* Icons-Buttons.xcassets */,
			);
			name = "Assets & Resources";
			sourceTree = "<group>";
		};
		6649D1681A8210C9000F6966 /* Views & Controllers */ = {
			isa = PBXGroup;
			children = (
				66A0CFE61A83741700FAADF0 /* Chat */,
				66911D911A853A2E006CFBE1 /* Location */,
				6649D16D1A82214E000F6966 /* Login */,
				6608E03F1A820FBD005895ED /* Main.storyboard */,
				6649D16E1A822212000F6966 /* Products */,
				66A0CFDF1A8372CC00FAADF0 /* Profile */,
				66EF4ACF1A8A044F00D6F4D2 /* Sell Product */,
				6601BFBF1A8E5A7400A2C60B /* Settings */,
				6649D1711A8222E4000F6966 /* Structure */,
			);
			name = "Views & Controllers";
			sourceTree = "<group>";
		};
		6649D16A1A8210D9000F6966 /* Model */ = {
			isa = PBXGroup;
			children = (
				66A0CFE91A8386A800FAADF0 /* ConfigurationManager.swift */,
				66911D8D1A84B95C006CFBE1 /* LocationManager.swift */,
				669A0FAC1A8D0CF000B96EC8 /* CommonDataTypes.swift */,
				667562AE1A96380E00039151 /* ImageManager.swift */,
				6674FF7E1A9CA217006321C2 /* CurrencyManager.swift */,
				6622AD951A9F471A00C357DE /* ChatManager.swift */,
			);
			name = Model;
			sourceTree = "<group>";
		};
		6649D16D1A82214E000F6966 /* Login */ = {
			isa = PBXGroup;
			children = (
				6608E03D1A820FBD005895ED /* LoginViewController.swift */,
				66FC91161A921C700008AFAD /* LoginByEmailViewController.swift */,
				66FC91181A921C970008AFAD /* SignUpViewController.swift */,
			);
			name = Login;
			sourceTree = "<group>";
		};
		6649D16E1A822212000F6966 /* Products */ = {
			isa = PBXGroup;
			children = (
				6649D16F1A822232000F6966 /* ProductListViewController.swift */,
				66A0CFE71A83742900FAADF0 /* CategoriesViewController.swift */,
				66362F531A8B4DE500EC145E /* ShowProductViewController.swift */,
				669A0FAA1A8CC1F000B96EC8 /* PhotosInDetailViewController.swift */,
				D43FF0241AB0737400757EED /* ProductLocationViewController.swift */,
				D48183F51AB2FEBE00229DBF /* ProductCell.swift */,
				D48183F61AB2FEBE00229DBF /* ProductCell.xib */,
			);
			name = Products;
			sourceTree = "<group>";
		};
		6649D1711A8222E4000F6966 /* Structure */ = {
			isa = PBXGroup;
			children = (
				66A0CFB21A82548C00FAADF0 /* RootViewController.swift */,
				66A0CFB41A8262BB00FAADF0 /* MenuViewController.swift */,
			);
			name = Structure;
			sourceTree = "<group>";
		};
		665713E71AADF14100B4721C /* DLImageResize */ = {
			isa = PBXGroup;
			children = (
				665713E81AADF15800B4721C /* DLImageResizing.swift */,
			);
			name = DLImageResize;
			sourceTree = "<group>";
		};
		66911D911A853A2E006CFBE1 /* Location */ = {
			isa = PBXGroup;
			children = (
				66911D921A853A46006CFBE1 /* IndicateLocationViewController.swift */,
			);
			name = Location;
			sourceTree = "<group>";
		};
		66A0CF991A8244D100FAADF0 /* Extensions */ = {
			isa = PBXGroup;
			children = (
				66911D8F1A84BE72006CFBE1 /* CustomUtils.swift */,
				66E3D0A81A89073B00BC283C /* UIViewController+LetGo.swift */,
				66362F551A8B7C6300EC145E /* NSDate+RelativeTime.swift */,
				66362F571A8C9CC700EC145E /* MKMapView+ProductPin.swift */,
				66C056D61A97900800F7EEA8 /* PlaceholderTextView.swift */,
				6674FF891A9DF706006321C2 /* UIImage+Gradients.swift */,
				6667972D1A9E321100D8E831 /* CryptoUtils.swift */,
			);
			name = Extensions;
			sourceTree = "<group>";
		};
		66A0CFDB1A83616100FAADF0 /* Frameworks */ = {
			isa = PBXGroup;
			children = (
				66A0CFC51A83612500FAADF0 /* AudioToolbox.framework */,
				66A0CFC61A83612500FAADF0 /* CFNetwork.framework */,
				66A0CFC71A83612500FAADF0 /* CoreGraphics.framework */,
				66A0CFC81A83612500FAADF0 /* CoreLocation.framework */,
				66A0CFC91A83612500FAADF0 /* libsqlite3.dylib */,
				66A0CFCA1A83612500FAADF0 /* libz.dylib */,
				66A0CFCB1A83612500FAADF0 /* MobileCoreServices.framework */,
				66A0CFCC1A83612500FAADF0 /* QuartzCore.framework */,
				66A0CFCD1A83612500FAADF0 /* Security.framework */,
				66A0CFCF1A83612500FAADF0 /* SystemConfiguration.framework */,
			);
			name = Frameworks;
			sourceTree = "<group>";
		};
		66A0CFDF1A8372CC00FAADF0 /* Profile */ = {
			isa = PBXGroup;
			children = (
				66A0CFE21A8373F800FAADF0 /* EditProfileViewController.swift */,
			);
			name = Profile;
			sourceTree = "<group>";
		};
		66A0CFE61A83741700FAADF0 /* Chat */ = {
			isa = PBXGroup;
			children = (
				66A0CFE41A83740D00FAADF0 /* ChatViewController.swift */,
				667562B01A9749AE00039151 /* ChatListViewController.swift */,
				665BAB501A97D7B5005A8E19 /* MakeAnOfferViewController.swift */,
			);
			name = Chat;
			sourceTree = "<group>";
		};
		66C0D0021AA5E9990070F311 /* Custom Badge */ = {
			isa = PBXGroup;
			children = (
				66C0D0031AA5E9BB0070F311 /* CustomBadge.swift */,
			);
			name = "Custom Badge";
			sourceTree = "<group>";
		};
		66EF4ACF1A8A044F00D6F4D2 /* Sell Product */ = {
			isa = PBXGroup;
			children = (
				66EF4AD01A8A046000D6F4D2 /* SellProductViewController.swift */,
			);
			name = "Sell Product";
			sourceTree = "<group>";
		};
		ABA47C14BB52140048297810 /* Frameworks */ = {
			isa = PBXGroup;
			children = (
				75A467CF339A7C8897FFFDCD /* libPods-Ambatana.a */,
			);
			name = Frameworks;
			sourceTree = "<group>";
		};
/* End PBXGroup section */

/* Begin PBXNativeTarget section */
		6608E0351A820FBD005895ED /* Ambatana */ = {
			isa = PBXNativeTarget;
			buildConfigurationList = 6608E0551A820FBD005895ED /* Build configuration list for PBXNativeTarget "Ambatana" */;
			buildPhases = (
				B83B45874ABF15D2F25A4A5C /* Check Pods Manifest.lock */,
				6608E0321A820FBD005895ED /* Sources */,
				6608E0331A820FBD005895ED /* Frameworks */,
				6608E0341A820FBD005895ED /* Resources */,
				F42E20F4CEE14C5F2C05E195 /* Copy Pods Resources */,
			);
			buildRules = (
			);
			dependencies = (
			);
			name = Ambatana;
			productName = Ambatana;
			productReference = 6608E0361A820FBD005895ED /* Ambatana.app */;
			productType = "com.apple.product-type.application";
		};
/* End PBXNativeTarget section */

/* Begin PBXProject section */
		6608E02E1A820FBD005895ED /* Project object */ = {
			isa = PBXProject;
			attributes = {
				LastUpgradeCheck = 0620;
				ORGANIZATIONNAME = Ambatana;
				TargetAttributes = {
					6608E0351A820FBD005895ED = {
						CreatedOnToolsVersion = 6.1.1;
						DevelopmentTeam = 97P9DZHP78;
						SystemCapabilities = {
							com.apple.InAppPurchase = {
								enabled = 0;
							};
						};
					};
				};
			};
			buildConfigurationList = 6608E0311A820FBD005895ED /* Build configuration list for PBXProject "Ambatana" */;
			compatibilityVersion = "Xcode 3.2";
			developmentRegion = English;
			hasScannedForEncodings = 0;
			knownRegions = (
				en,
				Base,
				es,
			);
			mainGroup = 6608E02D1A820FBD005895ED;
			productRefGroup = 6608E0371A820FBD005895ED /* Products */;
			projectDirPath = "";
			projectRoot = "";
			targets = (
				6608E0351A820FBD005895ED /* Ambatana */,
			);
		};
/* End PBXProject section */

/* Begin PBXResourcesBuildPhase section */
		6608E0341A820FBD005895ED /* Resources */ = {
			isa = PBXResourcesBuildPhase;
			buildActionMask = 2147483647;
			files = (
				6608E0411A820FBD005895ED /* Main.storyboard in Resources */,
				D48183F81AB2FEBE00229DBF /* ProductCell.xib in Resources */,
				66A509D71A947CAA001EECE9 /* Localizable.strings in Resources */,
				66911D971A8677E5006CFBE1 /* Backgrounds-and-Images.xcassets in Resources */,
				6608E0461A820FBD005895ED /* LaunchScreen.xib in Resources */,
				6608E0431A820FBD005895ED /* Icons-Launchers.xcassets in Resources */,
				66FC911B1A9238770008AFAD /* Icons-Buttons.xcassets in Resources */,
			);
			runOnlyForDeploymentPostprocessing = 0;
		};
/* End PBXResourcesBuildPhase section */

/* Begin PBXShellScriptBuildPhase section */
		B83B45874ABF15D2F25A4A5C /* Check Pods Manifest.lock */ = {
			isa = PBXShellScriptBuildPhase;
			buildActionMask = 2147483647;
			files = (
			);
			inputPaths = (
			);
			name = "Check Pods Manifest.lock";
			outputPaths = (
			);
			runOnlyForDeploymentPostprocessing = 0;
			shellPath = /bin/sh;
			shellScript = "diff \"${PODS_ROOT}/../Podfile.lock\" \"${PODS_ROOT}/Manifest.lock\" > /dev/null\nif [[ $? != 0 ]] ; then\n    cat << EOM\nerror: The sandbox is not in sync with the Podfile.lock. Run 'pod install' or update your CocoaPods installation.\nEOM\n    exit 1\nfi\n";
			showEnvVarsInLog = 0;
		};
		F42E20F4CEE14C5F2C05E195 /* Copy Pods Resources */ = {
			isa = PBXShellScriptBuildPhase;
			buildActionMask = 2147483647;
			files = (
			);
			inputPaths = (
			);
			name = "Copy Pods Resources";
			outputPaths = (
			);
			runOnlyForDeploymentPostprocessing = 0;
			shellPath = /bin/sh;
			shellScript = "\"${SRCROOT}/Pods/Target Support Files/Pods-Ambatana/Pods-Ambatana-resources.sh\"\n";
			showEnvVarsInLog = 0;
		};
/* End PBXShellScriptBuildPhase section */

/* Begin PBXSourcesBuildPhase section */
		6608E0321A820FBD005895ED /* Sources */ = {
			isa = PBXSourcesBuildPhase;
			buildActionMask = 2147483647;
			files = (
				66349B511AACAD2200AE0FDF /* DLHamburguerViewController.swift in Sources */,
				6674FF7F1A9CA217006321C2 /* CurrencyManager.swift in Sources */,
				66911D901A84BE72006CFBE1 /* CustomUtils.swift in Sources */,
				D43FF0251AB0737400757EED /* ProductLocationViewController.swift in Sources */,
				667562AF1A96380E00039151 /* ImageManager.swift in Sources */,
				6608E03E1A820FBD005895ED /* LoginViewController.swift in Sources */,
				66C056D71A97900800F7EEA8 /* PlaceholderTextView.swift in Sources */,
				6674FF8A1A9DF706006321C2 /* UIImage+Gradients.swift in Sources */,
				667562B11A9749AE00039151 /* ChatListViewController.swift in Sources */,
				6649D1701A822232000F6966 /* ProductListViewController.swift in Sources */,
				66A0CFB31A82548C00FAADF0 /* RootViewController.swift in Sources */,
				665713E91AADF15800B4721C /* DLImageResizing.swift in Sources */,
				66A0CFE31A8373F800FAADF0 /* EditProfileViewController.swift in Sources */,
				665BAB511A97D7B5005A8E19 /* MakeAnOfferViewController.swift in Sources */,
				66FF4D771A95DC3F0095CBD6 /* ChangePasswordViewController.swift in Sources */,
				D48183F71AB2FEBE00229DBF /* ProductCell.swift in Sources */,
				66A0CFB51A8262BB00FAADF0 /* MenuViewController.swift in Sources */,
				66362F561A8B7C6300EC145E /* NSDate+RelativeTime.swift in Sources */,
				66349B531AACAD2200AE0FDF /* DLHamburguerNavigationController.swift in Sources */,
				66911D8E1A84B95C006CFBE1 /* LocationManager.swift in Sources */,
				66E3D0A91A89073B00BC283C /* UIViewController+LetGo.swift in Sources */,
				66362F541A8B4DE500EC145E /* ShowProductViewController.swift in Sources */,
				669A0FAD1A8D0CF000B96EC8 /* CommonDataTypes.swift in Sources */,
				66EF4AD11A8A046000D6F4D2 /* SellProductViewController.swift in Sources */,
				66FC91191A921C970008AFAD /* SignUpViewController.swift in Sources */,
				66A0CFEA1A8386A800FAADF0 /* ConfigurationManager.swift in Sources */,
				66911D931A853A46006CFBE1 /* IndicateLocationViewController.swift in Sources */,
				6608E03C1A820FBD005895ED /* AppDelegate.swift in Sources */,
				6667972E1A9E321100D8E831 /* CryptoUtils.swift in Sources */,
				66FC91171A921C700008AFAD /* LoginByEmailViewController.swift in Sources */,
				66A0CFE51A83740D00FAADF0 /* ChatViewController.swift in Sources */,
				669A0FAB1A8CC1F000B96EC8 /* PhotosInDetailViewController.swift in Sources */,
				66349B521AACAD2200AE0FDF /* DLHamburguerContainerViewController.swift in Sources */,
				66C0D0041AA5E9BB0070F311 /* CustomBadge.swift in Sources */,
				66A0CFE81A83742900FAADF0 /* CategoriesViewController.swift in Sources */,
				6622AD961A9F471A00C357DE /* ChatManager.swift in Sources */,
				66362F581A8C9CC700EC145E /* MKMapView+ProductPin.swift in Sources */,
				6601BFC11A8E5A8500A2C60B /* SettingsViewController.swift in Sources */,
			);
			runOnlyForDeploymentPostprocessing = 0;
		};
/* End PBXSourcesBuildPhase section */

/* Begin PBXVariantGroup section */
		6608E03F1A820FBD005895ED /* Main.storyboard */ = {
			isa = PBXVariantGroup;
			children = (
				6608E0401A820FBD005895ED /* Base */,
			);
			name = Main.storyboard;
			sourceTree = "<group>";
		};
		6608E0441A820FBD005895ED /* LaunchScreen.xib */ = {
			isa = PBXVariantGroup;
			children = (
				6608E0451A820FBD005895ED /* Base */,
			);
			name = LaunchScreen.xib;
			sourceTree = "<group>";
		};
		66A509D91A947CAA001EECE9 /* Localizable.strings */ = {
			isa = PBXVariantGroup;
			children = (
				66A509DB1A947CC9001EECE9 /* en */,
				66A509DC1A947CDD001EECE9 /* es */,
			);
			name = Localizable.strings;
			sourceTree = "<group>";
		};
/* End PBXVariantGroup section */

/* Begin XCBuildConfiguration section */
		6608E0531A820FBD005895ED /* Debug */ = {
			isa = XCBuildConfiguration;
			buildSettings = {
				ALWAYS_SEARCH_USER_PATHS = NO;
				CLANG_CXX_LANGUAGE_STANDARD = "gnu++0x";
				CLANG_CXX_LIBRARY = "libc++";
				CLANG_ENABLE_MODULES = YES;
				CLANG_ENABLE_OBJC_ARC = YES;
				CLANG_WARN_BOOL_CONVERSION = YES;
				CLANG_WARN_CONSTANT_CONVERSION = YES;
				CLANG_WARN_DIRECT_OBJC_ISA_USAGE = YES_ERROR;
				CLANG_WARN_EMPTY_BODY = YES;
				CLANG_WARN_ENUM_CONVERSION = YES;
				CLANG_WARN_INT_CONVERSION = YES;
				CLANG_WARN_OBJC_ROOT_CLASS = YES_ERROR;
				CLANG_WARN_UNREACHABLE_CODE = YES;
				CLANG_WARN__DUPLICATE_METHOD_MATCH = YES;
				COPY_PHASE_STRIP = NO;
				ENABLE_STRICT_OBJC_MSGSEND = YES;
				GCC_C_LANGUAGE_STANDARD = gnu99;
				GCC_DYNAMIC_NO_PIC = NO;
				GCC_OPTIMIZATION_LEVEL = 0;
				GCC_PREPROCESSOR_DEFINITIONS = (
					"DEBUG=1",
					"$(inherited)",
				);
				GCC_SYMBOLS_PRIVATE_EXTERN = NO;
				GCC_WARN_64_TO_32_BIT_CONVERSION = YES;
				GCC_WARN_ABOUT_RETURN_TYPE = YES_ERROR;
				GCC_WARN_UNDECLARED_SELECTOR = YES;
				GCC_WARN_UNINITIALIZED_AUTOS = YES_AGGRESSIVE;
				GCC_WARN_UNUSED_FUNCTION = YES;
				GCC_WARN_UNUSED_VARIABLE = YES;
				IPHONEOS_DEPLOYMENT_TARGET = 7.0;
				MTL_ENABLE_DEBUG_INFO = YES;
				ONLY_ACTIVE_ARCH = YES;
				SDKROOT = iphoneos;
				SWIFT_OPTIMIZATION_LEVEL = "-Onone";
			};
			name = Debug;
		};
		6608E0541A820FBD005895ED /* Release */ = {
			isa = XCBuildConfiguration;
			buildSettings = {
				ALWAYS_SEARCH_USER_PATHS = NO;
				CLANG_CXX_LANGUAGE_STANDARD = "gnu++0x";
				CLANG_CXX_LIBRARY = "libc++";
				CLANG_ENABLE_MODULES = YES;
				CLANG_ENABLE_OBJC_ARC = YES;
				CLANG_WARN_BOOL_CONVERSION = YES;
				CLANG_WARN_CONSTANT_CONVERSION = YES;
				CLANG_WARN_DIRECT_OBJC_ISA_USAGE = YES_ERROR;
				CLANG_WARN_EMPTY_BODY = YES;
				CLANG_WARN_ENUM_CONVERSION = YES;
				CLANG_WARN_INT_CONVERSION = YES;
				CLANG_WARN_OBJC_ROOT_CLASS = YES_ERROR;
				CLANG_WARN_UNREACHABLE_CODE = YES;
				CLANG_WARN__DUPLICATE_METHOD_MATCH = YES;
				COPY_PHASE_STRIP = YES;
				ENABLE_NS_ASSERTIONS = NO;
				ENABLE_STRICT_OBJC_MSGSEND = YES;
				GCC_C_LANGUAGE_STANDARD = gnu99;
				GCC_WARN_64_TO_32_BIT_CONVERSION = YES;
				GCC_WARN_ABOUT_RETURN_TYPE = YES_ERROR;
				GCC_WARN_UNDECLARED_SELECTOR = YES;
				GCC_WARN_UNINITIALIZED_AUTOS = YES_AGGRESSIVE;
				GCC_WARN_UNUSED_FUNCTION = YES;
				GCC_WARN_UNUSED_VARIABLE = YES;
				IPHONEOS_DEPLOYMENT_TARGET = 7.0;
				MTL_ENABLE_DEBUG_INFO = NO;
				SDKROOT = iphoneos;
				VALIDATE_PRODUCT = YES;
			};
			name = Release;
		};
		6608E0561A820FBD005895ED /* Debug */ = {
			isa = XCBuildConfiguration;
			baseConfigurationReference = 2173E0C00DC4F94CD048F8E6 /* Pods-Ambatana.debug.xcconfig */;
			buildSettings = {
				ASSETCATALOG_COMPILER_APPICON_NAME = AppIcon;
				ASSETCATALOG_COMPILER_LAUNCHIMAGE_NAME = LaunchImage;
				CLANG_ENABLE_MODULES = YES;
				CODE_SIGN_IDENTITY = "iPhone Developer";
				FRAMEWORK_SEARCH_PATHS = (
					"$(inherited)",
					"$(PROJECT_DIR)/Ambatana",
				);
				INFOPLIST_FILE = Ambatana/Info.plist;
				IPHONEOS_DEPLOYMENT_TARGET = 7.0;
				LD_RUNPATH_SEARCH_PATHS = "$(inherited) @executable_path/Frameworks";
				PRODUCT_NAME = "$(TARGET_NAME)";
				SWIFT_OBJC_BRIDGING_HEADER = "Ambatana/Ambatana-Bridging-Header.h";
				SWIFT_OPTIMIZATION_LEVEL = "-Onone";
			};
			name = Debug;
		};
		6608E0571A820FBD005895ED /* Release */ = {
			isa = XCBuildConfiguration;
			baseConfigurationReference = DCE9C67541895BFFB3F852AD /* Pods-Ambatana.release.xcconfig */;
			buildSettings = {
				ASSETCATALOG_COMPILER_APPICON_NAME = AppIcon;
				ASSETCATALOG_COMPILER_LAUNCHIMAGE_NAME = LaunchImage;
				CLANG_ENABLE_MODULES = YES;
				CODE_SIGN_IDENTITY = "iPhone Developer";
				FRAMEWORK_SEARCH_PATHS = (
					"$(inherited)",
					"$(PROJECT_DIR)/Ambatana",
				);
				INFOPLIST_FILE = Ambatana/Info.plist;
				IPHONEOS_DEPLOYMENT_TARGET = 7.0;
				LD_RUNPATH_SEARCH_PATHS = "$(inherited) @executable_path/Frameworks";
				PRODUCT_NAME = "$(TARGET_NAME)";
				SWIFT_OBJC_BRIDGING_HEADER = "Ambatana/Ambatana-Bridging-Header.h";
			};
			name = Release;
		};
/* End XCBuildConfiguration section */

/* Begin XCConfigurationList section */
		6608E0311A820FBD005895ED /* Build configuration list for PBXProject "Ambatana" */ = {
			isa = XCConfigurationList;
			buildConfigurations = (
				6608E0531A820FBD005895ED /* Debug */,
				6608E0541A820FBD005895ED /* Release */,
			);
			defaultConfigurationIsVisible = 0;
			defaultConfigurationName = Release;
		};
		6608E0551A820FBD005895ED /* Build configuration list for PBXNativeTarget "Ambatana" */ = {
			isa = XCConfigurationList;
			buildConfigurations = (
				6608E0561A820FBD005895ED /* Debug */,
				6608E0571A820FBD005895ED /* Release */,
			);
			defaultConfigurationIsVisible = 0;
			defaultConfigurationName = Release;
		};
/* End XCConfigurationList section */
	};
	rootObject = 6608E02E1A820FBD005895ED /* Project object */;
}
