// !$*UTF8*$!
{
	archiveVersion = 1;
	classes = {
	};
	objectVersion = 48;
	objects = {

/* Begin PBXBuildFile section */
		1C1D225F1FFD8F4600BC0316 /* SignUpViewController.swift in Sources */ = {isa = PBXBuildFile; fileRef = 1C1D225E1FFD8F4600BC0316 /* SignUpViewController.swift */; };
		1C1D22611FFD8F6A00BC0316 /* SignUpView.swift in Sources */ = {isa = PBXBuildFile; fileRef = 1C1D22601FFD8F6A00BC0316 /* SignUpView.swift */; };
		1C1D22631FFD8FC700BC0316 /* Assembly+SignUp.swift in Sources */ = {isa = PBXBuildFile; fileRef = 1C1D22621FFD8FC700BC0316 /* Assembly+SignUp.swift */; };
		1C1D22661FFDA4D900BC0316 /* SignUpRouter.swift in Sources */ = {isa = PBXBuildFile; fileRef = 1C1D22651FFDA4D900BC0316 /* SignUpRouter.swift */; };
		1C1D22731FFE55D100BC0316 /* SignUpViewModelType.swift in Sources */ = {isa = PBXBuildFile; fileRef = 1C1D22721FFE55D100BC0316 /* SignUpViewModelType.swift */; };
		1C1D22751FFE56ED00BC0316 /* SignUpViewModel.swift in Sources */ = {isa = PBXBuildFile; fileRef = 1C1D22741FFE56ED00BC0316 /* SignUpViewModel.swift */; };
		1C1D22771FFEBFE900BC0316 /* SignUpViewBinder.swift in Sources */ = {isa = PBXBuildFile; fileRef = 1C1D22761FFEBFE900BC0316 /* SignUpViewBinder.swift */; };
		1C1D228A1FFED9F800BC0316 /* Login.strings in Resources */ = {isa = PBXBuildFile; fileRef = 1C1D228C1FFED9F800BC0316 /* Login.strings */; };
		1C1D228D1FFED9FB00BC0316 /* NotLogged.strings in Resources */ = {isa = PBXBuildFile; fileRef = 1C1D228F1FFED9FB00BC0316 /* NotLogged.strings */; };
		1C1D22931FFEDC4A00BC0316 /* SignUpViewSpec.swift in Sources */ = {isa = PBXBuildFile; fileRef = 1C1D22921FFEDC4A00BC0316 /* SignUpViewSpec.swift */; };
		1C7B83B51FFFA10E00EE5CAC /* SignUpViewModelSpec.swift in Sources */ = {isa = PBXBuildFile; fileRef = 1C7B83B41FFFA10E00EE5CAC /* SignUpViewModelSpec.swift */; };
		1C7B83B81FFFA3A100EE5CAC /* RegisterUserStub.swift in Sources */ = {isa = PBXBuildFile; fileRef = 1C7B83B71FFFA3A100EE5CAC /* RegisterUserStub.swift */; };
		1C7B83BB1FFFABC400EE5CAC /* AuthenticateStub.swift in Sources */ = {isa = PBXBuildFile; fileRef = 1C7B83BA1FFFABC400EE5CAC /* AuthenticateStub.swift */; };
		1C7B83DB2001865100EE5CAC /* LoginViewBinder.swift in Sources */ = {isa = PBXBuildFile; fileRef = 1C7B83DA2001865100EE5CAC /* LoginViewBinder.swift */; };
		1C7DD9891FF66C41009C574E /* SignUp.framework in Frameworks */ = {isa = PBXBuildFile; fileRef = 1C7DD97F1FF66C41009C574E /* SignUp.framework */; };
		1C7DD9901FF66C41009C574E /* SignUp.h in Headers */ = {isa = PBXBuildFile; fileRef = 1C7DD9821FF66C41009C574E /* SignUp.h */; settings = {ATTRIBUTES = (Public, ); }; };
		1C7F4C541FF95B47001BEB62 /* LoginViewModelSpec.swift in Sources */ = {isa = PBXBuildFile; fileRef = 1C7F4C531FF95B47001BEB62 /* LoginViewModelSpec.swift */; };
		1C7F4C571FF95DFE001BEB62 /* LoginViewModelType.swift in Sources */ = {isa = PBXBuildFile; fileRef = 1C7F4C561FF95DFE001BEB62 /* LoginViewModelType.swift */; };
		1C7F4C7E1FFC4954001BEB62 /* NotLoggedViewController.swift in Sources */ = {isa = PBXBuildFile; fileRef = 1C7F4C7D1FFC4954001BEB62 /* NotLoggedViewController.swift */; };
		1C7F4C801FFC4980001BEB62 /* NotLoggedView.swift in Sources */ = {isa = PBXBuildFile; fileRef = 1C7F4C7F1FFC4980001BEB62 /* NotLoggedView.swift */; };
		1C7F4C821FFC4ADA001BEB62 /* Assets.xcassets in Resources */ = {isa = PBXBuildFile; fileRef = 1C7F4C811FFC4ADA001BEB62 /* Assets.xcassets */; };
		1C7F4C841FFC4E49001BEB62 /* Assembly+NotLogged.swift in Sources */ = {isa = PBXBuildFile; fileRef = 1C7F4C831FFC4E49001BEB62 /* Assembly+NotLogged.swift */; };
		1C7F4C9B1FFC6405001BEB62 /* NotLoggedViewSpec.swift in Sources */ = {isa = PBXBuildFile; fileRef = 1C7F4C9A1FFC6405001BEB62 /* NotLoggedViewSpec.swift */; };
		1C7F4C9C1FFC643E001BEB62 /* Assets.xcassets in Resources */ = {isa = PBXBuildFile; fileRef = 1C7F4C811FFC4ADA001BEB62 /* Assets.xcassets */; };
		1C7F4C9F1FFCF14B001BEB62 /* NotLoggedViewModel.swift in Sources */ = {isa = PBXBuildFile; fileRef = 1C7F4C9E1FFCF14B001BEB62 /* NotLoggedViewModel.swift */; };
		1C7F4CA11FFCF172001BEB62 /* NotLoggedViewModelType.swift in Sources */ = {isa = PBXBuildFile; fileRef = 1C7F4CA01FFCF172001BEB62 /* NotLoggedViewModelType.swift */; };
		1C7F4CA41FFCF716001BEB62 /* LoginRouter.swift in Sources */ = {isa = PBXBuildFile; fileRef = 1C7F4CA31FFCF716001BEB62 /* LoginRouter.swift */; };
		1CACD9D51FF66F8000538B78 /* LoginViewController.swift in Sources */ = {isa = PBXBuildFile; fileRef = 1CACD9D41FF66F8000538B78 /* LoginViewController.swift */; };
		1CACD9DC1FF6703200538B78 /* LoginViewModel.swift in Sources */ = {isa = PBXBuildFile; fileRef = 1CACD9DB1FF6703200538B78 /* LoginViewModel.swift */; };
		1CACD9E61FF67C3400538B78 /* Assembly+Login.swift in Sources */ = {isa = PBXBuildFile; fileRef = 1CACD9E51FF67C3400538B78 /* Assembly+Login.swift */; };
		1CACDA3D1FF68DF900538B78 /* LoginView.swift in Sources */ = {isa = PBXBuildFile; fileRef = 1CACDA3C1FF68DF900538B78 /* LoginView.swift */; };
		1CACDA491FF6949F00538B78 /* SignUp.strings in Resources */ = {isa = PBXBuildFile; fileRef = 1CACDA4B1FF6949F00538B78 /* SignUp.strings */; };
		1CACDA4E1FF698E100538B78 /* Table.swift in Sources */ = {isa = PBXBuildFile; fileRef = 1CACDA4D1FF698E100538B78 /* Table.swift */; };
		2ECA1F1C21285556001A3167 /* Domain.framework in Frameworks */ = {isa = PBXBuildFile; fileRef = 2ECA1F1B21285556001A3167 /* Domain.framework */; };
		2ECA1F1E21285562001A3167 /* Application.framework in Frameworks */ = {isa = PBXBuildFile; fileRef = 2ECA1F1D21285562001A3167 /* Application.framework */; };
/* End PBXBuildFile section */

/* Begin PBXContainerItemProxy section */
		1C7DD98A1FF66C41009C574E /* PBXContainerItemProxy */ = {
			isa = PBXContainerItemProxy;
			containerPortal = 1C7DD9761FF66C41009C574E /* Project object */;
			proxyType = 1;
			remoteGlobalIDString = 1C7DD97E1FF66C41009C574E;
			remoteInfo = SignUp;
		};
/* End PBXContainerItemProxy section */

/* Begin PBXFileReference section */
		1C1D225E1FFD8F4600BC0316 /* SignUpViewController.swift */ = {isa = PBXFileReference; lastKnownFileType = sourcecode.swift; path = SignUpViewController.swift; sourceTree = "<group>"; };
		1C1D22601FFD8F6A00BC0316 /* SignUpView.swift */ = {isa = PBXFileReference; lastKnownFileType = sourcecode.swift; path = SignUpView.swift; sourceTree = "<group>"; };
		1C1D22621FFD8FC700BC0316 /* Assembly+SignUp.swift */ = {isa = PBXFileReference; lastKnownFileType = sourcecode.swift; path = "Assembly+SignUp.swift"; sourceTree = "<group>"; };
		1C1D22651FFDA4D900BC0316 /* SignUpRouter.swift */ = {isa = PBXFileReference; lastKnownFileType = sourcecode.swift; path = SignUpRouter.swift; sourceTree = "<group>"; };
		1C1D22721FFE55D100BC0316 /* SignUpViewModelType.swift */ = {isa = PBXFileReference; lastKnownFileType = sourcecode.swift; path = SignUpViewModelType.swift; sourceTree = "<group>"; };
		1C1D22741FFE56ED00BC0316 /* SignUpViewModel.swift */ = {isa = PBXFileReference; lastKnownFileType = sourcecode.swift; path = SignUpViewModel.swift; sourceTree = "<group>"; };
		1C1D22761FFEBFE900BC0316 /* SignUpViewBinder.swift */ = {isa = PBXFileReference; lastKnownFileType = sourcecode.swift; path = SignUpViewBinder.swift; sourceTree = "<group>"; };
		1C1D228B1FFED9F800BC0316 /* en */ = {isa = PBXFileReference; lastKnownFileType = text.plist.strings; name = en; path = en.lproj/Login.strings; sourceTree = "<group>"; };
		1C1D228E1FFED9FB00BC0316 /* en */ = {isa = PBXFileReference; lastKnownFileType = text.plist.strings; name = en; path = en.lproj/NotLogged.strings; sourceTree = "<group>"; };
		1C1D22921FFEDC4A00BC0316 /* SignUpViewSpec.swift */ = {isa = PBXFileReference; lastKnownFileType = sourcecode.swift; path = SignUpViewSpec.swift; sourceTree = "<group>"; };
		1C7B83B41FFFA10E00EE5CAC /* SignUpViewModelSpec.swift */ = {isa = PBXFileReference; lastKnownFileType = sourcecode.swift; path = SignUpViewModelSpec.swift; sourceTree = "<group>"; };
		1C7B83B71FFFA3A100EE5CAC /* RegisterUserStub.swift */ = {isa = PBXFileReference; lastKnownFileType = sourcecode.swift; path = RegisterUserStub.swift; sourceTree = "<group>"; };
		1C7B83BA1FFFABC400EE5CAC /* AuthenticateStub.swift */ = {isa = PBXFileReference; lastKnownFileType = sourcecode.swift; path = AuthenticateStub.swift; sourceTree = "<group>"; };
		1C7B83DA2001865100EE5CAC /* LoginViewBinder.swift */ = {isa = PBXFileReference; lastKnownFileType = sourcecode.swift; path = LoginViewBinder.swift; sourceTree = "<group>"; };
		1C7DD97F1FF66C41009C574E /* SignUp.framework */ = {isa = PBXFileReference; explicitFileType = wrapper.framework; includeInIndex = 0; path = SignUp.framework; sourceTree = BUILT_PRODUCTS_DIR; };
		1C7DD9821FF66C41009C574E /* SignUp.h */ = {isa = PBXFileReference; lastKnownFileType = sourcecode.c.h; path = SignUp.h; sourceTree = "<group>"; };
		1C7DD9831FF66C41009C574E /* Info.plist */ = {isa = PBXFileReference; lastKnownFileType = text.plist.xml; path = Info.plist; sourceTree = "<group>"; };
		1C7DD9881FF66C41009C574E /* SignUpTests.xctest */ = {isa = PBXFileReference; explicitFileType = wrapper.cfbundle; includeInIndex = 0; path = SignUpTests.xctest; sourceTree = BUILT_PRODUCTS_DIR; };
		1C7DD98F1FF66C41009C574E /* Info.plist */ = {isa = PBXFileReference; lastKnownFileType = text.plist.xml; path = Info.plist; sourceTree = "<group>"; };
		1C7F4C531FF95B47001BEB62 /* LoginViewModelSpec.swift */ = {isa = PBXFileReference; lastKnownFileType = sourcecode.swift; path = LoginViewModelSpec.swift; sourceTree = "<group>"; };
		1C7F4C561FF95DFE001BEB62 /* LoginViewModelType.swift */ = {isa = PBXFileReference; fileEncoding = 4; lastKnownFileType = sourcecode.swift; path = LoginViewModelType.swift; sourceTree = "<group>"; };
		1C7F4C7D1FFC4954001BEB62 /* NotLoggedViewController.swift */ = {isa = PBXFileReference; lastKnownFileType = sourcecode.swift; path = NotLoggedViewController.swift; sourceTree = "<group>"; };
		1C7F4C7F1FFC4980001BEB62 /* NotLoggedView.swift */ = {isa = PBXFileReference; lastKnownFileType = sourcecode.swift; path = NotLoggedView.swift; sourceTree = "<group>"; };
		1C7F4C811FFC4ADA001BEB62 /* Assets.xcassets */ = {isa = PBXFileReference; lastKnownFileType = folder.assetcatalog; path = Assets.xcassets; sourceTree = "<group>"; };
		1C7F4C831FFC4E49001BEB62 /* Assembly+NotLogged.swift */ = {isa = PBXFileReference; lastKnownFileType = sourcecode.swift; path = "Assembly+NotLogged.swift"; sourceTree = "<group>"; };
		1C7F4C9A1FFC6405001BEB62 /* NotLoggedViewSpec.swift */ = {isa = PBXFileReference; lastKnownFileType = sourcecode.swift; path = NotLoggedViewSpec.swift; sourceTree = "<group>"; };
		1C7F4C9E1FFCF14B001BEB62 /* NotLoggedViewModel.swift */ = {isa = PBXFileReference; lastKnownFileType = sourcecode.swift; path = NotLoggedViewModel.swift; sourceTree = "<group>"; };
		1C7F4CA01FFCF172001BEB62 /* NotLoggedViewModelType.swift */ = {isa = PBXFileReference; lastKnownFileType = sourcecode.swift; path = NotLoggedViewModelType.swift; sourceTree = "<group>"; };
		1C7F4CA31FFCF716001BEB62 /* LoginRouter.swift */ = {isa = PBXFileReference; lastKnownFileType = sourcecode.swift; path = LoginRouter.swift; sourceTree = "<group>"; };
		1CACD9D41FF66F8000538B78 /* LoginViewController.swift */ = {isa = PBXFileReference; lastKnownFileType = sourcecode.swift; path = LoginViewController.swift; sourceTree = "<group>"; };
		1CACD9DB1FF6703200538B78 /* LoginViewModel.swift */ = {isa = PBXFileReference; lastKnownFileType = sourcecode.swift; path = LoginViewModel.swift; sourceTree = "<group>"; };
		1CACD9E51FF67C3400538B78 /* Assembly+Login.swift */ = {isa = PBXFileReference; lastKnownFileType = sourcecode.swift; path = "Assembly+Login.swift"; sourceTree = "<group>"; };
		1CACDA3C1FF68DF900538B78 /* LoginView.swift */ = {isa = PBXFileReference; lastKnownFileType = sourcecode.swift; path = LoginView.swift; sourceTree = "<group>"; };
		1CACDA4A1FF6949F00538B78 /* en */ = {isa = PBXFileReference; lastKnownFileType = text.plist.strings; name = en; path = en.lproj/SignUp.strings; sourceTree = "<group>"; };
		1CACDA4D1FF698E100538B78 /* Table.swift */ = {isa = PBXFileReference; lastKnownFileType = sourcecode.swift; path = Table.swift; sourceTree = "<group>"; };
		1CACDA621FF69B8C00538B78 /* Data.framework */ = {isa = PBXFileReference; explicitFileType = wrapper.framework; path = Data.framework; sourceTree = BUILT_PRODUCTS_DIR; };
		2ECA1F1B21285556001A3167 /* Domain.framework */ = {isa = PBXFileReference; explicitFileType = wrapper.framework; path = Domain.framework; sourceTree = BUILT_PRODUCTS_DIR; };
		2ECA1F1D21285562001A3167 /* Application.framework */ = {isa = PBXFileReference; explicitFileType = wrapper.framework; path = Application.framework; sourceTree = BUILT_PRODUCTS_DIR; };
/* End PBXFileReference section */

/* Begin PBXFrameworksBuildPhase section */
		1C7DD97B1FF66C41009C574E /* Frameworks */ = {
			isa = PBXFrameworksBuildPhase;
			buildActionMask = 2147483647;
			files = (
				2ECA1F1E21285562001A3167 /* Application.framework in Frameworks */,
				2ECA1F1C21285556001A3167 /* Domain.framework in Frameworks */,
			);
			runOnlyForDeploymentPostprocessing = 0;
		};
		1C7DD9851FF66C41009C574E /* Frameworks */ = {
			isa = PBXFrameworksBuildPhase;
			buildActionMask = 2147483647;
			files = (
				1C7DD9891FF66C41009C574E /* SignUp.framework in Frameworks */,
			);
			runOnlyForDeploymentPostprocessing = 0;
		};
/* End PBXFrameworksBuildPhase section */

/* Begin PBXGroup section */
		1C1D225B1FFD8EF400BC0316 /* Sign Up */ = {
			isa = PBXGroup;
			children = (
				1C1D22711FFE55C400BC0316 /* View Model */,
				1C1D225D1FFD8F1400BC0316 /* View */,
				1C1D22641FFDA4CB00BC0316 /* Router */,
			);
			path = "Sign Up";
			sourceTree = "<group>";
		};
		1C1D225C1FFD8F0A00BC0316 /* View Controller */ = {
			isa = PBXGroup;
			children = (
				1C1D22601FFD8F6A00BC0316 /* SignUpView.swift */,
				1C1D225E1FFD8F4600BC0316 /* SignUpViewController.swift */,
				1C1D22761FFEBFE900BC0316 /* SignUpViewBinder.swift */,
			);
			path = "View Controller";
			sourceTree = "<group>";
		};
		1C1D225D1FFD8F1400BC0316 /* View */ = {
			isa = PBXGroup;
			children = (
				1C1D225C1FFD8F0A00BC0316 /* View Controller */,
			);
			path = View;
			sourceTree = "<group>";
		};
		1C1D22641FFDA4CB00BC0316 /* Router */ = {
			isa = PBXGroup;
			children = (
				1C1D22651FFDA4D900BC0316 /* SignUpRouter.swift */,
			);
			path = Router;
			sourceTree = "<group>";
		};
		1C1D22711FFE55C400BC0316 /* View Model */ = {
			isa = PBXGroup;
			children = (
				1C1D22741FFE56ED00BC0316 /* SignUpViewModel.swift */,
				1C1D22721FFE55D100BC0316 /* SignUpViewModelType.swift */,
			);
			path = "View Model";
			sourceTree = "<group>";
		};
		1C7B83B11FFFA0ED00EE5CAC /* Sign Up */ = {
			isa = PBXGroup;
			children = (
				1C7B83B31FFFA10000EE5CAC /* View Model */,
			);
			path = "Sign Up";
			sourceTree = "<group>";
		};
		1C7B83B31FFFA10000EE5CAC /* View Model */ = {
			isa = PBXGroup;
			children = (
				1C7B83B41FFFA10E00EE5CAC /* SignUpViewModelSpec.swift */,
				1C7B83B61FFFA39300EE5CAC /* Test Doubles */,
			);
			path = "View Model";
			sourceTree = "<group>";
		};
		1C7B83B61FFFA39300EE5CAC /* Test Doubles */ = {
			isa = PBXGroup;
			children = (
				1C7B83B71FFFA3A100EE5CAC /* RegisterUserStub.swift */,
			);
			path = "Test Doubles";
			sourceTree = "<group>";
		};
		1C7B83B91FFFABB400EE5CAC /* Test Doubles */ = {
			isa = PBXGroup;
			children = (
				1C7B83BA1FFFABC400EE5CAC /* AuthenticateStub.swift */,
			);
			path = "Test Doubles";
			sourceTree = "<group>";
		};
		1C7DD9751FF66C41009C574E = {
			isa = PBXGroup;
			children = (
				1C7DD9811FF66C41009C574E /* SignUp */,
				1C7DD98C1FF66C41009C574E /* SignUpTests */,
				1C7DD9801FF66C41009C574E /* Products */,
				1CACD9DD1FF6713000538B78 /* Frameworks */,
			);
			sourceTree = "<group>";
		};
		1C7DD9801FF66C41009C574E /* Products */ = {
			isa = PBXGroup;
			children = (
				1C7DD97F1FF66C41009C574E /* SignUp.framework */,
				1C7DD9881FF66C41009C574E /* SignUpTests.xctest */,
			);
			name = Products;
			sourceTree = "<group>";
		};
		1C7DD9811FF66C41009C574E /* SignUp */ = {
			isa = PBXGroup;
			children = (
				1CACD9C91FF66E6500538B78 /* Features */,
				1CACD9E31FF67C1A00538B78 /* Infrastructure */,
				1CACD9C81FF66E0000538B78 /* Resources */,
			);
			path = SignUp;
			sourceTree = "<group>";
		};
		1C7DD98C1FF66C41009C574E /* SignUpTests */ = {
			isa = PBXGroup;
			children = (
				1C7F4C501FF95B1A001BEB62 /* Features */,
				1C7F4C991FFC63F7001BEB62 /* Snapshot */,
				1C7DD98F1FF66C41009C574E /* Info.plist */,
			);
			path = SignUpTests;
			sourceTree = "<group>";
		};
		1C7F4C501FF95B1A001BEB62 /* Features */ = {
			isa = PBXGroup;
			children = (
				1C7F4C511FF95B26001BEB62 /* Login */,
				1C7B83B11FFFA0ED00EE5CAC /* Sign Up */,
			);
			path = Features;
			sourceTree = "<group>";
		};
		1C7F4C511FF95B26001BEB62 /* Login */ = {
			isa = PBXGroup;
			children = (
				1C7F4C521FF95B34001BEB62 /* View Model */,
			);
			path = Login;
			sourceTree = "<group>";
		};
		1C7F4C521FF95B34001BEB62 /* View Model */ = {
			isa = PBXGroup;
			children = (
				1C7F4C531FF95B47001BEB62 /* LoginViewModelSpec.swift */,
				1C7B83B91FFFABB400EE5CAC /* Test Doubles */,
			);
			path = "View Model";
			sourceTree = "<group>";
		};
		1C7F4C791FFC492D001BEB62 /* Not Logged */ = {
			isa = PBXGroup;
			children = (
				1C7F4C9D1FFCF13B001BEB62 /* View Model */,
				1C7F4C7B1FFC4941001BEB62 /* View */,
			);
			path = "Not Logged";
			sourceTree = "<group>";
		};
		1C7F4C7B1FFC4941001BEB62 /* View */ = {
			isa = PBXGroup;
			children = (
				1C7F4C7C1FFC4941001BEB62 /* View Controller */,
			);
			path = View;
			sourceTree = "<group>";
		};
		1C7F4C7C1FFC4941001BEB62 /* View Controller */ = {
			isa = PBXGroup;
			children = (
				1C7F4C7F1FFC4980001BEB62 /* NotLoggedView.swift */,
				1C7F4C7D1FFC4954001BEB62 /* NotLoggedViewController.swift */,
			);
			path = "View Controller";
			sourceTree = "<group>";
		};
		1C7F4C991FFC63F7001BEB62 /* Snapshot */ = {
			isa = PBXGroup;
			children = (
				1C7F4C9A1FFC6405001BEB62 /* NotLoggedViewSpec.swift */,
				1C1D22921FFEDC4A00BC0316 /* SignUpViewSpec.swift */,
			);
			path = Snapshot;
			sourceTree = "<group>";
		};
		1C7F4C9D1FFCF13B001BEB62 /* View Model */ = {
			isa = PBXGroup;
			children = (
				1C7F4C9E1FFCF14B001BEB62 /* NotLoggedViewModel.swift */,
				1C7F4CA01FFCF172001BEB62 /* NotLoggedViewModelType.swift */,
			);
			path = "View Model";
			sourceTree = "<group>";
		};
		1C7F4CA21FFCF707001BEB62 /* Router */ = {
			isa = PBXGroup;
			children = (
				1C7F4CA31FFCF716001BEB62 /* LoginRouter.swift */,
			);
			path = Router;
			sourceTree = "<group>";
		};
		1CACD9C81FF66E0000538B78 /* Resources */ = {
			isa = PBXGroup;
			children = (
				1C7F4C811FFC4ADA001BEB62 /* Assets.xcassets */,
				1CACDA421FF6915C00538B78 /* Languages */,
				1C7DD9821FF66C41009C574E /* SignUp.h */,
				1C7DD9831FF66C41009C574E /* Info.plist */,
			);
			path = Resources;
			sourceTree = "<group>";
		};
		1CACD9C91FF66E6500538B78 /* Features */ = {
			isa = PBXGroup;
			children = (
				1C7F4C791FFC492D001BEB62 /* Not Logged */,
				1CACD9CA1FF66E6500538B78 /* Login */,
				1C1D225B1FFD8EF400BC0316 /* Sign Up */,
			);
			path = Features;
			sourceTree = "<group>";
		};
		1CACD9CA1FF66E6500538B78 /* Login */ = {
			isa = PBXGroup;
			children = (
				1CACDA741FF7B1D900538B78 /* View Model */,
				1CACD9D21FF66F6600538B78 /* View */,
				1C7F4CA21FFCF707001BEB62 /* Router */,
			);
			path = Login;
			sourceTree = "<group>";
		};
		1CACD9D21FF66F6600538B78 /* View */ = {
			isa = PBXGroup;
			children = (
				1CACD9D31FF66F7400538B78 /* View Controller */,
			);
			path = View;
			sourceTree = "<group>";
		};
		1CACD9D31FF66F7400538B78 /* View Controller */ = {
			isa = PBXGroup;
			children = (
				1CACDA3C1FF68DF900538B78 /* LoginView.swift */,
				1CACD9D41FF66F8000538B78 /* LoginViewController.swift */,
				1C7B83DA2001865100EE5CAC /* LoginViewBinder.swift */,
			);
			path = "View Controller";
			sourceTree = "<group>";
		};
		1CACD9DD1FF6713000538B78 /* Frameworks */ = {
			isa = PBXGroup;
			children = (
				2ECA1F1D21285562001A3167 /* Application.framework */,
				2ECA1F1B21285556001A3167 /* Domain.framework */,
				1CACDA621FF69B8C00538B78 /* Data.framework */,
			);
			name = Frameworks;
			sourceTree = "<group>";
		};
		1CACD9E31FF67C1A00538B78 /* Infrastructure */ = {
			isa = PBXGroup;
			children = (
				1CACD9E41FF67C2700538B78 /* Assembly */,
			);
			path = Infrastructure;
			sourceTree = "<group>";
		};
		1CACD9E41FF67C2700538B78 /* Assembly */ = {
			isa = PBXGroup;
			children = (
				1C7F4C831FFC4E49001BEB62 /* Assembly+NotLogged.swift */,
				1CACD9E51FF67C3400538B78 /* Assembly+Login.swift */,
				1C1D22621FFD8FC700BC0316 /* Assembly+SignUp.swift */,
			);
			path = Assembly;
			sourceTree = "<group>";
		};
		1CACDA421FF6915C00538B78 /* Languages */ = {
			isa = PBXGroup;
			children = (
				1CACDA4D1FF698E100538B78 /* Table.swift */,
				1CACDA4B1FF6949F00538B78 /* SignUp.strings */,
				1C1D228C1FFED9F800BC0316 /* Login.strings */,
				1C1D228F1FFED9FB00BC0316 /* NotLogged.strings */,
			);
			path = Languages;
			sourceTree = "<group>";
		};
		1CACDA741FF7B1D900538B78 /* View Model */ = {
			isa = PBXGroup;
			children = (
				1CACD9DB1FF6703200538B78 /* LoginViewModel.swift */,
				1C7F4C561FF95DFE001BEB62 /* LoginViewModelType.swift */,
			);
			path = "View Model";
			sourceTree = "<group>";
		};
/* End PBXGroup section */

/* Begin PBXHeadersBuildPhase section */
		1C7DD97C1FF66C41009C574E /* Headers */ = {
			isa = PBXHeadersBuildPhase;
			buildActionMask = 2147483647;
			files = (
				1C7DD9901FF66C41009C574E /* SignUp.h in Headers */,
			);
			runOnlyForDeploymentPostprocessing = 0;
		};
/* End PBXHeadersBuildPhase section */

/* Begin PBXNativeTarget section */
		1C7DD97E1FF66C41009C574E /* SignUp */ = {
			isa = PBXNativeTarget;
			buildConfigurationList = 1C7DD9931FF66C41009C574E /* Build configuration list for PBXNativeTarget "SignUp" */;
			buildPhases = (
				1C7DD97A1FF66C41009C574E /* Sources */,
				1C7DD97B1FF66C41009C574E /* Frameworks */,
				1C7DD97C1FF66C41009C574E /* Headers */,
				1C7DD97D1FF66C41009C574E /* Resources */,
				1CACD9CB1FF66E8600538B78 /* [Carthage] - Copy frameworks */,
			);
			buildRules = (
			);
			dependencies = (
			);
			name = SignUp;
			productName = SignUp;
			productReference = 1C7DD97F1FF66C41009C574E /* SignUp.framework */;
			productType = "com.apple.product-type.framework";
		};
		1C7DD9871FF66C41009C574E /* SignUpTests */ = {
			isa = PBXNativeTarget;
			buildConfigurationList = 1C7DD9961FF66C41009C574E /* Build configuration list for PBXNativeTarget "SignUpTests" */;
			buildPhases = (
				1C7DD9841FF66C41009C574E /* Sources */,
				1C7DD9851FF66C41009C574E /* Frameworks */,
				1C7DD9861FF66C41009C574E /* Resources */,
			);
			buildRules = (
			);
			dependencies = (
				1C7DD98B1FF66C41009C574E /* PBXTargetDependency */,
			);
			name = SignUpTests;
			productName = SignUpTests;
			productReference = 1C7DD9881FF66C41009C574E /* SignUpTests.xctest */;
			productType = "com.apple.product-type.bundle.unit-test";
		};
/* End PBXNativeTarget section */

/* Begin PBXProject section */
		1C7DD9761FF66C41009C574E /* Project object */ = {
			isa = PBXProject;
			attributes = {
				LastSwiftUpdateCheck = 0920;
				LastUpgradeCheck = 0940;
				ORGANIZATIONNAME = Skydev;
				TargetAttributes = {
					1C7DD97E1FF66C41009C574E = {
						CreatedOnToolsVersion = 9.2;
						LastSwiftMigration = 0920;
						ProvisioningStyle = Automatic;
					};
					1C7DD9871FF66C41009C574E = {
						CreatedOnToolsVersion = 9.2;
						LastSwiftMigration = 0920;
						ProvisioningStyle = Automatic;
					};
				};
			};
			buildConfigurationList = 1C7DD9791FF66C41009C574E /* Build configuration list for PBXProject "SignUp" */;
			compatibilityVersion = "Xcode 8.0";
			developmentRegion = en;
			hasScannedForEncodings = 0;
			knownRegions = (
				en,
				Base,
			);
			mainGroup = 1C7DD9751FF66C41009C574E;
			productRefGroup = 1C7DD9801FF66C41009C574E /* Products */;
			projectDirPath = "";
			projectRoot = "";
			targets = (
				1C7DD97E1FF66C41009C574E /* SignUp */,
				1C7DD9871FF66C41009C574E /* SignUpTests */,
			);
		};
/* End PBXProject section */

/* Begin PBXResourcesBuildPhase section */
		1C7DD97D1FF66C41009C574E /* Resources */ = {
			isa = PBXResourcesBuildPhase;
			buildActionMask = 2147483647;
			files = (
				1C1D228D1FFED9FB00BC0316 /* NotLogged.strings in Resources */,
				1C7F4C821FFC4ADA001BEB62 /* Assets.xcassets in Resources */,
				1C1D228A1FFED9F800BC0316 /* Login.strings in Resources */,
				1CACDA491FF6949F00538B78 /* SignUp.strings in Resources */,
			);
			runOnlyForDeploymentPostprocessing = 0;
		};
		1C7DD9861FF66C41009C574E /* Resources */ = {
			isa = PBXResourcesBuildPhase;
			buildActionMask = 2147483647;
			files = (
				1C7F4C9C1FFC643E001BEB62 /* Assets.xcassets in Resources */,
			);
			runOnlyForDeploymentPostprocessing = 0;
		};
/* End PBXResourcesBuildPhase section */

/* Begin PBXShellScriptBuildPhase section */
		1CACD9CB1FF66E8600538B78 /* [Carthage] - Copy frameworks */ = {
			isa = PBXShellScriptBuildPhase;
			buildActionMask = 2147483647;
			files = (
			);
			inputPaths = (
				"$(SRCROOT)/../../../../Carthage/Build/iOS/RxSwift.framework",
			);
			name = "[Carthage] - Copy frameworks";
			outputPaths = (
			);
			runOnlyForDeploymentPostprocessing = 0;
			shellPath = /bin/sh;
			shellScript = "/usr/local/bin/carthage copy-frameworks";
		};
/* End PBXShellScriptBuildPhase section */

/* Begin PBXSourcesBuildPhase section */
		1C7DD97A1FF66C41009C574E /* Sources */ = {
			isa = PBXSourcesBuildPhase;
			buildActionMask = 2147483647;
			files = (
				1C7F4CA11FFCF172001BEB62 /* NotLoggedViewModelType.swift in Sources */,
				1C1D22731FFE55D100BC0316 /* SignUpViewModelType.swift in Sources */,
				1C7F4C9F1FFCF14B001BEB62 /* NotLoggedViewModel.swift in Sources */,
				1C7F4CA41FFCF716001BEB62 /* LoginRouter.swift in Sources */,
				1C1D22751FFE56ED00BC0316 /* SignUpViewModel.swift in Sources */,
				1C7F4C7E1FFC4954001BEB62 /* NotLoggedViewController.swift in Sources */,
				1C1D22661FFDA4D900BC0316 /* SignUpRouter.swift in Sources */,
				1C1D22631FFD8FC700BC0316 /* Assembly+SignUp.swift in Sources */,
				1C7B83DB2001865100EE5CAC /* LoginViewBinder.swift in Sources */,
				1CACDA3D1FF68DF900538B78 /* LoginView.swift in Sources */,
				1CACDA4E1FF698E100538B78 /* Table.swift in Sources */,
				1CACD9DC1FF6703200538B78 /* LoginViewModel.swift in Sources */,
				1C7F4C801FFC4980001BEB62 /* NotLoggedView.swift in Sources */,
				1CACD9E61FF67C3400538B78 /* Assembly+Login.swift in Sources */,
				1C7F4C841FFC4E49001BEB62 /* Assembly+NotLogged.swift in Sources */,
				1C1D22611FFD8F6A00BC0316 /* SignUpView.swift in Sources */,
				1C7F4C571FF95DFE001BEB62 /* LoginViewModelType.swift in Sources */,
				1C1D225F1FFD8F4600BC0316 /* SignUpViewController.swift in Sources */,
				1C1D22771FFEBFE900BC0316 /* SignUpViewBinder.swift in Sources */,
				1CACD9D51FF66F8000538B78 /* LoginViewController.swift in Sources */,
			);
			runOnlyForDeploymentPostprocessing = 0;
		};
		1C7DD9841FF66C41009C574E /* Sources */ = {
			isa = PBXSourcesBuildPhase;
			buildActionMask = 2147483647;
			files = (
				1C1D22931FFEDC4A00BC0316 /* SignUpViewSpec.swift in Sources */,
				1C7B83B51FFFA10E00EE5CAC /* SignUpViewModelSpec.swift in Sources */,
				1C7F4C541FF95B47001BEB62 /* LoginViewModelSpec.swift in Sources */,
				1C7B83B81FFFA3A100EE5CAC /* RegisterUserStub.swift in Sources */,
				1C7B83BB1FFFABC400EE5CAC /* AuthenticateStub.swift in Sources */,
				1C7F4C9B1FFC6405001BEB62 /* NotLoggedViewSpec.swift in Sources */,
			);
			runOnlyForDeploymentPostprocessing = 0;
		};
/* End PBXSourcesBuildPhase section */

/* Begin PBXTargetDependency section */
		1C7DD98B1FF66C41009C574E /* PBXTargetDependency */ = {
			isa = PBXTargetDependency;
			target = 1C7DD97E1FF66C41009C574E /* SignUp */;
			targetProxy = 1C7DD98A1FF66C41009C574E /* PBXContainerItemProxy */;
		};
/* End PBXTargetDependency section */

/* Begin PBXVariantGroup section */
		1C1D228C1FFED9F800BC0316 /* Login.strings */ = {
			isa = PBXVariantGroup;
			children = (
				1C1D228B1FFED9F800BC0316 /* en */,
			);
			name = Login.strings;
			sourceTree = "<group>";
		};
		1C1D228F1FFED9FB00BC0316 /* NotLogged.strings */ = {
			isa = PBXVariantGroup;
			children = (
				1C1D228E1FFED9FB00BC0316 /* en */,
			);
			name = NotLogged.strings;
			sourceTree = "<group>";
		};
		1CACDA4B1FF6949F00538B78 /* SignUp.strings */ = {
			isa = PBXVariantGroup;
			children = (
				1CACDA4A1FF6949F00538B78 /* en */,
			);
			name = SignUp.strings;
			sourceTree = "<group>";
		};
/* End PBXVariantGroup section */

/* Begin XCBuildConfiguration section */
		1C7DD9911FF66C41009C574E /* Debug */ = {
			isa = XCBuildConfiguration;
			buildSettings = {
				ALWAYS_SEARCH_USER_PATHS = NO;
				CLANG_ANALYZER_NONNULL = YES;
				CLANG_ANALYZER_NUMBER_OBJECT_CONVERSION = YES_AGGRESSIVE;
				CLANG_CXX_LANGUAGE_STANDARD = "gnu++14";
				CLANG_CXX_LIBRARY = "libc++";
				CLANG_ENABLE_MODULES = YES;
				CLANG_ENABLE_OBJC_ARC = YES;
				CLANG_WARN_BLOCK_CAPTURE_AUTORELEASING = YES;
				CLANG_WARN_BOOL_CONVERSION = YES;
				CLANG_WARN_COMMA = YES;
				CLANG_WARN_CONSTANT_CONVERSION = YES;
				CLANG_WARN_DEPRECATED_OBJC_IMPLEMENTATIONS = YES;
				CLANG_WARN_DIRECT_OBJC_ISA_USAGE = YES_ERROR;
				CLANG_WARN_DOCUMENTATION_COMMENTS = YES;
				CLANG_WARN_EMPTY_BODY = YES;
				CLANG_WARN_ENUM_CONVERSION = YES;
				CLANG_WARN_INFINITE_RECURSION = YES;
				CLANG_WARN_INT_CONVERSION = YES;
				CLANG_WARN_NON_LITERAL_NULL_CONVERSION = YES;
				CLANG_WARN_OBJC_IMPLICIT_RETAIN_SELF = YES;
				CLANG_WARN_OBJC_LITERAL_CONVERSION = YES;
				CLANG_WARN_OBJC_ROOT_CLASS = YES_ERROR;
				CLANG_WARN_RANGE_LOOP_ANALYSIS = YES;
				CLANG_WARN_STRICT_PROTOTYPES = YES;
				CLANG_WARN_SUSPICIOUS_MOVE = YES;
				CLANG_WARN_UNGUARDED_AVAILABILITY = YES_AGGRESSIVE;
				CLANG_WARN_UNREACHABLE_CODE = YES;
				CLANG_WARN__DUPLICATE_METHOD_MATCH = YES;
				CODE_SIGN_IDENTITY = "iPhone Developer";
				COPY_PHASE_STRIP = NO;
				CURRENT_PROJECT_VERSION = 1;
				DEBUG_INFORMATION_FORMAT = dwarf;
				ENABLE_STRICT_OBJC_MSGSEND = YES;
				ENABLE_TESTABILITY = YES;
				GCC_C_LANGUAGE_STANDARD = gnu11;
				GCC_DYNAMIC_NO_PIC = NO;
				GCC_NO_COMMON_BLOCKS = YES;
				GCC_OPTIMIZATION_LEVEL = 0;
				GCC_PREPROCESSOR_DEFINITIONS = (
					"DEBUG=1",
					"$(inherited)",
				);
				GCC_WARN_64_TO_32_BIT_CONVERSION = YES;
				GCC_WARN_ABOUT_RETURN_TYPE = YES_ERROR;
				GCC_WARN_UNDECLARED_SELECTOR = YES;
				GCC_WARN_UNINITIALIZED_AUTOS = YES_AGGRESSIVE;
				GCC_WARN_UNUSED_FUNCTION = YES;
				GCC_WARN_UNUSED_VARIABLE = YES;
				IPHONEOS_DEPLOYMENT_TARGET = 11.0;
				MTL_ENABLE_DEBUG_INFO = YES;
				ONLY_ACTIVE_ARCH = YES;
				SDKROOT = iphoneos;
				SWIFT_ACTIVE_COMPILATION_CONDITIONS = DEBUG;
				SWIFT_OPTIMIZATION_LEVEL = "-Onone";
				VERSIONING_SYSTEM = "apple-generic";
				VERSION_INFO_PREFIX = "";
			};
			name = Debug;
		};
		1C7DD9921FF66C41009C574E /* Release */ = {
			isa = XCBuildConfiguration;
			buildSettings = {
				ALWAYS_SEARCH_USER_PATHS = NO;
				CLANG_ANALYZER_NONNULL = YES;
				CLANG_ANALYZER_NUMBER_OBJECT_CONVERSION = YES_AGGRESSIVE;
				CLANG_CXX_LANGUAGE_STANDARD = "gnu++14";
				CLANG_CXX_LIBRARY = "libc++";
				CLANG_ENABLE_MODULES = YES;
				CLANG_ENABLE_OBJC_ARC = YES;
				CLANG_WARN_BLOCK_CAPTURE_AUTORELEASING = YES;
				CLANG_WARN_BOOL_CONVERSION = YES;
				CLANG_WARN_COMMA = YES;
				CLANG_WARN_CONSTANT_CONVERSION = YES;
				CLANG_WARN_DEPRECATED_OBJC_IMPLEMENTATIONS = YES;
				CLANG_WARN_DIRECT_OBJC_ISA_USAGE = YES_ERROR;
				CLANG_WARN_DOCUMENTATION_COMMENTS = YES;
				CLANG_WARN_EMPTY_BODY = YES;
				CLANG_WARN_ENUM_CONVERSION = YES;
				CLANG_WARN_INFINITE_RECURSION = YES;
				CLANG_WARN_INT_CONVERSION = YES;
				CLANG_WARN_NON_LITERAL_NULL_CONVERSION = YES;
				CLANG_WARN_OBJC_IMPLICIT_RETAIN_SELF = YES;
				CLANG_WARN_OBJC_LITERAL_CONVERSION = YES;
				CLANG_WARN_OBJC_ROOT_CLASS = YES_ERROR;
				CLANG_WARN_RANGE_LOOP_ANALYSIS = YES;
				CLANG_WARN_STRICT_PROTOTYPES = YES;
				CLANG_WARN_SUSPICIOUS_MOVE = YES;
				CLANG_WARN_UNGUARDED_AVAILABILITY = YES_AGGRESSIVE;
				CLANG_WARN_UNREACHABLE_CODE = YES;
				CLANG_WARN__DUPLICATE_METHOD_MATCH = YES;
				CODE_SIGN_IDENTITY = "iPhone Developer";
				COPY_PHASE_STRIP = NO;
				CURRENT_PROJECT_VERSION = 1;
				DEBUG_INFORMATION_FORMAT = "dwarf-with-dsym";
				ENABLE_NS_ASSERTIONS = NO;
				ENABLE_STRICT_OBJC_MSGSEND = YES;
				GCC_C_LANGUAGE_STANDARD = gnu11;
				GCC_NO_COMMON_BLOCKS = YES;
				GCC_WARN_64_TO_32_BIT_CONVERSION = YES;
				GCC_WARN_ABOUT_RETURN_TYPE = YES_ERROR;
				GCC_WARN_UNDECLARED_SELECTOR = YES;
				GCC_WARN_UNINITIALIZED_AUTOS = YES_AGGRESSIVE;
				GCC_WARN_UNUSED_FUNCTION = YES;
				GCC_WARN_UNUSED_VARIABLE = YES;
				IPHONEOS_DEPLOYMENT_TARGET = 11.0;
				MTL_ENABLE_DEBUG_INFO = NO;
				SDKROOT = iphoneos;
				SWIFT_OPTIMIZATION_LEVEL = "-Owholemodule";
				VALIDATE_PRODUCT = YES;
				VERSIONING_SYSTEM = "apple-generic";
				VERSION_INFO_PREFIX = "";
			};
			name = Release;
		};
		1C7DD9941FF66C41009C574E /* Debug */ = {
			isa = XCBuildConfiguration;
			buildSettings = {
				CLANG_ENABLE_MODULES = YES;
				CODE_SIGN_IDENTITY = "";
				CODE_SIGN_STYLE = Automatic;
				DEFINES_MODULE = YES;
				DEVELOPMENT_TEAM = 3ZGLM2XX3U;
				DYLIB_COMPATIBILITY_VERSION = 1;
				DYLIB_CURRENT_VERSION = 1;
				DYLIB_INSTALL_NAME_BASE = "@rpath";
				FRAMEWORK_SEARCH_PATHS = "\"$(SRCROOT)/../../../../Carthage/Build/iOS\"";
				INFOPLIST_FILE = SignUp/Resources/Info.plist;
				INSTALL_PATH = "$(LOCAL_LIBRARY_DIR)/Frameworks";
				LD_RUNPATH_SEARCH_PATHS = "$(inherited) @executable_path/Frameworks @loader_path/Frameworks";
				PRODUCT_BUNDLE_IDENTIFIER = in.skydev.SignUp;
				PRODUCT_NAME = "$(TARGET_NAME:c99extidentifier)";
				SKIP_INSTALL = YES;
				SWIFT_OPTIMIZATION_LEVEL = "-Onone";
				SWIFT_VERSION = 4.0;
				TARGETED_DEVICE_FAMILY = 1;
			};
			name = Debug;
		};
		1C7DD9951FF66C41009C574E /* Release */ = {
			isa = XCBuildConfiguration;
			buildSettings = {
				CLANG_ENABLE_MODULES = YES;
				CODE_SIGN_IDENTITY = "";
				CODE_SIGN_STYLE = Automatic;
				DEFINES_MODULE = YES;
				DEVELOPMENT_TEAM = 3ZGLM2XX3U;
				DYLIB_COMPATIBILITY_VERSION = 1;
				DYLIB_CURRENT_VERSION = 1;
				DYLIB_INSTALL_NAME_BASE = "@rpath";
				FRAMEWORK_SEARCH_PATHS = "\"$(SRCROOT)/../../../../Carthage/Build/iOS\"";
				INFOPLIST_FILE = SignUp/Resources/Info.plist;
				INSTALL_PATH = "$(LOCAL_LIBRARY_DIR)/Frameworks";
				LD_RUNPATH_SEARCH_PATHS = "$(inherited) @executable_path/Frameworks @loader_path/Frameworks";
				PRODUCT_BUNDLE_IDENTIFIER = in.skydev.SignUp;
				PRODUCT_NAME = "$(TARGET_NAME:c99extidentifier)";
				SKIP_INSTALL = YES;
				SWIFT_VERSION = 4.0;
				TARGETED_DEVICE_FAMILY = 1;
			};
			name = Release;
		};
		1C7DD9971FF66C41009C574E /* Debug */ = {
			isa = XCBuildConfiguration;
			buildSettings = {
				ALWAYS_EMBED_SWIFT_STANDARD_LIBRARIES = YES;
				CLANG_ENABLE_MODULES = YES;
				CODE_SIGN_STYLE = Automatic;
				DEVELOPMENT_TEAM = 3ZGLM2XX3U;
				FRAMEWORK_SEARCH_PATHS = "\"$(SRCROOT)/../../../../Carthage/Build/iOS\"";
				INFOPLIST_FILE = SignUpTests/Info.plist;
				LD_RUNPATH_SEARCH_PATHS = "$(inherited) @executable_path/Frameworks @loader_path/Frameworks \"$(SRCROOT)/../../../../Carthage/Build/iOS\"";
				PRODUCT_BUNDLE_IDENTIFIER = in.skydev.SignUpTests;
				PRODUCT_NAME = "$(TARGET_NAME)";
				SWIFT_OPTIMIZATION_LEVEL = "-Onone";
				SWIFT_VERSION = 4.0;
				TARGETED_DEVICE_FAMILY = "1,2";
			};
			name = Debug;
		};
		1C7DD9981FF66C41009C574E /* Release */ = {
			isa = XCBuildConfiguration;
			buildSettings = {
				ALWAYS_EMBED_SWIFT_STANDARD_LIBRARIES = YES;
				CLANG_ENABLE_MODULES = YES;
				CODE_SIGN_STYLE = Automatic;
				DEVELOPMENT_TEAM = 3ZGLM2XX3U;
				FRAMEWORK_SEARCH_PATHS = "\"$(SRCROOT)/../../../../Carthage/Build/iOS\"";
				INFOPLIST_FILE = SignUpTests/Info.plist;
				LD_RUNPATH_SEARCH_PATHS = "$(inherited) @executable_path/Frameworks @loader_path/Frameworks \"$(SRCROOT)/../../../../Carthage/Build/iOS\"";
				PRODUCT_BUNDLE_IDENTIFIER = in.skydev.SignUpTests;
				PRODUCT_NAME = "$(TARGET_NAME)";
				SWIFT_VERSION = 4.0;
				TARGETED_DEVICE_FAMILY = "1,2";
			};
			name = Release;
		};
/* End XCBuildConfiguration section */

/* Begin XCConfigurationList section */
		1C7DD9791FF66C41009C574E /* Build configuration list for PBXProject "SignUp" */ = {
			isa = XCConfigurationList;
			buildConfigurations = (
				1C7DD9911FF66C41009C574E /* Debug */,
				1C7DD9921FF66C41009C574E /* Release */,
			);
			defaultConfigurationIsVisible = 0;
			defaultConfigurationName = Release;
		};
		1C7DD9931FF66C41009C574E /* Build configuration list for PBXNativeTarget "SignUp" */ = {
			isa = XCConfigurationList;
			buildConfigurations = (
				1C7DD9941FF66C41009C574E /* Debug */,
				1C7DD9951FF66C41009C574E /* Release */,
			);
			defaultConfigurationIsVisible = 0;
			defaultConfigurationName = Release;
		};
		1C7DD9961FF66C41009C574E /* Build configuration list for PBXNativeTarget "SignUpTests" */ = {
			isa = XCConfigurationList;
			buildConfigurations = (
				1C7DD9971FF66C41009C574E /* Debug */,
				1C7DD9981FF66C41009C574E /* Release */,
			);
			defaultConfigurationIsVisible = 0;
			defaultConfigurationName = Release;
		};
/* End XCConfigurationList section */
	};
	rootObject = 1C7DD9761FF66C41009C574E /* Project object */;
}
